PODS:
  - AVOSCloud (3.4.0)
  - AVOSCloudIM (3.4.0):
    - AVOSCloud (= 3.4.0)
    - AVOSCloudIM/_ARC (= 3.4.0)
    - AVOSCloudIM/_NOARC (= 3.4.0)
  - AVOSCloudIM/_ARC (3.4.0):
    - AVOSCloud (= 3.4.0)
    - AVOSCloudIM/_NOARC (= 3.4.0)
  - AVOSCloudIM/_NOARC (3.4.0):
    - AVOSCloud (= 3.4.0)
  - Charts/Core (3.0.1)
  - Charts/Realm (3.0.1):
    - Charts/Core
    - RealmSwift (~> 1.1)
  - CircleMenu (1.0.7)
  - CVCalendar (1.4.0)
  - JVFloatLabeledTextField (1.1.1)
  - Realm (1.1.0):
    - Realm/Headers (= 1.1.0)
  - Realm/Headers (1.1.0)
  - RealmSwift (1.1.0):
    - Realm (= 1.1.0)
  - ScrollableGraphView (2.0.0)

DEPENDENCIES:
  - AVOSCloud
  - AVOSCloudIM
  - Charts/Realm
  - CircleMenu (~> 1.0.0)
  - CVCalendar (~> 1.4.0)
  - JVFloatLabeledTextField
  - Realm
  - RealmSwift
  - ScrollableGraphView

SPEC CHECKSUMS:
  AVOSCloud: 771c8d77bc9b9f2cc8ac2eb4b58eaf368337ac95
  AVOSCloudIM: 288597efc0cff96620fc380ea146ccf89a8a8d48
  Charts: 0e84f4418e87dad6a9edde221fba37ebb51d3ba7
  CircleMenu: ddd8000fe2774497c367b8f6fcc2354a9a28f4db
  CVCalendar: ec1a06a508f99d8e5067258754f811a8a1433a3f
  JVFloatLabeledTextField: 0e5524b097f102036214dd8279edc8ecf08b5e18
  Realm: ceecf1a4540c4ce9efe196fe73fa9855bce05bd8
  RealmSwift: 838058b2db95b12cb86bd0cf209df642c33fb60a
  ScrollableGraphView: b91f73335220890103a43a33d9fb8d93c547a86d

PODFILE CHECKSUM: 349a2a70b28b891fbdb33108d93a55a6746fc418

COCOAPODS: 1.2.0
