// !$*UTF8*$!
{
	archiveVersion = 1;
	classes = {
	};
	objectVersion = 46;
	objects = {

/* Begin PBXBuildFile section */
		4F41F0D14FD0B49AF7D0984C /* Pods.framework in Frameworks */ = {isa = PBXBuildFile; fileRef = 5EF9819A6B2B4D25EAAD9811 /* Pods.framework */; };
		E6AD9D891C4C5F28004F6437 /* AppDelegate.swift in Sources */ = {isa = PBXBuildFile; fileRef = E6AD9D881C4C5F28004F6437 /* AppDelegate.swift */; };
		E6AD9D8B1C4C5F28004F6437 /* FirstViewController.swift in Sources */ = {isa = PBXBuildFile; fileRef = E6AD9D8A1C4C5F28004F6437 /* FirstViewController.swift */; };
		E6AD9D8D1C4C5F28004F6437 /* SecondViewController.swift in Sources */ = {isa = PBXBuildFile; fileRef = E6AD9D8C1C4C5F28004F6437 /* SecondViewController.swift */; };
		E6AD9D901C4C5F28004F6437 /* Main.storyboard in Resources */ = {isa = PBXBuildFile; fileRef = E6AD9D8E1C4C5F28004F6437 /* Main.storyboard */; };
		E6AD9D921C4C5F28004F6437 /* Assets.xcassets in Resources */ = {isa = PBXBuildFile; fileRef = E6AD9D911C4C5F28004F6437 /* Assets.xcassets */; };
		E6AD9D951C4C5F28004F6437 /* LaunchScreen.storyboard in Resources */ = {isa = PBXBuildFile; fileRef = E6AD9D931C4C5F28004F6437 /* LaunchScreen.storyboard */; };
		E6AD9DA01C4C5F28004F6437 /* GymWorkoutManagerTests.swift in Sources */ = {isa = PBXBuildFile; fileRef = E6AD9D9F1C4C5F28004F6437 /* GymWorkoutManagerTests.swift */; };
		E6AD9DAB1C4C5F28004F6437 /* GymWorkoutManagerUITests.swift in Sources */ = {isa = PBXBuildFile; fileRef = E6AD9DAA1C4C5F28004F6437 /* GymWorkoutManagerUITests.swift */; };
		E6D0A0F91C4C6B2200F43DB5 /* iPad_App_iOS5-6_72pt.png in Resources */ = {isa = PBXBuildFile; fileRef = E6D0A0DC1C4C6B2200F43DB5 /* iPad_App_iOS5-6_72pt.png */; };
		E6D0A0FA1C4C6B2200F43DB5 /* iPad_App_iOS5-6_72pt@2x.png in Resources */ = {isa = PBXBuildFile; fileRef = E6D0A0DD1C4C6B2200F43DB5 /* iPad_App_iOS5-6_72pt@2x.png */; };
		E6D0A0FB1C4C6B2200F43DB5 /* iPad_App_iOS7-9_76pt.png in Resources */ = {isa = PBXBuildFile; fileRef = E6D0A0DE1C4C6B2200F43DB5 /* iPad_App_iOS7-9_76pt.png */; };
		E6D0A0FC1C4C6B2200F43DB5 /* iPad_App_iOS7-9_76pt@2x.png in Resources */ = {isa = PBXBuildFile; fileRef = E6D0A0DF1C4C6B2200F43DB5 /* iPad_App_iOS7-9_76pt@2x.png */; };
		E6D0A0FD1C4C6B2200F43DB5 /* iPad_Pro_App_iOS9_83.5pt@2x.png in Resources */ = {isa = PBXBuildFile; fileRef = E6D0A0E01C4C6B2200F43DB5 /* iPad_Pro_App_iOS9_83.5pt@2x.png */; };
		E6D0A0FE1C4C6B2200F43DB5 /* iPad_Settings_iOS5-9_29pt.png in Resources */ = {isa = PBXBuildFile; fileRef = E6D0A0E11C4C6B2200F43DB5 /* iPad_Settings_iOS5-9_29pt.png */; };
		E6D0A0FF1C4C6B2200F43DB5 /* iPad_Settings_iOS5-9_29pt@2x.png in Resources */ = {isa = PBXBuildFile; fileRef = E6D0A0E21C4C6B2200F43DB5 /* iPad_Settings_iOS5-9_29pt@2x.png */; };
		E6D0A1001C4C6B2200F43DB5 /* iPad_Spotlight_iOS5-6_50pt.png in Resources */ = {isa = PBXBuildFile; fileRef = E6D0A0E31C4C6B2200F43DB5 /* iPad_Spotlight_iOS5-6_50pt.png */; };
		E6D0A1011C4C6B2200F43DB5 /* iPad_Spotlight_iOS5-6_50pt@2x.png in Resources */ = {isa = PBXBuildFile; fileRef = E6D0A0E41C4C6B2200F43DB5 /* iPad_Spotlight_iOS5-6_50pt@2x.png */; };
		E6D0A1021C4C6B2200F43DB5 /* iPad_Spotlight_iOS7-9_40pt.png in Resources */ = {isa = PBXBuildFile; fileRef = E6D0A0E51C4C6B2200F43DB5 /* iPad_Spotlight_iOS7-9_40pt.png */; };
		E6D0A1031C4C6B2200F43DB5 /* iPad_Spotlight_iOS7-9_40pt@2x.png in Resources */ = {isa = PBXBuildFile; fileRef = E6D0A0E61C4C6B2200F43DB5 /* iPad_Spotlight_iOS7-9_40pt@2x.png */; };
		E6D0A1041C4C6B2200F43DB5 /* iPhone_App_iOS5-6_57pt.png in Resources */ = {isa = PBXBuildFile; fileRef = E6D0A0E81C4C6B2200F43DB5 /* iPhone_App_iOS5-6_57pt.png */; };
		E6D0A1051C4C6B2200F43DB5 /* iPhone_App_iOS5-6_57pt@2x.png in Resources */ = {isa = PBXBuildFile; fileRef = E6D0A0E91C4C6B2200F43DB5 /* iPhone_App_iOS5-6_57pt@2x.png */; };
		E6D0A1061C4C6B2200F43DB5 /* iPhone_App_iOS7-9_60pt@2x.png in Resources */ = {isa = PBXBuildFile; fileRef = E6D0A0EA1C4C6B2200F43DB5 /* iPhone_App_iOS7-9_60pt@2x.png */; };
		E6D0A1071C4C6B2200F43DB5 /* iPhone_App_iOS7-9_60pt@3x.png in Resources */ = {isa = PBXBuildFile; fileRef = E6D0A0EB1C4C6B2200F43DB5 /* iPhone_App_iOS7-9_60pt@3x.png */; };
		E6D0A1081C4C6B2200F43DB5 /* iPhone_Settings_iOS5-9_29pt@2x.png in Resources */ = {isa = PBXBuildFile; fileRef = E6D0A0EC1C4C6B2200F43DB5 /* iPhone_Settings_iOS5-9_29pt@2x.png */; };
		E6D0A1091C4C6B2200F43DB5 /* iPhone_Settings_iOS5-9_29pt@3x.png in Resources */ = {isa = PBXBuildFile; fileRef = E6D0A0ED1C4C6B2200F43DB5 /* iPhone_Settings_iOS5-9_29pt@3x.png */; };
		E6D0A10A1C4C6B2200F43DB5 /* iPhone_Spotlight_iOS5-6_29pt.png in Resources */ = {isa = PBXBuildFile; fileRef = E6D0A0EE1C4C6B2200F43DB5 /* iPhone_Spotlight_iOS5-6_29pt.png */; };
		E6D0A10B1C4C6B2200F43DB5 /* iPhone_Spotlight_iOS7-9_40pt@2x.png in Resources */ = {isa = PBXBuildFile; fileRef = E6D0A0EF1C4C6B2200F43DB5 /* iPhone_Spotlight_iOS7-9_40pt@2x.png */; };
		E6D0A10C1C4C6B2200F43DB5 /* iPhone_Spotlight_iOS7-9_40pt@3x.png in Resources */ = {isa = PBXBuildFile; fileRef = E6D0A0F01C4C6B2200F43DB5 /* iPhone_Spotlight_iOS7-9_40pt@3x.png */; };
		E6D0A10D1C4C6B2200F43DB5 /* AppleWatch_CompanionSettings_29pt@2x.png in Resources */ = {isa = PBXBuildFile; fileRef = E6D0A0F21C4C6B2200F43DB5 /* AppleWatch_CompanionSettings_29pt@2x.png */; };
		E6D0A10E1C4C6B2200F43DB5 /* AppleWatch_CompanionSettings_29pt@3x.png in Resources */ = {isa = PBXBuildFile; fileRef = E6D0A0F31C4C6B2200F43DB5 /* AppleWatch_CompanionSettings_29pt@3x.png */; };
		E6D0A10F1C4C6B2200F43DB5 /* AppleWatch_HomeScreen_40pt@2x.png in Resources */ = {isa = PBXBuildFile; fileRef = E6D0A0F41C4C6B2200F43DB5 /* AppleWatch_HomeScreen_40pt@2x.png */; };
		E6D0A1101C4C6B2200F43DB5 /* AppleWatch_NotificationCenter_38mm_24pt@2x.png in Resources */ = {isa = PBXBuildFile; fileRef = E6D0A0F51C4C6B2200F43DB5 /* AppleWatch_NotificationCenter_38mm_24pt@2x.png */; };
		E6D0A1111C4C6B2200F43DB5 /* AppleWatch_NotificationCenter_42mm_27.5pt@2x.png in Resources */ = {isa = PBXBuildFile; fileRef = E6D0A0F61C4C6B2200F43DB5 /* AppleWatch_NotificationCenter_42mm_27.5pt@2x.png */; };
		E6D0A1121C4C6B2200F43DB5 /* AppleWatch_ShortLook_38mm_86pt@2x.png in Resources */ = {isa = PBXBuildFile; fileRef = E6D0A0F71C4C6B2200F43DB5 /* AppleWatch_ShortLook_38mm_86pt@2x.png */; };
		E6D0A1131C4C6B2200F43DB5 /* AppleWatch_ShortLook_42mm_98pt@2x.png in Resources */ = {isa = PBXBuildFile; fileRef = E6D0A0F81C4C6B2200F43DB5 /* AppleWatch_ShortLook_42mm_98pt@2x.png */; };
/* End PBXBuildFile section */

/* Begin PBXContainerItemProxy section */
		E6AD9D9C1C4C5F28004F6437 /* PBXContainerItemProxy */ = {
			isa = PBXContainerItemProxy;
			containerPortal = E6AD9D7D1C4C5F28004F6437 /* Project object */;
			proxyType = 1;
			remoteGlobalIDString = E6AD9D841C4C5F28004F6437;
			remoteInfo = GymWorkoutManager;
		};
		E6AD9DA71C4C5F28004F6437 /* PBXContainerItemProxy */ = {
			isa = PBXContainerItemProxy;
			containerPortal = E6AD9D7D1C4C5F28004F6437 /* Project object */;
			proxyType = 1;
			remoteGlobalIDString = E6AD9D841C4C5F28004F6437;
			remoteInfo = GymWorkoutManager;
		};
/* End PBXContainerItemProxy section */

/* Begin PBXFileReference section */
		1C1FE039C8DF3A2B0CC8777C /* Pods.debug.xcconfig */ = {isa = PBXFileReference; includeInIndex = 1; lastKnownFileType = text.xcconfig; name = Pods.debug.xcconfig; path = "Pods/Target Support Files/Pods/Pods.debug.xcconfig"; sourceTree = "<group>"; };
		5EF9819A6B2B4D25EAAD9811 /* Pods.framework */ = {isa = PBXFileReference; explicitFileType = wrapper.framework; includeInIndex = 0; path = Pods.framework; sourceTree = BUILT_PRODUCTS_DIR; };
		BDD20A506A8263EBEB7D8078 /* Pods.release.xcconfig */ = {isa = PBXFileReference; includeInIndex = 1; lastKnownFileType = text.xcconfig; name = Pods.release.xcconfig; path = "Pods/Target Support Files/Pods/Pods.release.xcconfig"; sourceTree = "<group>"; };
		E6AD9D851C4C5F28004F6437 /* GymWorkoutManager.app */ = {isa = PBXFileReference; explicitFileType = wrapper.application; includeInIndex = 0; path = GymWorkoutManager.app; sourceTree = BUILT_PRODUCTS_DIR; };
		E6AD9D881C4C5F28004F6437 /* AppDelegate.swift */ = {isa = PBXFileReference; lastKnownFileType = sourcecode.swift; path = AppDelegate.swift; sourceTree = "<group>"; };
		E6AD9D8A1C4C5F28004F6437 /* FirstViewController.swift */ = {isa = PBXFileReference; lastKnownFileType = sourcecode.swift; path = FirstViewController.swift; sourceTree = "<group>"; };
		E6AD9D8C1C4C5F28004F6437 /* SecondViewController.swift */ = {isa = PBXFileReference; lastKnownFileType = sourcecode.swift; path = SecondViewController.swift; sourceTree = "<group>"; };
		E6AD9D8F1C4C5F28004F6437 /* Base */ = {isa = PBXFileReference; lastKnownFileType = file.storyboard; name = Base; path = Base.lproj/Main.storyboard; sourceTree = "<group>"; };
		E6AD9D911C4C5F28004F6437 /* Assets.xcassets */ = {isa = PBXFileReference; lastKnownFileType = folder.assetcatalog; path = Assets.xcassets; sourceTree = "<group>"; };
		E6AD9D941C4C5F28004F6437 /* Base */ = {isa = PBXFileReference; lastKnownFileType = file.storyboard; name = Base; path = Base.lproj/LaunchScreen.storyboard; sourceTree = "<group>"; };
		E6AD9D961C4C5F28004F6437 /* Info.plist */ = {isa = PBXFileReference; lastKnownFileType = text.plist.xml; path = Info.plist; sourceTree = "<group>"; };
		E6AD9D9B1C4C5F28004F6437 /* GymWorkoutManagerTests.xctest */ = {isa = PBXFileReference; explicitFileType = wrapper.cfbundle; includeInIndex = 0; path = GymWorkoutManagerTests.xctest; sourceTree = BUILT_PRODUCTS_DIR; };
		E6AD9D9F1C4C5F28004F6437 /* GymWorkoutManagerTests.swift */ = {isa = PBXFileReference; lastKnownFileType = sourcecode.swift; path = GymWorkoutManagerTests.swift; sourceTree = "<group>"; };
		E6AD9DA11C4C5F28004F6437 /* Info.plist */ = {isa = PBXFileReference; lastKnownFileType = text.plist.xml; path = Info.plist; sourceTree = "<group>"; };
		E6AD9DA61C4C5F28004F6437 /* GymWorkoutManagerUITests.xctest */ = {isa = PBXFileReference; explicitFileType = wrapper.cfbundle; includeInIndex = 0; path = GymWorkoutManagerUITests.xctest; sourceTree = BUILT_PRODUCTS_DIR; };
		E6AD9DAA1C4C5F28004F6437 /* GymWorkoutManagerUITests.swift */ = {isa = PBXFileReference; lastKnownFileType = sourcecode.swift; path = GymWorkoutManagerUITests.swift; sourceTree = "<group>"; };
		E6AD9DAC1C4C5F28004F6437 /* Info.plist */ = {isa = PBXFileReference; lastKnownFileType = text.plist.xml; path = Info.plist; sourceTree = "<group>"; };
		E6D0A0DC1C4C6B2200F43DB5 /* iPad_App_iOS5-6_72pt.png */ = {isa = PBXFileReference; lastKnownFileType = image.png; path = "iPad_App_iOS5-6_72pt.png"; sourceTree = "<group>"; };
		E6D0A0DD1C4C6B2200F43DB5 /* iPad_App_iOS5-6_72pt@2x.png */ = {isa = PBXFileReference; lastKnownFileType = image.png; path = "iPad_App_iOS5-6_72pt@2x.png"; sourceTree = "<group>"; };
		E6D0A0DE1C4C6B2200F43DB5 /* iPad_App_iOS7-9_76pt.png */ = {isa = PBXFileReference; lastKnownFileType = image.png; path = "iPad_App_iOS7-9_76pt.png"; sourceTree = "<group>"; };
		E6D0A0DF1C4C6B2200F43DB5 /* iPad_App_iOS7-9_76pt@2x.png */ = {isa = PBXFileReference; lastKnownFileType = image.png; path = "iPad_App_iOS7-9_76pt@2x.png"; sourceTree = "<group>"; };
		E6D0A0E01C4C6B2200F43DB5 /* iPad_Pro_App_iOS9_83.5pt@2x.png */ = {isa = PBXFileReference; lastKnownFileType = image.png; path = "iPad_Pro_App_iOS9_83.5pt@2x.png"; sourceTree = "<group>"; };
		E6D0A0E11C4C6B2200F43DB5 /* iPad_Settings_iOS5-9_29pt.png */ = {isa = PBXFileReference; lastKnownFileType = image.png; path = "iPad_Settings_iOS5-9_29pt.png"; sourceTree = "<group>"; };
		E6D0A0E21C4C6B2200F43DB5 /* iPad_Settings_iOS5-9_29pt@2x.png */ = {isa = PBXFileReference; lastKnownFileType = image.png; path = "iPad_Settings_iOS5-9_29pt@2x.png"; sourceTree = "<group>"; };
		E6D0A0E31C4C6B2200F43DB5 /* iPad_Spotlight_iOS5-6_50pt.png */ = {isa = PBXFileReference; lastKnownFileType = image.png; path = "iPad_Spotlight_iOS5-6_50pt.png"; sourceTree = "<group>"; };
		E6D0A0E41C4C6B2200F43DB5 /* iPad_Spotlight_iOS5-6_50pt@2x.png */ = {isa = PBXFileReference; lastKnownFileType = image.png; path = "iPad_Spotlight_iOS5-6_50pt@2x.png"; sourceTree = "<group>"; };
		E6D0A0E51C4C6B2200F43DB5 /* iPad_Spotlight_iOS7-9_40pt.png */ = {isa = PBXFileReference; lastKnownFileType = image.png; path = "iPad_Spotlight_iOS7-9_40pt.png"; sourceTree = "<group>"; };
		E6D0A0E61C4C6B2200F43DB5 /* iPad_Spotlight_iOS7-9_40pt@2x.png */ = {isa = PBXFileReference; lastKnownFileType = image.png; path = "iPad_Spotlight_iOS7-9_40pt@2x.png"; sourceTree = "<group>"; };
		E6D0A0E81C4C6B2200F43DB5 /* iPhone_App_iOS5-6_57pt.png */ = {isa = PBXFileReference; lastKnownFileType = image.png; path = "iPhone_App_iOS5-6_57pt.png"; sourceTree = "<group>"; };
		E6D0A0E91C4C6B2200F43DB5 /* iPhone_App_iOS5-6_57pt@2x.png */ = {isa = PBXFileReference; lastKnownFileType = image.png; path = "iPhone_App_iOS5-6_57pt@2x.png"; sourceTree = "<group>"; };
		E6D0A0EA1C4C6B2200F43DB5 /* iPhone_App_iOS7-9_60pt@2x.png */ = {isa = PBXFileReference; lastKnownFileType = image.png; path = "iPhone_App_iOS7-9_60pt@2x.png"; sourceTree = "<group>"; };
		E6D0A0EB1C4C6B2200F43DB5 /* iPhone_App_iOS7-9_60pt@3x.png */ = {isa = PBXFileReference; lastKnownFileType = image.png; path = "iPhone_App_iOS7-9_60pt@3x.png"; sourceTree = "<group>"; };
		E6D0A0EC1C4C6B2200F43DB5 /* iPhone_Settings_iOS5-9_29pt@2x.png */ = {isa = PBXFileReference; lastKnownFileType = image.png; path = "iPhone_Settings_iOS5-9_29pt@2x.png"; sourceTree = "<group>"; };
		E6D0A0ED1C4C6B2200F43DB5 /* iPhone_Settings_iOS5-9_29pt@3x.png */ = {isa = PBXFileReference; lastKnownFileType = image.png; path = "iPhone_Settings_iOS5-9_29pt@3x.png"; sourceTree = "<group>"; };
		E6D0A0EE1C4C6B2200F43DB5 /* iPhone_Spotlight_iOS5-6_29pt.png */ = {isa = PBXFileReference; lastKnownFileType = image.png; path = "iPhone_Spotlight_iOS5-6_29pt.png"; sourceTree = "<group>"; };
		E6D0A0EF1C4C6B2200F43DB5 /* iPhone_Spotlight_iOS7-9_40pt@2x.png */ = {isa = PBXFileReference; lastKnownFileType = image.png; path = "iPhone_Spotlight_iOS7-9_40pt@2x.png"; sourceTree = "<group>"; };
		E6D0A0F01C4C6B2200F43DB5 /* iPhone_Spotlight_iOS7-9_40pt@3x.png */ = {isa = PBXFileReference; lastKnownFileType = image.png; path = "iPhone_Spotlight_iOS7-9_40pt@3x.png"; sourceTree = "<group>"; };
		E6D0A0F21C4C6B2200F43DB5 /* AppleWatch_CompanionSettings_29pt@2x.png */ = {isa = PBXFileReference; lastKnownFileType = image.png; path = "AppleWatch_CompanionSettings_29pt@2x.png"; sourceTree = "<group>"; };
		E6D0A0F31C4C6B2200F43DB5 /* AppleWatch_CompanionSettings_29pt@3x.png */ = {isa = PBXFileReference; lastKnownFileType = image.png; path = "AppleWatch_CompanionSettings_29pt@3x.png"; sourceTree = "<group>"; };
		E6D0A0F41C4C6B2200F43DB5 /* AppleWatch_HomeScreen_40pt@2x.png */ = {isa = PBXFileReference; lastKnownFileType = image.png; path = "AppleWatch_HomeScreen_40pt@2x.png"; sourceTree = "<group>"; };
		E6D0A0F51C4C6B2200F43DB5 /* AppleWatch_NotificationCenter_38mm_24pt@2x.png */ = {isa = PBXFileReference; lastKnownFileType = image.png; path = "AppleWatch_NotificationCenter_38mm_24pt@2x.png"; sourceTree = "<group>"; };
		E6D0A0F61C4C6B2200F43DB5 /* AppleWatch_NotificationCenter_42mm_27.5pt@2x.png */ = {isa = PBXFileReference; lastKnownFileType = image.png; path = "AppleWatch_NotificationCenter_42mm_27.5pt@2x.png"; sourceTree = "<group>"; };
		E6D0A0F71C4C6B2200F43DB5 /* AppleWatch_ShortLook_38mm_86pt@2x.png */ = {isa = PBXFileReference; lastKnownFileType = image.png; path = "AppleWatch_ShortLook_38mm_86pt@2x.png"; sourceTree = "<group>"; };
		E6D0A0F81C4C6B2200F43DB5 /* AppleWatch_ShortLook_42mm_98pt@2x.png */ = {isa = PBXFileReference; lastKnownFileType = image.png; path = "AppleWatch_ShortLook_42mm_98pt@2x.png"; sourceTree = "<group>"; };
/* End PBXFileReference section */

/* Begin PBXFrameworksBuildPhase section */
		E6AD9D821C4C5F28004F6437 /* Frameworks */ = {
			isa = PBXFrameworksBuildPhase;
			buildActionMask = 2147483647;
			files = (
				4F41F0D14FD0B49AF7D0984C /* Pods.framework in Frameworks */,
			);
			runOnlyForDeploymentPostprocessing = 0;
		};
		E6AD9D981C4C5F28004F6437 /* Frameworks */ = {
			isa = PBXFrameworksBuildPhase;
			buildActionMask = 2147483647;
			files = (
			);
			runOnlyForDeploymentPostprocessing = 0;
		};
		E6AD9DA31C4C5F28004F6437 /* Frameworks */ = {
			isa = PBXFrameworksBuildPhase;
			buildActionMask = 2147483647;
			files = (
			);
			runOnlyForDeploymentPostprocessing = 0;
		};
/* End PBXFrameworksBuildPhase section */

/* Begin PBXGroup section */
		9362B02994748E37E71F65CE /* Frameworks */ = {
			isa = PBXGroup;
			children = (
				5EF9819A6B2B4D25EAAD9811 /* Pods.framework */,
			);
			name = Frameworks;
			sourceTree = "<group>";
		};
		9B921BC1281139B845A38F52 /* Pods */ = {
			isa = PBXGroup;
			children = (
				1C1FE039C8DF3A2B0CC8777C /* Pods.debug.xcconfig */,
				BDD20A506A8263EBEB7D8078 /* Pods.release.xcconfig */,
			);
			name = Pods;
			sourceTree = "<group>";
		};
		E6AD9D7C1C4C5F28004F6437 = {
			isa = PBXGroup;
			children = (
				E6D0A0DA1C4C6B2200F43DB5 /* Icon */,
				E6D0A0D71C4C687900F43DB5 /* Images */,
				E6AD9D871C4C5F28004F6437 /* GymWorkoutManager */,
				E6AD9D9E1C4C5F28004F6437 /* GymWorkoutManagerTests */,
				E6AD9DA91C4C5F28004F6437 /* GymWorkoutManagerUITests */,
				E6AD9D861C4C5F28004F6437 /* Products */,
				9B921BC1281139B845A38F52 /* Pods */,
				9362B02994748E37E71F65CE /* Frameworks */,
			);
			sourceTree = "<group>";
		};
		E6AD9D861C4C5F28004F6437 /* Products */ = {
			isa = PBXGroup;
			children = (
				E6AD9D851C4C5F28004F6437 /* GymWorkoutManager.app */,
				E6AD9D9B1C4C5F28004F6437 /* GymWorkoutManagerTests.xctest */,
				E6AD9DA61C4C5F28004F6437 /* GymWorkoutManagerUITests.xctest */,
			);
			name = Products;
			sourceTree = "<group>";
		};
		E6AD9D871C4C5F28004F6437 /* GymWorkoutManager */ = {
			isa = PBXGroup;
			children = (
				E6AD9D881C4C5F28004F6437 /* AppDelegate.swift */,
				E6AD9D8A1C4C5F28004F6437 /* FirstViewController.swift */,
				E6AD9D8C1C4C5F28004F6437 /* SecondViewController.swift */,
				E6AD9D8E1C4C5F28004F6437 /* Main.storyboard */,
				E6AD9D911C4C5F28004F6437 /* Assets.xcassets */,
				E6AD9D931C4C5F28004F6437 /* LaunchScreen.storyboard */,
				E6AD9D961C4C5F28004F6437 /* Info.plist */,
			);
			path = GymWorkoutManager;
			sourceTree = "<group>";
		};
		E6AD9D9E1C4C5F28004F6437 /* GymWorkoutManagerTests */ = {
			isa = PBXGroup;
			children = (
				E6AD9D9F1C4C5F28004F6437 /* GymWorkoutManagerTests.swift */,
				E6AD9DA11C4C5F28004F6437 /* Info.plist */,
			);
			path = GymWorkoutManagerTests;
			sourceTree = "<group>";
		};
		E6AD9DA91C4C5F28004F6437 /* GymWorkoutManagerUITests */ = {
			isa = PBXGroup;
			children = (
				E6AD9DAA1C4C5F28004F6437 /* GymWorkoutManagerUITests.swift */,
				E6AD9DAC1C4C5F28004F6437 /* Info.plist */,
			);
			path = GymWorkoutManagerUITests;
			sourceTree = "<group>";
		};
		E6D0A0D71C4C687900F43DB5 /* Images */ = {
			isa = PBXGroup;
			children = (
			);
			path = Images;
			sourceTree = "<group>";
		};
		E6D0A0DA1C4C6B2200F43DB5 /* Icon */ = {
			isa = PBXGroup;
			children = (
				E6D0A0DB1C4C6B2200F43DB5 /* iPad */,
				E6D0A0E71C4C6B2200F43DB5 /* iPhone */,
				E6D0A0F11C4C6B2200F43DB5 /* iWatch */,
			);
			path = Icon;
			sourceTree = "<group>";
		};
		E6D0A0DB1C4C6B2200F43DB5 /* iPad */ = {
			isa = PBXGroup;
			children = (
				E6D0A0DC1C4C6B2200F43DB5 /* iPad_App_iOS5-6_72pt.png */,
				E6D0A0DD1C4C6B2200F43DB5 /* iPad_App_iOS5-6_72pt@2x.png */,
				E6D0A0DE1C4C6B2200F43DB5 /* iPad_App_iOS7-9_76pt.png */,
				E6D0A0DF1C4C6B2200F43DB5 /* iPad_App_iOS7-9_76pt@2x.png */,
				E6D0A0E01C4C6B2200F43DB5 /* iPad_Pro_App_iOS9_83.5pt@2x.png */,
				E6D0A0E11C4C6B2200F43DB5 /* iPad_Settings_iOS5-9_29pt.png */,
				E6D0A0E21C4C6B2200F43DB5 /* iPad_Settings_iOS5-9_29pt@2x.png */,
				E6D0A0E31C4C6B2200F43DB5 /* iPad_Spotlight_iOS5-6_50pt.png */,
				E6D0A0E41C4C6B2200F43DB5 /* iPad_Spotlight_iOS5-6_50pt@2x.png */,
				E6D0A0E51C4C6B2200F43DB5 /* iPad_Spotlight_iOS7-9_40pt.png */,
				E6D0A0E61C4C6B2200F43DB5 /* iPad_Spotlight_iOS7-9_40pt@2x.png */,
			);
			path = iPad;
			sourceTree = "<group>";
		};
		E6D0A0E71C4C6B2200F43DB5 /* iPhone */ = {
			isa = PBXGroup;
			children = (
				E6D0A0E81C4C6B2200F43DB5 /* iPhone_App_iOS5-6_57pt.png */,
				E6D0A0E91C4C6B2200F43DB5 /* iPhone_App_iOS5-6_57pt@2x.png */,
				E6D0A0EA1C4C6B2200F43DB5 /* iPhone_App_iOS7-9_60pt@2x.png */,
				E6D0A0EB1C4C6B2200F43DB5 /* iPhone_App_iOS7-9_60pt@3x.png */,
				E6D0A0EC1C4C6B2200F43DB5 /* iPhone_Settings_iOS5-9_29pt@2x.png */,
				E6D0A0ED1C4C6B2200F43DB5 /* iPhone_Settings_iOS5-9_29pt@3x.png */,
				E6D0A0EE1C4C6B2200F43DB5 /* iPhone_Spotlight_iOS5-6_29pt.png */,
				E6D0A0EF1C4C6B2200F43DB5 /* iPhone_Spotlight_iOS7-9_40pt@2x.png */,
				E6D0A0F01C4C6B2200F43DB5 /* iPhone_Spotlight_iOS7-9_40pt@3x.png */,
			);
			path = iPhone;
			sourceTree = "<group>";
		};
		E6D0A0F11C4C6B2200F43DB5 /* iWatch */ = {
			isa = PBXGroup;
			children = (
				E6D0A0F21C4C6B2200F43DB5 /* AppleWatch_CompanionSettings_29pt@2x.png */,
				E6D0A0F31C4C6B2200F43DB5 /* AppleWatch_CompanionSettings_29pt@3x.png */,
				E6D0A0F41C4C6B2200F43DB5 /* AppleWatch_HomeScreen_40pt@2x.png */,
				E6D0A0F51C4C6B2200F43DB5 /* AppleWatch_NotificationCenter_38mm_24pt@2x.png */,
				E6D0A0F61C4C6B2200F43DB5 /* AppleWatch_NotificationCenter_42mm_27.5pt@2x.png */,
				E6D0A0F71C4C6B2200F43DB5 /* AppleWatch_ShortLook_38mm_86pt@2x.png */,
				E6D0A0F81C4C6B2200F43DB5 /* AppleWatch_ShortLook_42mm_98pt@2x.png */,
			);
			path = iWatch;
			sourceTree = "<group>";
		};
/* End PBXGroup section */

/* Begin PBXNativeTarget section */
		E6AD9D841C4C5F28004F6437 /* GymWorkoutManager */ = {
			isa = PBXNativeTarget;
			buildConfigurationList = E6AD9DAF1C4C5F28004F6437 /* Build configuration list for PBXNativeTarget "GymWorkoutManager" */;
			buildPhases = (
				CC42F73BF56CE0EFD0D07C0B /* Check Pods Manifest.lock */,
				E6AD9D811C4C5F28004F6437 /* Sources */,
				E6AD9D821C4C5F28004F6437 /* Frameworks */,
				E6AD9D831C4C5F28004F6437 /* Resources */,
				B8ED3253B87A7228B9205783 /* Embed Pods Frameworks */,
				B3F3A52207839CBA4F9BE153 /* Copy Pods Resources */,
			);
			buildRules = (
			);
			dependencies = (
			);
			name = GymWorkoutManager;
			productName = GymWorkoutManager;
			productReference = E6AD9D851C4C5F28004F6437 /* GymWorkoutManager.app */;
			productType = "com.apple.product-type.application";
		};
		E6AD9D9A1C4C5F28004F6437 /* GymWorkoutManagerTests */ = {
			isa = PBXNativeTarget;
			buildConfigurationList = E6AD9DB21C4C5F28004F6437 /* Build configuration list for PBXNativeTarget "GymWorkoutManagerTests" */;
			buildPhases = (
				E6AD9D971C4C5F28004F6437 /* Sources */,
				E6AD9D981C4C5F28004F6437 /* Frameworks */,
				E6AD9D991C4C5F28004F6437 /* Resources */,
			);
			buildRules = (
			);
			dependencies = (
				E6AD9D9D1C4C5F28004F6437 /* PBXTargetDependency */,
			);
			name = GymWorkoutManagerTests;
			productName = GymWorkoutManagerTests;
			productReference = E6AD9D9B1C4C5F28004F6437 /* GymWorkoutManagerTests.xctest */;
			productType = "com.apple.product-type.bundle.unit-test";
		};
		E6AD9DA51C4C5F28004F6437 /* GymWorkoutManagerUITests */ = {
			isa = PBXNativeTarget;
			buildConfigurationList = E6AD9DB51C4C5F28004F6437 /* Build configuration list for PBXNativeTarget "GymWorkoutManagerUITests" */;
			buildPhases = (
				E6AD9DA21C4C5F28004F6437 /* Sources */,
				E6AD9DA31C4C5F28004F6437 /* Frameworks */,
				E6AD9DA41C4C5F28004F6437 /* Resources */,
			);
			buildRules = (
			);
			dependencies = (
				E6AD9DA81C4C5F28004F6437 /* PBXTargetDependency */,
			);
			name = GymWorkoutManagerUITests;
			productName = GymWorkoutManagerUITests;
			productReference = E6AD9DA61C4C5F28004F6437 /* GymWorkoutManagerUITests.xctest */;
			productType = "com.apple.product-type.bundle.ui-testing";
		};
/* End PBXNativeTarget section */

/* Begin PBXProject section */
		E6AD9D7D1C4C5F28004F6437 /* Project object */ = {
			isa = PBXProject;
			attributes = {
				LastSwiftUpdateCheck = 0720;
				LastUpgradeCheck = 0720;
				ORGANIZATIONNAME = McKay;
				TargetAttributes = {
					E6AD9D841C4C5F28004F6437 = {
						CreatedOnToolsVersion = 7.2;
					};
					E6AD9D9A1C4C5F28004F6437 = {
						CreatedOnToolsVersion = 7.2;
						TestTargetID = E6AD9D841C4C5F28004F6437;
					};
					E6AD9DA51C4C5F28004F6437 = {
						CreatedOnToolsVersion = 7.2;
						TestTargetID = E6AD9D841C4C5F28004F6437;
					};
				};
			};
			buildConfigurationList = E6AD9D801C4C5F28004F6437 /* Build configuration list for PBXProject "GymWorkoutManager" */;
			compatibilityVersion = "Xcode 3.2";
			developmentRegion = English;
			hasScannedForEncodings = 0;
			knownRegions = (
				en,
				Base,
			);
			mainGroup = E6AD9D7C1C4C5F28004F6437;
			productRefGroup = E6AD9D861C4C5F28004F6437 /* Products */;
			projectDirPath = "";
			projectRoot = "";
			targets = (
				E6AD9D841C4C5F28004F6437 /* GymWorkoutManager */,
				E6AD9D9A1C4C5F28004F6437 /* GymWorkoutManagerTests */,
				E6AD9DA51C4C5F28004F6437 /* GymWorkoutManagerUITests */,
			);
		};
/* End PBXProject section */

/* Begin PBXResourcesBuildPhase section */
		E6AD9D831C4C5F28004F6437 /* Resources */ = {
			isa = PBXResourcesBuildPhase;
			buildActionMask = 2147483647;
			files = (
				E6D0A1041C4C6B2200F43DB5 /* iPhone_App_iOS5-6_57pt.png in Resources */,
				E6AD9D951C4C5F28004F6437 /* LaunchScreen.storyboard in Resources */,
				E6D0A1071C4C6B2200F43DB5 /* iPhone_App_iOS7-9_60pt@3x.png in Resources */,
				E6D0A10E1C4C6B2200F43DB5 /* AppleWatch_CompanionSettings_29pt@3x.png in Resources */,
				E6AD9D921C4C5F28004F6437 /* Assets.xcassets in Resources */,
				E6D0A0FB1C4C6B2200F43DB5 /* iPad_App_iOS7-9_76pt.png in Resources */,
				E6AD9D901C4C5F28004F6437 /* Main.storyboard in Resources */,
				E6D0A1101C4C6B2200F43DB5 /* AppleWatch_NotificationCenter_38mm_24pt@2x.png in Resources */,
				E6D0A10C1C4C6B2200F43DB5 /* iPhone_Spotlight_iOS7-9_40pt@3x.png in Resources */,
				E6D0A1091C4C6B2200F43DB5 /* iPhone_Settings_iOS5-9_29pt@3x.png in Resources */,
				E6D0A10D1C4C6B2200F43DB5 /* AppleWatch_CompanionSettings_29pt@2x.png in Resources */,
				E6D0A0FC1C4C6B2200F43DB5 /* iPad_App_iOS7-9_76pt@2x.png in Resources */,
				E6D0A1131C4C6B2200F43DB5 /* AppleWatch_ShortLook_42mm_98pt@2x.png in Resources */,
				E6D0A10B1C4C6B2200F43DB5 /* iPhone_Spotlight_iOS7-9_40pt@2x.png in Resources */,
				E6D0A1121C4C6B2200F43DB5 /* AppleWatch_ShortLook_38mm_86pt@2x.png in Resources */,
				E6D0A1001C4C6B2200F43DB5 /* iPad_Spotlight_iOS5-6_50pt.png in Resources */,
				E6D0A0FE1C4C6B2200F43DB5 /* iPad_Settings_iOS5-9_29pt.png in Resources */,
				E6D0A1061C4C6B2200F43DB5 /* iPhone_App_iOS7-9_60pt@2x.png in Resources */,
				E6D0A0FF1C4C6B2200F43DB5 /* iPad_Settings_iOS5-9_29pt@2x.png in Resources */,
				E6D0A10F1C4C6B2200F43DB5 /* AppleWatch_HomeScreen_40pt@2x.png in Resources */,
				E6D0A1081C4C6B2200F43DB5 /* iPhone_Settings_iOS5-9_29pt@2x.png in Resources */,
				E6D0A1111C4C6B2200F43DB5 /* AppleWatch_NotificationCenter_42mm_27.5pt@2x.png in Resources */,
				E6D0A0F91C4C6B2200F43DB5 /* iPad_App_iOS5-6_72pt.png in Resources */,
				E6D0A1011C4C6B2200F43DB5 /* iPad_Spotlight_iOS5-6_50pt@2x.png in Resources */,
				E6D0A1021C4C6B2200F43DB5 /* iPad_Spotlight_iOS7-9_40pt.png in Resources */,
				E6D0A1031C4C6B2200F43DB5 /* iPad_Spotlight_iOS7-9_40pt@2x.png in Resources */,
				E6D0A0FD1C4C6B2200F43DB5 /* iPad_Pro_App_iOS9_83.5pt@2x.png in Resources */,
				E6D0A1051C4C6B2200F43DB5 /* iPhone_App_iOS5-6_57pt@2x.png in Resources */,
				E6D0A0FA1C4C6B2200F43DB5 /* iPad_App_iOS5-6_72pt@2x.png in Resources */,
				E6D0A10A1C4C6B2200F43DB5 /* iPhone_Spotlight_iOS5-6_29pt.png in Resources */,
			);
			runOnlyForDeploymentPostprocessing = 0;
		};
		E6AD9D991C4C5F28004F6437 /* Resources */ = {
			isa = PBXResourcesBuildPhase;
			buildActionMask = 2147483647;
			files = (
			);
			runOnlyForDeploymentPostprocessing = 0;
		};
		E6AD9DA41C4C5F28004F6437 /* Resources */ = {
			isa = PBXResourcesBuildPhase;
			buildActionMask = 2147483647;
			files = (
			);
			runOnlyForDeploymentPostprocessing = 0;
		};
/* End PBXResourcesBuildPhase section */

/* Begin PBXShellScriptBuildPhase section */
		B3F3A52207839CBA4F9BE153 /* Copy Pods Resources */ = {
			isa = PBXShellScriptBuildPhase;
			buildActionMask = 2147483647;
			files = (
			);
			inputPaths = (
			);
			name = "Copy Pods Resources";
			outputPaths = (
			);
			runOnlyForDeploymentPostprocessing = 0;
			shellPath = /bin/sh;
			shellScript = "\"${SRCROOT}/Pods/Target Support Files/Pods/Pods-resources.sh\"\n";
			showEnvVarsInLog = 0;
		};
		B8ED3253B87A7228B9205783 /* Embed Pods Frameworks */ = {
			isa = PBXShellScriptBuildPhase;
			buildActionMask = 2147483647;
			files = (
			);
			inputPaths = (
			);
			name = "Embed Pods Frameworks";
			outputPaths = (
			);
			runOnlyForDeploymentPostprocessing = 0;
			shellPath = /bin/sh;
			shellScript = "\"${SRCROOT}/Pods/Target Support Files/Pods/Pods-frameworks.sh\"\n";
			showEnvVarsInLog = 0;
		};
		CC42F73BF56CE0EFD0D07C0B /* Check Pods Manifest.lock */ = {
			isa = PBXShellScriptBuildPhase;
			buildActionMask = 2147483647;
			files = (
			);
			inputPaths = (
			);
			name = "Check Pods Manifest.lock";
			outputPaths = (
			);
			runOnlyForDeploymentPostprocessing = 0;
			shellPath = /bin/sh;
			shellScript = "diff \"${PODS_ROOT}/../Podfile.lock\" \"${PODS_ROOT}/Manifest.lock\" > /dev/null\nif [[ $? != 0 ]] ; then\n    cat << EOM\nerror: The sandbox is not in sync with the Podfile.lock. Run 'pod install' or update your CocoaPods installation.\nEOM\n    exit 1\nfi\n";
			showEnvVarsInLog = 0;
		};
/* End PBXShellScriptBuildPhase section */

/* Begin PBXSourcesBuildPhase section */
		E6AD9D811C4C5F28004F6437 /* Sources */ = {
			isa = PBXSourcesBuildPhase;
			buildActionMask = 2147483647;
			files = (
				E6AD9D8D1C4C5F28004F6437 /* SecondViewController.swift in Sources */,
				E6AD9D891C4C5F28004F6437 /* AppDelegate.swift in Sources */,
				E6AD9D8B1C4C5F28004F6437 /* FirstViewController.swift in Sources */,
			);
			runOnlyForDeploymentPostprocessing = 0;
		};
		E6AD9D971C4C5F28004F6437 /* Sources */ = {
			isa = PBXSourcesBuildPhase;
			buildActionMask = 2147483647;
			files = (
				E6AD9DA01C4C5F28004F6437 /* GymWorkoutManagerTests.swift in Sources */,
			);
			runOnlyForDeploymentPostprocessing = 0;
		};
		E6AD9DA21C4C5F28004F6437 /* Sources */ = {
			isa = PBXSourcesBuildPhase;
			buildActionMask = 2147483647;
			files = (
				E6AD9DAB1C4C5F28004F6437 /* GymWorkoutManagerUITests.swift in Sources */,
			);
			runOnlyForDeploymentPostprocessing = 0;
		};
/* End PBXSourcesBuildPhase section */

/* Begin PBXTargetDependency section */
		E6AD9D9D1C4C5F28004F6437 /* PBXTargetDependency */ = {
			isa = PBXTargetDependency;
			target = E6AD9D841C4C5F28004F6437 /* GymWorkoutManager */;
			targetProxy = E6AD9D9C1C4C5F28004F6437 /* PBXContainerItemProxy */;
		};
		E6AD9DA81C4C5F28004F6437 /* PBXTargetDependency */ = {
			isa = PBXTargetDependency;
			target = E6AD9D841C4C5F28004F6437 /* GymWorkoutManager */;
			targetProxy = E6AD9DA71C4C5F28004F6437 /* PBXContainerItemProxy */;
		};
/* End PBXTargetDependency section */

/* Begin PBXVariantGroup section */
		E6AD9D8E1C4C5F28004F6437 /* Main.storyboard */ = {
			isa = PBXVariantGroup;
			children = (
				E6AD9D8F1C4C5F28004F6437 /* Base */,
			);
			name = Main.storyboard;
			sourceTree = "<group>";
		};
		E6AD9D931C4C5F28004F6437 /* LaunchScreen.storyboard */ = {
			isa = PBXVariantGroup;
			children = (
				E6AD9D941C4C5F28004F6437 /* Base */,
			);
			name = LaunchScreen.storyboard;
			sourceTree = "<group>";
		};
/* End PBXVariantGroup section */

/* Begin XCBuildConfiguration section */
		E6AD9DAD1C4C5F28004F6437 /* Debug */ = {
			isa = XCBuildConfiguration;
			buildSettings = {
				ALWAYS_SEARCH_USER_PATHS = NO;
				CLANG_CXX_LANGUAGE_STANDARD = "gnu++0x";
				CLANG_CXX_LIBRARY = "libc++";
				CLANG_ENABLE_MODULES = YES;
				CLANG_ENABLE_OBJC_ARC = YES;
				CLANG_WARN_BOOL_CONVERSION = YES;
				CLANG_WARN_CONSTANT_CONVERSION = YES;
				CLANG_WARN_DIRECT_OBJC_ISA_USAGE = YES_ERROR;
				CLANG_WARN_EMPTY_BODY = YES;
				CLANG_WARN_ENUM_CONVERSION = YES;
				CLANG_WARN_INT_CONVERSION = YES;
				CLANG_WARN_OBJC_ROOT_CLASS = YES_ERROR;
				CLANG_WARN_UNREACHABLE_CODE = YES;
				CLANG_WARN__DUPLICATE_METHOD_MATCH = YES;
				"CODE_SIGN_IDENTITY[sdk=iphoneos*]" = "iPhone Developer";
				COPY_PHASE_STRIP = NO;
				DEBUG_INFORMATION_FORMAT = dwarf;
				ENABLE_BITCODE = NO;
				ENABLE_STRICT_OBJC_MSGSEND = YES;
				ENABLE_TESTABILITY = YES;
				GCC_C_LANGUAGE_STANDARD = gnu99;
				GCC_DYNAMIC_NO_PIC = NO;
				GCC_NO_COMMON_BLOCKS = YES;
				GCC_OPTIMIZATION_LEVEL = 0;
				GCC_PREPROCESSOR_DEFINITIONS = (
					"DEBUG=1",
					"$(inherited)",
				);
				GCC_WARN_64_TO_32_BIT_CONVERSION = YES;
				GCC_WARN_ABOUT_RETURN_TYPE = YES_ERROR;
				GCC_WARN_UNDECLARED_SELECTOR = YES;
				GCC_WARN_UNINITIALIZED_AUTOS = YES_AGGRESSIVE;
				GCC_WARN_UNUSED_FUNCTION = YES;
				GCC_WARN_UNUSED_VARIABLE = YES;
				IPHONEOS_DEPLOYMENT_TARGET = 9.2;
				MTL_ENABLE_DEBUG_INFO = YES;
				ONLY_ACTIVE_ARCH = YES;
				SDKROOT = iphoneos;
				SWIFT_OPTIMIZATION_LEVEL = "-Onone";
			};
			name = Debug;
		};
		E6AD9DAE1C4C5F28004F6437 /* Release */ = {
			isa = XCBuildConfiguration;
			buildSettings = {
				ALWAYS_SEARCH_USER_PATHS = NO;
				CLANG_CXX_LANGUAGE_STANDARD = "gnu++0x";
				CLANG_CXX_LIBRARY = "libc++";
				CLANG_ENABLE_MODULES = YES;
				CLANG_ENABLE_OBJC_ARC = YES;
				CLANG_WARN_BOOL_CONVERSION = YES;
				CLANG_WARN_CONSTANT_CONVERSION = YES;
				CLANG_WARN_DIRECT_OBJC_ISA_USAGE = YES_ERROR;
				CLANG_WARN_EMPTY_BODY = YES;
				CLANG_WARN_ENUM_CONVERSION = YES;
				CLANG_WARN_INT_CONVERSION = YES;
				CLANG_WARN_OBJC_ROOT_CLASS = YES_ERROR;
				CLANG_WARN_UNREACHABLE_CODE = YES;
				CLANG_WARN__DUPLICATE_METHOD_MATCH = YES;
				"CODE_SIGN_IDENTITY[sdk=iphoneos*]" = "iPhone Developer";
				COPY_PHASE_STRIP = NO;
				DEBUG_INFORMATION_FORMAT = "dwarf-with-dsym";
				ENABLE_BITCODE = NO;
				ENABLE_NS_ASSERTIONS = NO;
				ENABLE_STRICT_OBJC_MSGSEND = YES;
				GCC_C_LANGUAGE_STANDARD = gnu99;
				GCC_NO_COMMON_BLOCKS = YES;
				GCC_WARN_64_TO_32_BIT_CONVERSION = YES;
				GCC_WARN_ABOUT_RETURN_TYPE = YES_ERROR;
				GCC_WARN_UNDECLARED_SELECTOR = YES;
				GCC_WARN_UNINITIALIZED_AUTOS = YES_AGGRESSIVE;
				GCC_WARN_UNUSED_FUNCTION = YES;
				GCC_WARN_UNUSED_VARIABLE = YES;
				IPHONEOS_DEPLOYMENT_TARGET = 9.2;
				MTL_ENABLE_DEBUG_INFO = NO;
				SDKROOT = iphoneos;
				VALIDATE_PRODUCT = YES;
			};
			name = Release;
		};
		E6AD9DB01C4C5F28004F6437 /* Debug */ = {
			isa = XCBuildConfiguration;
			baseConfigurationReference = 1C1FE039C8DF3A2B0CC8777C /* Pods.debug.xcconfig */;
			buildSettings = {
				ASSETCATALOG_COMPILER_APPICON_NAME = AppIcon;
				EMBED_ASSET_PACKS_IN_PRODUCT_BUNDLE = YES;
				INFOPLIST_FILE = GymWorkoutManager/Info.plist;
				LD_RUNPATH_SEARCH_PATHS = "$(inherited) @executable_path/Frameworks";
				PRODUCT_BUNDLE_IDENTIFIER = "Liguo-Jiao.GymWorkoutManager";
				PRODUCT_NAME = "$(TARGET_NAME)";
				TARGETED_DEVICE_FAMILY = "1,2";
			};
			name = Debug;
		};
		E6AD9DB11C4C5F28004F6437 /* Release */ = {
			isa = XCBuildConfiguration;
			baseConfigurationReference = BDD20A506A8263EBEB7D8078 /* Pods.release.xcconfig */;
			buildSettings = {
				ASSETCATALOG_COMPILER_APPICON_NAME = AppIcon;
				EMBED_ASSET_PACKS_IN_PRODUCT_BUNDLE = YES;
				INFOPLIST_FILE = GymWorkoutManager/Info.plist;
				LD_RUNPATH_SEARCH_PATHS = "$(inherited) @executable_path/Frameworks";
				PRODUCT_BUNDLE_IDENTIFIER = "Liguo-Jiao.GymWorkoutManager";
				PRODUCT_NAME = "$(TARGET_NAME)";
				TARGETED_DEVICE_FAMILY = "1,2";
			};
			name = Release;
		};
		E6AD9DB31C4C5F28004F6437 /* Debug */ = {
			isa = XCBuildConfiguration;
			buildSettings = {
				BUNDLE_LOADER = "$(TEST_HOST)";
				INFOPLIST_FILE = GymWorkoutManagerTests/Info.plist;
				LD_RUNPATH_SEARCH_PATHS = "$(inherited) @executable_path/Frameworks @loader_path/Frameworks";
				PRODUCT_BUNDLE_IDENTIFIER = "Liguo-Jiao.GymWorkoutManagerTests";
				PRODUCT_NAME = "$(TARGET_NAME)";
				TEST_HOST = "$(BUILT_PRODUCTS_DIR)/GymWorkoutManager.app/GymWorkoutManager";
			};
			name = Debug;
		};
		E6AD9DB41C4C5F28004F6437 /* Release */ = {
			isa = XCBuildConfiguration;
			buildSettings = {
				BUNDLE_LOADER = "$(TEST_HOST)";
				INFOPLIST_FILE = GymWorkoutManagerTests/Info.plist;
				LD_RUNPATH_SEARCH_PATHS = "$(inherited) @executable_path/Frameworks @loader_path/Frameworks";
				PRODUCT_BUNDLE_IDENTIFIER = "Liguo-Jiao.GymWorkoutManagerTests";
				PRODUCT_NAME = "$(TARGET_NAME)";
				TEST_HOST = "$(BUILT_PRODUCTS_DIR)/GymWorkoutManager.app/GymWorkoutManager";
			};
			name = Release;
		};
		E6AD9DB61C4C5F28004F6437 /* Debug */ = {
			isa = XCBuildConfiguration;
			buildSettings = {
				INFOPLIST_FILE = GymWorkoutManagerUITests/Info.plist;
				LD_RUNPATH_SEARCH_PATHS = "$(inherited) @executable_path/Frameworks @loader_path/Frameworks";
				PRODUCT_BUNDLE_IDENTIFIER = "Liguo-Jiao.GymWorkoutManagerUITests";
				PRODUCT_NAME = "$(TARGET_NAME)";
				TEST_TARGET_NAME = GymWorkoutManager;
				USES_XCTRUNNER = YES;
			};
			name = Debug;
		};
		E6AD9DB71C4C5F28004F6437 /* Release */ = {
			isa = XCBuildConfiguration;
			buildSettings = {
				INFOPLIST_FILE = GymWorkoutManagerUITests/Info.plist;
				LD_RUNPATH_SEARCH_PATHS = "$(inherited) @executable_path/Frameworks @loader_path/Frameworks";
				PRODUCT_BUNDLE_IDENTIFIER = "Liguo-Jiao.GymWorkoutManagerUITests";
				PRODUCT_NAME = "$(TARGET_NAME)";
				TEST_TARGET_NAME = GymWorkoutManager;
				USES_XCTRUNNER = YES;
			};
			name = Release;
		};
/* End XCBuildConfiguration section */

/* Begin XCConfigurationList section */
		E6AD9D801C4C5F28004F6437 /* Build configuration list for PBXProject "GymWorkoutManager" */ = {
			isa = XCConfigurationList;
			buildConfigurations = (
				E6AD9DAD1C4C5F28004F6437 /* Debug */,
				E6AD9DAE1C4C5F28004F6437 /* Release */,
			);
			defaultConfigurationIsVisible = 0;
			defaultConfigurationName = Release;
		};
		E6AD9DAF1C4C5F28004F6437 /* Build configuration list for PBXNativeTarget "GymWorkoutManager" */ = {
			isa = XCConfigurationList;
			buildConfigurations = (
				E6AD9DB01C4C5F28004F6437 /* Debug */,
				E6AD9DB11C4C5F28004F6437 /* Release */,
			);
			defaultConfigurationIsVisible = 0;
			defaultConfigurationName = Release;
		};
		E6AD9DB21C4C5F28004F6437 /* Build configuration list for PBXNativeTarget "GymWorkoutManagerTests" */ = {
			isa = XCConfigurationList;
			buildConfigurations = (
				E6AD9DB31C4C5F28004F6437 /* Debug */,
				E6AD9DB41C4C5F28004F6437 /* Release */,
			);
			defaultConfigurationIsVisible = 0;
			defaultConfigurationName = Release;
		};
		E6AD9DB51C4C5F28004F6437 /* Build configuration list for PBXNativeTarget "GymWorkoutManagerUITests" */ = {
			isa = XCConfigurationList;
			buildConfigurations = (
				E6AD9DB61C4C5F28004F6437 /* Debug */,
				E6AD9DB71C4C5F28004F6437 /* Release */,
			);
			defaultConfigurationIsVisible = 0;
			defaultConfigurationName = Release;
		};
/* End XCConfigurationList section */
	};
	rootObject = E6AD9D7D1C4C5F28004F6437 /* Project object */;
}
