// !$*UTF8*$!
{
	archiveVersion = 1;
	classes = {
	};
	objectVersion = 46;
	objects = {

/* Begin PBXBuildFile section */
		0507E68B1CEC792900923238 /* profileBackground.jpg in Resources */ = {isa = PBXBuildFile; fileRef = 0507E68A1CEC792900923238 /* profileBackground.jpg */; };
		05083F9F1C4CE0A60008DD95 /* TimeSetupViewController.swift in Sources */ = {isa = PBXBuildFile; fileRef = 05083F9E1C4CE0A60008DD95 /* TimeSetupViewController.swift */; };
		051234831D14F6F700F8A24E /* push_up-256.png in Resources */ = {isa = PBXBuildFile; fileRef = 051234821D14F6F700F8A24E /* push_up-256.png */; };
		052B45871D33C5BF0027E99D /* iPhone_App_iOS5-6_57pt.png in Resources */ = {isa = PBXBuildFile; fileRef = 052B45731D33C5BF0027E99D /* iPhone_App_iOS5-6_57pt.png */; };
		052B45881D33C5BF0027E99D /* iPhone_App_iOS5-6_57pt@2x.png in Resources */ = {isa = PBXBuildFile; fileRef = 052B45741D33C5BF0027E99D /* iPhone_App_iOS5-6_57pt@2x.png */; };
		052B45891D33C5BF0027E99D /* iPhone_App_iOS7-9_60pt@2x.png in Resources */ = {isa = PBXBuildFile; fileRef = 052B45751D33C5BF0027E99D /* iPhone_App_iOS7-9_60pt@2x.png */; };
		052B458A1D33C5BF0027E99D /* iPhone_App_iOS7-9_60pt@3x.png in Resources */ = {isa = PBXBuildFile; fileRef = 052B45761D33C5BF0027E99D /* iPhone_App_iOS7-9_60pt@3x.png */; };
		052B458B1D33C5BF0027E99D /* iPhone_Settings_iOS5-9_29pt@2x.png in Resources */ = {isa = PBXBuildFile; fileRef = 052B45771D33C5BF0027E99D /* iPhone_Settings_iOS5-9_29pt@2x.png */; };
		052B458C1D33C5BF0027E99D /* iPhone_Settings_iOS5-9_29pt@3x.png in Resources */ = {isa = PBXBuildFile; fileRef = 052B45781D33C5BF0027E99D /* iPhone_Settings_iOS5-9_29pt@3x.png */; };
		052B458D1D33C5BF0027E99D /* iPhone_Spotlight_iOS5-6_29pt.png in Resources */ = {isa = PBXBuildFile; fileRef = 052B45791D33C5BF0027E99D /* iPhone_Spotlight_iOS5-6_29pt.png */; };
		052B458E1D33C5BF0027E99D /* iPhone_Spotlight_iOS7-9_40pt@2x.png in Resources */ = {isa = PBXBuildFile; fileRef = 052B457A1D33C5BF0027E99D /* iPhone_Spotlight_iOS7-9_40pt@2x.png */; };
		052B458F1D33C5BF0027E99D /* iPhone_Spotlight_iOS7-9_40pt@3x.png in Resources */ = {isa = PBXBuildFile; fileRef = 052B457B1D33C5BF0027E99D /* iPhone_Spotlight_iOS7-9_40pt@3x.png */; };
		052B45931D33DA870027E99D /* logo.png in Resources */ = {isa = PBXBuildFile; fileRef = 052B45921D33DA870027E99D /* logo.png */; };
		05356CD71CEAEF39007DC7C7 /* 1463483897_date.png in Resources */ = {isa = PBXBuildFile; fileRef = 05356CD61CEAEF39007DC7C7 /* 1463483897_date.png */; };
		05356CDA1CEB53A1007DC7C7 /* Female.png in Resources */ = {isa = PBXBuildFile; fileRef = 05356CD81CEB53A1007DC7C7 /* Female.png */; };
		05356CDB1CEB53A1007DC7C7 /* Male.png in Resources */ = {isa = PBXBuildFile; fileRef = 05356CD91CEB53A1007DC7C7 /* Male.png */; };
		0541EBFF1D8C2C4500B8B1AC /* GymWorkoutManagerUITests.swift in Sources */ = {isa = PBXBuildFile; fileRef = 0541EBFE1D8C2C4500B8B1AC /* GymWorkoutManagerUITests.swift */; };
		0541EC0D1D8C2C4B00B8B1AC /* GymWorkoutManagerTests.swift in Sources */ = {isa = PBXBuildFile; fileRef = 0541EC0C1D8C2C4B00B8B1AC /* GymWorkoutManagerTests.swift */; };
		054B910E1CE6244000851D0E /* AnalysisViewController.swift in Sources */ = {isa = PBXBuildFile; fileRef = 054B910D1CE6244000851D0E /* AnalysisViewController.swift */; };
		056C9FB01CE6108A00CFCDDA /* 1463164731_scale.png in Resources */ = {isa = PBXBuildFile; fileRef = 056C9FAF1CE6108A00CFCDDA /* 1463164731_scale.png */; };
		056C9FB21CE610D500CFCDDA /* 1463164826_centimeter.png in Resources */ = {isa = PBXBuildFile; fileRef = 056C9FB11CE610D500CFCDDA /* 1463164826_centimeter.png */; };
		057946BF1CE74E790051A501 /* profileHeader.png in Resources */ = {isa = PBXBuildFile; fileRef = 057946BE1CE74E790051A501 /* profileHeader.png */; };
		05947C5A1E34C4DE0096379E /* CountingTimer.swift in Sources */ = {isa = PBXBuildFile; fileRef = 05947C591E34C4DE0096379E /* CountingTimer.swift */; };
		059F9E011D8977A200586BFA /* AnalysisGraphViewController.swift in Sources */ = {isa = PBXBuildFile; fileRef = 059F9E001D8977A200586BFA /* AnalysisGraphViewController.swift */; };
		05CD293A1D34E93C00776B39 /* GraphViewCell.swift in Sources */ = {isa = PBXBuildFile; fileRef = 05CD29351D34E93C00776B39 /* GraphViewCell.swift */; };
		05CD293B1D34E93C00776B39 /* RecordInfoCell.swift in Sources */ = {isa = PBXBuildFile; fileRef = 05CD29361D34E93C00776B39 /* RecordInfoCell.swift */; };
		05CD293C1D34E93C00776B39 /* RoundButton.swift in Sources */ = {isa = PBXBuildFile; fileRef = 05CD29371D34E93C00776B39 /* RoundButton.swift */; };
		05CD293D1D34E93C00776B39 /* RoundImage.swift in Sources */ = {isa = PBXBuildFile; fileRef = 05CD29381D34E93C00776B39 /* RoundImage.swift */; };
		05CD293E1D34E93C00776B39 /* TableCell.swift in Sources */ = {isa = PBXBuildFile; fileRef = 05CD29391D34E93C00776B39 /* TableCell.swift */; };
		05CD29471D34E95200776B39 /* ColorCode.swift in Sources */ = {isa = PBXBuildFile; fileRef = 05CD29401D34E95200776B39 /* ColorCode.swift */; };
		05CD29481D34E95200776B39 /* CommonUtils.swift in Sources */ = {isa = PBXBuildFile; fileRef = 05CD29411D34E95200776B39 /* CommonUtils.swift */; };
		05CD29491D34E95200776B39 /* DatabaseHelper.swift in Sources */ = {isa = PBXBuildFile; fileRef = 05CD29421D34E95200776B39 /* DatabaseHelper.swift */; };
		05CD294A1D34E95200776B39 /* Exercise.swift in Sources */ = {isa = PBXBuildFile; fileRef = 05CD29431D34E95200776B39 /* Exercise.swift */; };
		05CD294B1D34E95200776B39 /* Person.swift in Sources */ = {isa = PBXBuildFile; fileRef = 05CD29441D34E95200776B39 /* Person.swift */; };
		05CD294C1D34E95200776B39 /* Plan.swift in Sources */ = {isa = PBXBuildFile; fileRef = 05CD29451D34E95200776B39 /* Plan.swift */; };
		05CD29531D34EA2300776B39 /* BMIBMR.swift in Sources */ = {isa = PBXBuildFile; fileRef = 05CD294F1D34EA2300776B39 /* BMIBMR.swift */; };
		05CD29541D34EA2300776B39 /* PlannerViewController.swift in Sources */ = {isa = PBXBuildFile; fileRef = 05CD29501D34EA2300776B39 /* PlannerViewController.swift */; };
		05CD29551D34EA2300776B39 /* ProfileViewController.swift in Sources */ = {isa = PBXBuildFile; fileRef = 05CD29511D34EA2300776B39 /* ProfileViewController.swift */; };
		05CD29561D34EA2300776B39 /* SetPlanViewController.swift in Sources */ = {isa = PBXBuildFile; fileRef = 05CD29521D34EA2300776B39 /* SetPlanViewController.swift */; };
		3E2190BF137B04E5E1632998 /* Pods_GymWorkoutManager.framework in Frameworks */ = {isa = PBXBuildFile; fileRef = 5C83447117386E69C04A6BB3 /* Pods_GymWorkoutManager.framework */; };
		91FB77302AD777222E63171D /* Pods_GymWorkoutManagerUITests.framework in Frameworks */ = {isa = PBXBuildFile; fileRef = BD37F8AE104EBE333FB25A59 /* Pods_GymWorkoutManagerUITests.framework */; };
		A54400E1543331FF74B396C5 /* Pods_GymWorkoutManagerTests.framework in Frameworks */ = {isa = PBXBuildFile; fileRef = 51551B40022A839893655D16 /* Pods_GymWorkoutManagerTests.framework */; };
		E6294A371D36075B00EB88FC /* PedmeterViewCell.swift in Sources */ = {isa = PBXBuildFile; fileRef = E6294A361D36075B00EB88FC /* PedmeterViewCell.swift */; };
		E62AB4901C55A55500EB15BC /* MainInterfaceViewController.swift in Sources */ = {isa = PBXBuildFile; fileRef = E62AB48F1C55A55500EB15BC /* MainInterfaceViewController.swift */; };
		E66AD44C1D345A4700390CD5 /* user.png in Resources */ = {isa = PBXBuildFile; fileRef = E66AD44B1D345A4700390CD5 /* user.png */; };
		E66AD44E1D346F4A00390CD5 /* 1466238314_running.png in Resources */ = {isa = PBXBuildFile; fileRef = E66AD44D1D346F4A00390CD5 /* 1466238314_running.png */; };
		E66AD4501D346F6200390CD5 /* 1463131048_dumbbell.png in Resources */ = {isa = PBXBuildFile; fileRef = E66AD44F1D346F6200390CD5 /* 1463131048_dumbbell.png */; };
		E6AD9D891C4C5F28004F6437 /* AppDelegate.swift in Sources */ = {isa = PBXBuildFile; fileRef = E6AD9D881C4C5F28004F6437 /* AppDelegate.swift */; };
		E6AD9D8B1C4C5F28004F6437 /* TimerViewController.swift in Sources */ = {isa = PBXBuildFile; fileRef = E6AD9D8A1C4C5F28004F6437 /* TimerViewController.swift */; };
		E6AD9D8D1C4C5F28004F6437 /* RecordViewController.swift in Sources */ = {isa = PBXBuildFile; fileRef = E6AD9D8C1C4C5F28004F6437 /* RecordViewController.swift */; };
		E6AD9D901C4C5F28004F6437 /* Main.storyboard in Resources */ = {isa = PBXBuildFile; fileRef = E6AD9D8E1C4C5F28004F6437 /* Main.storyboard */; };
		E6AD9D921C4C5F28004F6437 /* Assets.xcassets in Resources */ = {isa = PBXBuildFile; fileRef = E6AD9D911C4C5F28004F6437 /* Assets.xcassets */; };
		E6AD9D951C4C5F28004F6437 /* LaunchScreen.storyboard in Resources */ = {isa = PBXBuildFile; fileRef = E6AD9D931C4C5F28004F6437 /* LaunchScreen.storyboard */; };
/* End PBXBuildFile section */

/* Begin PBXContainerItemProxy section */
		0541EC011D8C2C4500B8B1AC /* PBXContainerItemProxy */ = {
			isa = PBXContainerItemProxy;
			containerPortal = E6AD9D7D1C4C5F28004F6437 /* Project object */;
			proxyType = 1;
			remoteGlobalIDString = E6AD9D841C4C5F28004F6437;
			remoteInfo = GymWorkoutManager;
		};
		0541EC0F1D8C2C4B00B8B1AC /* PBXContainerItemProxy */ = {
			isa = PBXContainerItemProxy;
			containerPortal = E6AD9D7D1C4C5F28004F6437 /* Project object */;
			proxyType = 1;
			remoteGlobalIDString = E6AD9D841C4C5F28004F6437;
			remoteInfo = GymWorkoutManager;
		};
/* End PBXContainerItemProxy section */

/* Begin PBXFileReference section */
		0507E68A1CEC792900923238 /* profileBackground.jpg */ = {isa = PBXFileReference; lastKnownFileType = image.jpeg; path = profileBackground.jpg; sourceTree = "<group>"; };
		05083F9E1C4CE0A60008DD95 /* TimeSetupViewController.swift */ = {isa = PBXFileReference; fileEncoding = 4; lastKnownFileType = sourcecode.swift; path = TimeSetupViewController.swift; sourceTree = "<group>"; };
		051234821D14F6F700F8A24E /* push_up-256.png */ = {isa = PBXFileReference; lastKnownFileType = image.png; path = "push_up-256.png"; sourceTree = "<group>"; };
		0521E0F61EB480C20005EEEA /* GymWorkoutManager.entitlements */ = {isa = PBXFileReference; lastKnownFileType = text.plist.entitlements; path = GymWorkoutManager.entitlements; sourceTree = "<group>"; };
		052B45731D33C5BF0027E99D /* iPhone_App_iOS5-6_57pt.png */ = {isa = PBXFileReference; lastKnownFileType = image.png; path = "iPhone_App_iOS5-6_57pt.png"; sourceTree = "<group>"; };
		052B45741D33C5BF0027E99D /* iPhone_App_iOS5-6_57pt@2x.png */ = {isa = PBXFileReference; lastKnownFileType = image.png; path = "iPhone_App_iOS5-6_57pt@2x.png"; sourceTree = "<group>"; };
		052B45751D33C5BF0027E99D /* iPhone_App_iOS7-9_60pt@2x.png */ = {isa = PBXFileReference; lastKnownFileType = image.png; path = "iPhone_App_iOS7-9_60pt@2x.png"; sourceTree = "<group>"; };
		052B45761D33C5BF0027E99D /* iPhone_App_iOS7-9_60pt@3x.png */ = {isa = PBXFileReference; lastKnownFileType = image.png; path = "iPhone_App_iOS7-9_60pt@3x.png"; sourceTree = "<group>"; };
		052B45771D33C5BF0027E99D /* iPhone_Settings_iOS5-9_29pt@2x.png */ = {isa = PBXFileReference; lastKnownFileType = image.png; path = "iPhone_Settings_iOS5-9_29pt@2x.png"; sourceTree = "<group>"; };
		052B45781D33C5BF0027E99D /* iPhone_Settings_iOS5-9_29pt@3x.png */ = {isa = PBXFileReference; lastKnownFileType = image.png; path = "iPhone_Settings_iOS5-9_29pt@3x.png"; sourceTree = "<group>"; };
		052B45791D33C5BF0027E99D /* iPhone_Spotlight_iOS5-6_29pt.png */ = {isa = PBXFileReference; lastKnownFileType = image.png; path = "iPhone_Spotlight_iOS5-6_29pt.png"; sourceTree = "<group>"; };
		052B457A1D33C5BF0027E99D /* iPhone_Spotlight_iOS7-9_40pt@2x.png */ = {isa = PBXFileReference; lastKnownFileType = image.png; path = "iPhone_Spotlight_iOS7-9_40pt@2x.png"; sourceTree = "<group>"; };
		052B457B1D33C5BF0027E99D /* iPhone_Spotlight_iOS7-9_40pt@3x.png */ = {isa = PBXFileReference; lastKnownFileType = image.png; path = "iPhone_Spotlight_iOS7-9_40pt@3x.png"; sourceTree = "<group>"; };
		052B45921D33DA870027E99D /* logo.png */ = {isa = PBXFileReference; lastKnownFileType = image.png; path = logo.png; sourceTree = "<group>"; };
		05356CD61CEAEF39007DC7C7 /* 1463483897_date.png */ = {isa = PBXFileReference; lastKnownFileType = image.png; path = 1463483897_date.png; sourceTree = "<group>"; };
		05356CD81CEB53A1007DC7C7 /* Female.png */ = {isa = PBXFileReference; lastKnownFileType = image.png; path = Female.png; sourceTree = "<group>"; };
		05356CD91CEB53A1007DC7C7 /* Male.png */ = {isa = PBXFileReference; lastKnownFileType = image.png; path = Male.png; sourceTree = "<group>"; };
		0541EBFC1D8C2C4500B8B1AC /* GymWorkoutManagerUITests.xctest */ = {isa = PBXFileReference; explicitFileType = wrapper.cfbundle; includeInIndex = 0; path = GymWorkoutManagerUITests.xctest; sourceTree = BUILT_PRODUCTS_DIR; };
		0541EBFE1D8C2C4500B8B1AC /* GymWorkoutManagerUITests.swift */ = {isa = PBXFileReference; lastKnownFileType = sourcecode.swift; path = GymWorkoutManagerUITests.swift; sourceTree = "<group>"; };
		0541EC001D8C2C4500B8B1AC /* Info.plist */ = {isa = PBXFileReference; lastKnownFileType = text.plist.xml; path = Info.plist; sourceTree = "<group>"; };
		0541EC0A1D8C2C4B00B8B1AC /* GymWorkoutManagerTests.xctest */ = {isa = PBXFileReference; explicitFileType = wrapper.cfbundle; includeInIndex = 0; path = GymWorkoutManagerTests.xctest; sourceTree = BUILT_PRODUCTS_DIR; };
		0541EC0C1D8C2C4B00B8B1AC /* GymWorkoutManagerTests.swift */ = {isa = PBXFileReference; lastKnownFileType = sourcecode.swift; path = GymWorkoutManagerTests.swift; sourceTree = "<group>"; };
		0541EC0E1D8C2C4B00B8B1AC /* Info.plist */ = {isa = PBXFileReference; lastKnownFileType = text.plist.xml; path = Info.plist; sourceTree = "<group>"; };
		054B910D1CE6244000851D0E /* AnalysisViewController.swift */ = {isa = PBXFileReference; fileEncoding = 4; lastKnownFileType = sourcecode.swift; path = AnalysisViewController.swift; sourceTree = "<group>"; };
		056C9FAF1CE6108A00CFCDDA /* 1463164731_scale.png */ = {isa = PBXFileReference; lastKnownFileType = image.png; path = 1463164731_scale.png; sourceTree = "<group>"; };
		056C9FB11CE610D500CFCDDA /* 1463164826_centimeter.png */ = {isa = PBXFileReference; lastKnownFileType = image.png; path = 1463164826_centimeter.png; sourceTree = "<group>"; };
		057946BE1CE74E790051A501 /* profileHeader.png */ = {isa = PBXFileReference; lastKnownFileType = image.png; path = profileHeader.png; sourceTree = "<group>"; };
		05947C591E34C4DE0096379E /* CountingTimer.swift */ = {isa = PBXFileReference; fileEncoding = 4; lastKnownFileType = sourcecode.swift; path = CountingTimer.swift; sourceTree = "<group>"; };
		059F9E001D8977A200586BFA /* AnalysisGraphViewController.swift */ = {isa = PBXFileReference; fileEncoding = 4; lastKnownFileType = sourcecode.swift; path = AnalysisGraphViewController.swift; sourceTree = "<group>"; };
		05CD29351D34E93C00776B39 /* GraphViewCell.swift */ = {isa = PBXFileReference; fileEncoding = 4; lastKnownFileType = sourcecode.swift; path = GraphViewCell.swift; sourceTree = "<group>"; };
		05CD29361D34E93C00776B39 /* RecordInfoCell.swift */ = {isa = PBXFileReference; fileEncoding = 4; lastKnownFileType = sourcecode.swift; path = RecordInfoCell.swift; sourceTree = "<group>"; };
		05CD29371D34E93C00776B39 /* RoundButton.swift */ = {isa = PBXFileReference; fileEncoding = 4; lastKnownFileType = sourcecode.swift; path = RoundButton.swift; sourceTree = "<group>"; };
		05CD29381D34E93C00776B39 /* RoundImage.swift */ = {isa = PBXFileReference; fileEncoding = 4; lastKnownFileType = sourcecode.swift; path = RoundImage.swift; sourceTree = "<group>"; };
		05CD29391D34E93C00776B39 /* TableCell.swift */ = {isa = PBXFileReference; fileEncoding = 4; lastKnownFileType = sourcecode.swift; path = TableCell.swift; sourceTree = "<group>"; };
		05CD29401D34E95200776B39 /* ColorCode.swift */ = {isa = PBXFileReference; fileEncoding = 4; lastKnownFileType = sourcecode.swift; path = ColorCode.swift; sourceTree = "<group>"; };
		05CD29411D34E95200776B39 /* CommonUtils.swift */ = {isa = PBXFileReference; fileEncoding = 4; lastKnownFileType = sourcecode.swift; path = CommonUtils.swift; sourceTree = "<group>"; };
		05CD29421D34E95200776B39 /* DatabaseHelper.swift */ = {isa = PBXFileReference; fileEncoding = 4; lastKnownFileType = sourcecode.swift; path = DatabaseHelper.swift; sourceTree = "<group>"; };
		05CD29431D34E95200776B39 /* Exercise.swift */ = {isa = PBXFileReference; fileEncoding = 4; lastKnownFileType = sourcecode.swift; path = Exercise.swift; sourceTree = "<group>"; };
		05CD29441D34E95200776B39 /* Person.swift */ = {isa = PBXFileReference; fileEncoding = 4; lastKnownFileType = sourcecode.swift; path = Person.swift; sourceTree = "<group>"; };
		05CD29451D34E95200776B39 /* Plan.swift */ = {isa = PBXFileReference; fileEncoding = 4; lastKnownFileType = sourcecode.swift; path = Plan.swift; sourceTree = "<group>"; };
		05CD294F1D34EA2300776B39 /* BMIBMR.swift */ = {isa = PBXFileReference; fileEncoding = 4; lastKnownFileType = sourcecode.swift; path = BMIBMR.swift; sourceTree = "<group>"; };
		05CD29501D34EA2300776B39 /* PlannerViewController.swift */ = {isa = PBXFileReference; fileEncoding = 4; lastKnownFileType = sourcecode.swift; path = PlannerViewController.swift; sourceTree = "<group>"; };
		05CD29511D34EA2300776B39 /* ProfileViewController.swift */ = {isa = PBXFileReference; fileEncoding = 4; lastKnownFileType = sourcecode.swift; path = ProfileViewController.swift; sourceTree = "<group>"; };
		05CD29521D34EA2300776B39 /* SetPlanViewController.swift */ = {isa = PBXFileReference; fileEncoding = 4; lastKnownFileType = sourcecode.swift; path = SetPlanViewController.swift; sourceTree = "<group>"; };
		05F797CD1D37746800B5FEA6 /* developerfile.developerprofile */ = {isa = PBXFileReference; lastKnownFileType = file; path = developerfile.developerprofile; sourceTree = "<group>"; };
		12EE2FEC1CEF7DFF00F7178F /* GymWorkoutManager-Bridging-Header.h */ = {isa = PBXFileReference; lastKnownFileType = sourcecode.c.h; path = "GymWorkoutManager-Bridging-Header.h"; sourceTree = "<group>"; };
		151C6D5841126256237D54E1 /* Pods-GymWorkoutManager.debug.xcconfig */ = {isa = PBXFileReference; includeInIndex = 1; lastKnownFileType = text.xcconfig; name = "Pods-GymWorkoutManager.debug.xcconfig"; path = "Pods/Target Support Files/Pods-GymWorkoutManager/Pods-GymWorkoutManager.debug.xcconfig"; sourceTree = "<group>"; };
		47700E3BFFE0AE7F135B2C4F /* Pods-GymWorkoutManager.release.xcconfig */ = {isa = PBXFileReference; includeInIndex = 1; lastKnownFileType = text.xcconfig; name = "Pods-GymWorkoutManager.release.xcconfig"; path = "Pods/Target Support Files/Pods-GymWorkoutManager/Pods-GymWorkoutManager.release.xcconfig"; sourceTree = "<group>"; };
		51551B40022A839893655D16 /* Pods_GymWorkoutManagerTests.framework */ = {isa = PBXFileReference; explicitFileType = wrapper.framework; includeInIndex = 0; path = Pods_GymWorkoutManagerTests.framework; sourceTree = BUILT_PRODUCTS_DIR; };
		5C83447117386E69C04A6BB3 /* Pods_GymWorkoutManager.framework */ = {isa = PBXFileReference; explicitFileType = wrapper.framework; includeInIndex = 0; path = Pods_GymWorkoutManager.framework; sourceTree = BUILT_PRODUCTS_DIR; };
		5EF9819A6B2B4D25EAAD9811 /* Pods.framework */ = {isa = PBXFileReference; explicitFileType = wrapper.framework; includeInIndex = 0; path = Pods.framework; sourceTree = BUILT_PRODUCTS_DIR; };
		686DA16FC9C82D87905FD416 /* Pods-GymWorkoutManagerUITests.release.xcconfig */ = {isa = PBXFileReference; includeInIndex = 1; lastKnownFileType = text.xcconfig; name = "Pods-GymWorkoutManagerUITests.release.xcconfig"; path = "Pods/Target Support Files/Pods-GymWorkoutManagerUITests/Pods-GymWorkoutManagerUITests.release.xcconfig"; sourceTree = "<group>"; };
		BD37F8AE104EBE333FB25A59 /* Pods_GymWorkoutManagerUITests.framework */ = {isa = PBXFileReference; explicitFileType = wrapper.framework; includeInIndex = 0; path = Pods_GymWorkoutManagerUITests.framework; sourceTree = BUILT_PRODUCTS_DIR; };
		CABCE037BAF667446A1F59FE /* Pods-GymWorkoutManagerTests.release.xcconfig */ = {isa = PBXFileReference; includeInIndex = 1; lastKnownFileType = text.xcconfig; name = "Pods-GymWorkoutManagerTests.release.xcconfig"; path = "Pods/Target Support Files/Pods-GymWorkoutManagerTests/Pods-GymWorkoutManagerTests.release.xcconfig"; sourceTree = "<group>"; };
		E6294A361D36075B00EB88FC /* PedmeterViewCell.swift */ = {isa = PBXFileReference; fileEncoding = 4; lastKnownFileType = sourcecode.swift; path = PedmeterViewCell.swift; sourceTree = "<group>"; };
		E62AB48F1C55A55500EB15BC /* MainInterfaceViewController.swift */ = {isa = PBXFileReference; fileEncoding = 4; lastKnownFileType = sourcecode.swift; path = MainInterfaceViewController.swift; sourceTree = "<group>"; };
		E66AD44B1D345A4700390CD5 /* user.png */ = {isa = PBXFileReference; lastKnownFileType = image.png; path = user.png; sourceTree = "<group>"; };
		E66AD44D1D346F4A00390CD5 /* 1466238314_running.png */ = {isa = PBXFileReference; lastKnownFileType = image.png; path = 1466238314_running.png; sourceTree = "<group>"; };
		E66AD44F1D346F6200390CD5 /* 1463131048_dumbbell.png */ = {isa = PBXFileReference; lastKnownFileType = image.png; path = 1463131048_dumbbell.png; sourceTree = "<group>"; };
		E6AD9D851C4C5F28004F6437 /* GymWorkoutManager.app */ = {isa = PBXFileReference; explicitFileType = wrapper.application; includeInIndex = 0; path = GymWorkoutManager.app; sourceTree = BUILT_PRODUCTS_DIR; };
		E6AD9D881C4C5F28004F6437 /* AppDelegate.swift */ = {isa = PBXFileReference; lastKnownFileType = sourcecode.swift; path = AppDelegate.swift; sourceTree = "<group>"; };
		E6AD9D8A1C4C5F28004F6437 /* TimerViewController.swift */ = {isa = PBXFileReference; lastKnownFileType = sourcecode.swift; path = TimerViewController.swift; sourceTree = "<group>"; };
		E6AD9D8C1C4C5F28004F6437 /* RecordViewController.swift */ = {isa = PBXFileReference; lastKnownFileType = sourcecode.swift; path = RecordViewController.swift; sourceTree = "<group>"; };
		E6AD9D8F1C4C5F28004F6437 /* Base */ = {isa = PBXFileReference; lastKnownFileType = file.storyboard; name = Base; path = Base.lproj/Main.storyboard; sourceTree = "<group>"; };
		E6AD9D911C4C5F28004F6437 /* Assets.xcassets */ = {isa = PBXFileReference; lastKnownFileType = folder.assetcatalog; path = Assets.xcassets; sourceTree = "<group>"; };
		E6AD9D941C4C5F28004F6437 /* Base */ = {isa = PBXFileReference; lastKnownFileType = file.storyboard; name = Base; path = Base.lproj/LaunchScreen.storyboard; sourceTree = "<group>"; };
		E6AD9D961C4C5F28004F6437 /* Info.plist */ = {isa = PBXFileReference; lastKnownFileType = text.plist.xml; path = Info.plist; sourceTree = "<group>"; };
		EE9905C3665D9FD903BBAFE4 /* Pods-GymWorkoutManagerTests.debug.xcconfig */ = {isa = PBXFileReference; includeInIndex = 1; lastKnownFileType = text.xcconfig; name = "Pods-GymWorkoutManagerTests.debug.xcconfig"; path = "Pods/Target Support Files/Pods-GymWorkoutManagerTests/Pods-GymWorkoutManagerTests.debug.xcconfig"; sourceTree = "<group>"; };
		FBD142EC11B7B24221B5DE4D /* Pods-GymWorkoutManagerUITests.debug.xcconfig */ = {isa = PBXFileReference; includeInIndex = 1; lastKnownFileType = text.xcconfig; name = "Pods-GymWorkoutManagerUITests.debug.xcconfig"; path = "Pods/Target Support Files/Pods-GymWorkoutManagerUITests/Pods-GymWorkoutManagerUITests.debug.xcconfig"; sourceTree = "<group>"; };
/* End PBXFileReference section */

/* Begin PBXFrameworksBuildPhase section */
		0541EBF91D8C2C4500B8B1AC /* Frameworks */ = {
			isa = PBXFrameworksBuildPhase;
			buildActionMask = 2147483647;
			files = (
				91FB77302AD777222E63171D /* Pods_GymWorkoutManagerUITests.framework in Frameworks */,
			);
			runOnlyForDeploymentPostprocessing = 0;
		};
		0541EC071D8C2C4B00B8B1AC /* Frameworks */ = {
			isa = PBXFrameworksBuildPhase;
			buildActionMask = 2147483647;
			files = (
				A54400E1543331FF74B396C5 /* Pods_GymWorkoutManagerTests.framework in Frameworks */,
			);
			runOnlyForDeploymentPostprocessing = 0;
		};
		E6AD9D821C4C5F28004F6437 /* Frameworks */ = {
			isa = PBXFrameworksBuildPhase;
			buildActionMask = 2147483647;
			files = (
				3E2190BF137B04E5E1632998 /* Pods_GymWorkoutManager.framework in Frameworks */,
			);
			runOnlyForDeploymentPostprocessing = 0;
		};
/* End PBXFrameworksBuildPhase section */

/* Begin PBXGroup section */
		051F4C3B1C9C008A004EA632 /* ViewControllers */ = {
			isa = PBXGroup;
			children = (
				05CD294E1D34EA2300776B39 /* ProfileViewControllers */,
				E6AD9D8A1C4C5F28004F6437 /* TimerViewController.swift */,
				E6AD9D8C1C4C5F28004F6437 /* RecordViewController.swift */,
				05083F9E1C4CE0A60008DD95 /* TimeSetupViewController.swift */,
				E62AB48F1C55A55500EB15BC /* MainInterfaceViewController.swift */,
				054B910D1CE6244000851D0E /* AnalysisViewController.swift */,
				059F9E001D8977A200586BFA /* AnalysisGraphViewController.swift */,
			);
			name = ViewControllers;
			sourceTree = "<group>";
		};
		052B45671D33C5BE0027E99D /* iPhone */ = {
			isa = PBXGroup;
			children = (
				052B45731D33C5BF0027E99D /* iPhone_App_iOS5-6_57pt.png */,
				052B45741D33C5BF0027E99D /* iPhone_App_iOS5-6_57pt@2x.png */,
				052B45751D33C5BF0027E99D /* iPhone_App_iOS7-9_60pt@2x.png */,
				052B45761D33C5BF0027E99D /* iPhone_App_iOS7-9_60pt@3x.png */,
				052B45771D33C5BF0027E99D /* iPhone_Settings_iOS5-9_29pt@2x.png */,
				052B45781D33C5BF0027E99D /* iPhone_Settings_iOS5-9_29pt@3x.png */,
				052B45791D33C5BF0027E99D /* iPhone_Spotlight_iOS5-6_29pt.png */,
				052B457A1D33C5BF0027E99D /* iPhone_Spotlight_iOS7-9_40pt@2x.png */,
				052B457B1D33C5BF0027E99D /* iPhone_Spotlight_iOS7-9_40pt@3x.png */,
			);
			path = iPhone;
			sourceTree = "<group>";
		};
		0541EBFD1D8C2C4500B8B1AC /* GymWorkoutManagerUITests */ = {
			isa = PBXGroup;
			children = (
				0541EBFE1D8C2C4500B8B1AC /* GymWorkoutManagerUITests.swift */,
				0541EC001D8C2C4500B8B1AC /* Info.plist */,
			);
			path = GymWorkoutManagerUITests;
			sourceTree = "<group>";
		};
		0541EC0B1D8C2C4B00B8B1AC /* GymWorkoutManagerTests */ = {
			isa = PBXGroup;
			children = (
				0541EC0C1D8C2C4B00B8B1AC /* GymWorkoutManagerTests.swift */,
				0541EC0E1D8C2C4B00B8B1AC /* Info.plist */,
			);
			path = GymWorkoutManagerTests;
			sourceTree = "<group>";
		};
		056D64541CB4FBA20057DC49 /* SoundEffects */ = {
			isa = PBXGroup;
			children = (
			);
			name = SoundEffects;
			sourceTree = "<group>";
		};
		05CD29341D34E93C00776B39 /* View */ = {
			isa = PBXGroup;
			children = (
				E6294A361D36075B00EB88FC /* PedmeterViewCell.swift */,
				05CD29351D34E93C00776B39 /* GraphViewCell.swift */,
				05CD29361D34E93C00776B39 /* RecordInfoCell.swift */,
				05CD29371D34E93C00776B39 /* RoundButton.swift */,
				05CD29381D34E93C00776B39 /* RoundImage.swift */,
				05CD29391D34E93C00776B39 /* TableCell.swift */,
			);
			path = View;
			sourceTree = "<group>";
		};
		05CD293F1D34E95200776B39 /* Model */ = {
			isa = PBXGroup;
			children = (
				05CD29401D34E95200776B39 /* ColorCode.swift */,
				05CD29411D34E95200776B39 /* CommonUtils.swift */,
				05CD29421D34E95200776B39 /* DatabaseHelper.swift */,
				05CD29431D34E95200776B39 /* Exercise.swift */,
				05CD29441D34E95200776B39 /* Person.swift */,
				05CD29451D34E95200776B39 /* Plan.swift */,
				05947C591E34C4DE0096379E /* CountingTimer.swift */,
			);
			path = Model;
			sourceTree = "<group>";
		};
		05CD294E1D34EA2300776B39 /* ProfileViewControllers */ = {
			isa = PBXGroup;
			children = (
				05CD294F1D34EA2300776B39 /* BMIBMR.swift */,
				05CD29501D34EA2300776B39 /* PlannerViewController.swift */,
				05CD29511D34EA2300776B39 /* ProfileViewController.swift */,
				05CD29521D34EA2300776B39 /* SetPlanViewController.swift */,
			);
			path = ProfileViewControllers;
			sourceTree = "<group>";
		};
		9362B02994748E37E71F65CE /* Frameworks */ = {
			isa = PBXGroup;
			children = (
				5EF9819A6B2B4D25EAAD9811 /* Pods.framework */,
				5C83447117386E69C04A6BB3 /* Pods_GymWorkoutManager.framework */,
				51551B40022A839893655D16 /* Pods_GymWorkoutManagerTests.framework */,
				BD37F8AE104EBE333FB25A59 /* Pods_GymWorkoutManagerUITests.framework */,
			);
			name = Frameworks;
			sourceTree = "<group>";
		};
		E095E2C4F2433260439CCBE5 /* Pods */ = {
			isa = PBXGroup;
			children = (
				151C6D5841126256237D54E1 /* Pods-GymWorkoutManager.debug.xcconfig */,
				47700E3BFFE0AE7F135B2C4F /* Pods-GymWorkoutManager.release.xcconfig */,
				EE9905C3665D9FD903BBAFE4 /* Pods-GymWorkoutManagerTests.debug.xcconfig */,
				CABCE037BAF667446A1F59FE /* Pods-GymWorkoutManagerTests.release.xcconfig */,
				FBD142EC11B7B24221B5DE4D /* Pods-GymWorkoutManagerUITests.debug.xcconfig */,
				686DA16FC9C82D87905FD416 /* Pods-GymWorkoutManagerUITests.release.xcconfig */,
			);
			name = Pods;
			sourceTree = "<group>";
		};
		E6AD9D7C1C4C5F28004F6437 = {
			isa = PBXGroup;
			children = (
				056D64541CB4FBA20057DC49 /* SoundEffects */,
				E6D0A0DA1C4C6B2200F43DB5 /* Icon */,
				E6D0A0D71C4C687900F43DB5 /* Images */,
				E6AD9D871C4C5F28004F6437 /* GymWorkoutManager */,
				0541EBFD1D8C2C4500B8B1AC /* GymWorkoutManagerUITests */,
				0541EC0B1D8C2C4B00B8B1AC /* GymWorkoutManagerTests */,
				E6AD9D861C4C5F28004F6437 /* Products */,
				9362B02994748E37E71F65CE /* Frameworks */,
				E095E2C4F2433260439CCBE5 /* Pods */,
			);
			sourceTree = "<group>";
		};
		E6AD9D861C4C5F28004F6437 /* Products */ = {
			isa = PBXGroup;
			children = (
				E6AD9D851C4C5F28004F6437 /* GymWorkoutManager.app */,
				0541EBFC1D8C2C4500B8B1AC /* GymWorkoutManagerUITests.xctest */,
				0541EC0A1D8C2C4B00B8B1AC /* GymWorkoutManagerTests.xctest */,
			);
			name = Products;
			sourceTree = "<group>";
		};
		E6AD9D871C4C5F28004F6437 /* GymWorkoutManager */ = {
			isa = PBXGroup;
			children = (
				0521E0F61EB480C20005EEEA /* GymWorkoutManager.entitlements */,
				05F797CD1D37746800B5FEA6 /* developerfile.developerprofile */,
				05CD293F1D34E95200776B39 /* Model */,
				05CD29341D34E93C00776B39 /* View */,
				051F4C3B1C9C008A004EA632 /* ViewControllers */,
				E6AD9D8E1C4C5F28004F6437 /* Main.storyboard */,
				E6AD9D881C4C5F28004F6437 /* AppDelegate.swift */,
				E6AD9D911C4C5F28004F6437 /* Assets.xcassets */,
				E6AD9D931C4C5F28004F6437 /* LaunchScreen.storyboard */,
				E6AD9D961C4C5F28004F6437 /* Info.plist */,
				12EE2FEC1CEF7DFF00F7178F /* GymWorkoutManager-Bridging-Header.h */,
			);
			path = GymWorkoutManager;
			sourceTree = "<group>";
		};
		E6D0A0D71C4C687900F43DB5 /* Images */ = {
			isa = PBXGroup;
			children = (
				E66AD44D1D346F4A00390CD5 /* 1466238314_running.png */,
				E66AD44F1D346F6200390CD5 /* 1463131048_dumbbell.png */,
				E66AD44B1D345A4700390CD5 /* user.png */,
				05356CD81CEB53A1007DC7C7 /* Female.png */,
				05356CD91CEB53A1007DC7C7 /* Male.png */,
				057946BE1CE74E790051A501 /* profileHeader.png */,
				0507E68A1CEC792900923238 /* profileBackground.jpg */,
				051234821D14F6F700F8A24E /* push_up-256.png */,
			);
			path = Images;
			sourceTree = "<group>";
		};
		E6D0A0DA1C4C6B2200F43DB5 /* Icon */ = {
			isa = PBXGroup;
			children = (
				05356CD61CEAEF39007DC7C7 /* 1463483897_date.png */,
				056C9FB11CE610D500CFCDDA /* 1463164826_centimeter.png */,
				056C9FAF1CE6108A00CFCDDA /* 1463164731_scale.png */,
				052B45921D33DA870027E99D /* logo.png */,
				052B45671D33C5BE0027E99D /* iPhone */,
			);
			path = Icon;
			sourceTree = "<group>";
		};
/* End PBXGroup section */

/* Begin PBXNativeTarget section */
		0541EBFB1D8C2C4500B8B1AC /* GymWorkoutManagerUITests */ = {
			isa = PBXNativeTarget;
			buildConfigurationList = 0541EC031D8C2C4500B8B1AC /* Build configuration list for PBXNativeTarget "GymWorkoutManagerUITests" */;
			buildPhases = (
				BE70F2212978E2930734B3E3 /* [CP] Check Pods Manifest.lock */,
				0541EBF81D8C2C4500B8B1AC /* Sources */,
				0541EBF91D8C2C4500B8B1AC /* Frameworks */,
				0541EBFA1D8C2C4500B8B1AC /* Resources */,
				EF2A7FA04B4A6774E6302E65 /* [CP] Embed Pods Frameworks */,
			);
			buildRules = (
			);
			dependencies = (
				0541EC021D8C2C4500B8B1AC /* PBXTargetDependency */,
			);
			name = GymWorkoutManagerUITests;
			productName = GymWorkoutManagerUITests;
			productReference = 0541EBFC1D8C2C4500B8B1AC /* GymWorkoutManagerUITests.xctest */;
			productType = "com.apple.product-type.bundle.ui-testing";
		};
		0541EC091D8C2C4B00B8B1AC /* GymWorkoutManagerTests */ = {
			isa = PBXNativeTarget;
			buildConfigurationList = 0541EC111D8C2C4B00B8B1AC /* Build configuration list for PBXNativeTarget "GymWorkoutManagerTests" */;
			buildPhases = (
				118DF8506CCDAFB475641EC6 /* [CP] Check Pods Manifest.lock */,
				0541EC061D8C2C4B00B8B1AC /* Sources */,
				0541EC071D8C2C4B00B8B1AC /* Frameworks */,
				0541EC081D8C2C4B00B8B1AC /* Resources */,
				26F69F2E5E3C92F6CED11832 /* [CP] Embed Pods Frameworks */,
			);
			buildRules = (
			);
			dependencies = (
				0541EC101D8C2C4B00B8B1AC /* PBXTargetDependency */,
			);
			name = GymWorkoutManagerTests;
			productName = GymWorkoutManagerTests;
			productReference = 0541EC0A1D8C2C4B00B8B1AC /* GymWorkoutManagerTests.xctest */;
			productType = "com.apple.product-type.bundle.unit-test";
		};
		E6AD9D841C4C5F28004F6437 /* GymWorkoutManager */ = {
			isa = PBXNativeTarget;
			buildConfigurationList = E6AD9DAF1C4C5F28004F6437 /* Build configuration list for PBXNativeTarget "GymWorkoutManager" */;
			buildPhases = (
				C154C99D52CBABFFBFA1DB34 /* [CP] Check Pods Manifest.lock */,
				E6AD9D811C4C5F28004F6437 /* Sources */,
				E6AD9D821C4C5F28004F6437 /* Frameworks */,
				059F9E021D8ADC7600586BFA /* Run Script */,
				E6AD9D831C4C5F28004F6437 /* Resources */,
				1548E492CDC567C94C95F7A9 /* [CP] Embed Pods Frameworks */,
			);
			buildRules = (
			);
			dependencies = (
			);
			name = GymWorkoutManager;
			productName = GymWorkoutManager;
			productReference = E6AD9D851C4C5F28004F6437 /* GymWorkoutManager.app */;
			productType = "com.apple.product-type.application";
		};
/* End PBXNativeTarget section */

/* Begin PBXProject section */
		E6AD9D7D1C4C5F28004F6437 /* Project object */ = {
			isa = PBXProject;
			attributes = {
				LastSwiftUpdateCheck = 0800;
				LastUpgradeCheck = 1020;
				ORGANIZATIONNAME = McKay;
				TargetAttributes = {
					0541EBFB1D8C2C4500B8B1AC = {
						CreatedOnToolsVersion = 8.0;
						LastSwiftMigration = 0800;
						ProvisioningStyle = Automatic;
						TestTargetID = E6AD9D841C4C5F28004F6437;
					};
					0541EC091D8C2C4B00B8B1AC = {
						CreatedOnToolsVersion = 8.0;
						LastSwiftMigration = 0800;
						ProvisioningStyle = Automatic;
						TestTargetID = E6AD9D841C4C5F28004F6437;
					};
					E6AD9D841C4C5F28004F6437 = {
						CreatedOnToolsVersion = 7.2;
						DevelopmentTeam = V7QHHUD2M5;
						LastSwiftMigration = 0800;
						ProvisioningStyle = Automatic;
						SystemCapabilities = {
							com.apple.HealthKit = {
								enabled = 0;
							};
							com.apple.Push = {
								enabled = 0;
							};
						};
					};
				};
			};
			buildConfigurationList = E6AD9D801C4C5F28004F6437 /* Build configuration list for PBXProject "GymWorkoutManager" */;
			compatibilityVersion = "Xcode 3.2";
			developmentRegion = en;
			hasScannedForEncodings = 0;
			knownRegions = (
				en,
				Base,
			);
			mainGroup = E6AD9D7C1C4C5F28004F6437;
			productRefGroup = E6AD9D861C4C5F28004F6437 /* Products */;
			projectDirPath = "";
			projectRoot = "";
			targets = (
				E6AD9D841C4C5F28004F6437 /* GymWorkoutManager */,
				0541EBFB1D8C2C4500B8B1AC /* GymWorkoutManagerUITests */,
				0541EC091D8C2C4B00B8B1AC /* GymWorkoutManagerTests */,
			);
		};
/* End PBXProject section */

/* Begin PBXResourcesBuildPhase section */
		0541EBFA1D8C2C4500B8B1AC /* Resources */ = {
			isa = PBXResourcesBuildPhase;
			buildActionMask = 2147483647;
			files = (
			);
			runOnlyForDeploymentPostprocessing = 0;
		};
		0541EC081D8C2C4B00B8B1AC /* Resources */ = {
			isa = PBXResourcesBuildPhase;
			buildActionMask = 2147483647;
			files = (
			);
			runOnlyForDeploymentPostprocessing = 0;
		};
		E6AD9D831C4C5F28004F6437 /* Resources */ = {
			isa = PBXResourcesBuildPhase;
			buildActionMask = 2147483647;
			files = (
				05356CDB1CEB53A1007DC7C7 /* Male.png in Resources */,
				E66AD44E1D346F4A00390CD5 /* 1466238314_running.png in Resources */,
				056C9FB21CE610D500CFCDDA /* 1463164826_centimeter.png in Resources */,
				E6AD9D951C4C5F28004F6437 /* LaunchScreen.storyboard in Resources */,
				05356CDA1CEB53A1007DC7C7 /* Female.png in Resources */,
				052B458E1D33C5BF0027E99D /* iPhone_Spotlight_iOS7-9_40pt@2x.png in Resources */,
				E6AD9D921C4C5F28004F6437 /* Assets.xcassets in Resources */,
				051234831D14F6F700F8A24E /* push_up-256.png in Resources */,
				052B458F1D33C5BF0027E99D /* iPhone_Spotlight_iOS7-9_40pt@3x.png in Resources */,
				05356CD71CEAEF39007DC7C7 /* 1463483897_date.png in Resources */,
				052B458B1D33C5BF0027E99D /* iPhone_Settings_iOS5-9_29pt@2x.png in Resources */,
				052B45881D33C5BF0027E99D /* iPhone_App_iOS5-6_57pt@2x.png in Resources */,
				052B458C1D33C5BF0027E99D /* iPhone_Settings_iOS5-9_29pt@3x.png in Resources */,
				0507E68B1CEC792900923238 /* profileBackground.jpg in Resources */,
				052B45891D33C5BF0027E99D /* iPhone_App_iOS7-9_60pt@2x.png in Resources */,
				052B45871D33C5BF0027E99D /* iPhone_App_iOS5-6_57pt.png in Resources */,
				052B458D1D33C5BF0027E99D /* iPhone_Spotlight_iOS5-6_29pt.png in Resources */,
				E66AD4501D346F6200390CD5 /* 1463131048_dumbbell.png in Resources */,
				057946BF1CE74E790051A501 /* profileHeader.png in Resources */,
				E6AD9D901C4C5F28004F6437 /* Main.storyboard in Resources */,
				052B45931D33DA870027E99D /* logo.png in Resources */,
				056C9FB01CE6108A00CFCDDA /* 1463164731_scale.png in Resources */,
				E66AD44C1D345A4700390CD5 /* user.png in Resources */,
				052B458A1D33C5BF0027E99D /* iPhone_App_iOS7-9_60pt@3x.png in Resources */,
			);
			runOnlyForDeploymentPostprocessing = 0;
		};
/* End PBXResourcesBuildPhase section */

/* Begin PBXShellScriptBuildPhase section */
		059F9E021D8ADC7600586BFA /* Run Script */ = {
			isa = PBXShellScriptBuildPhase;
			buildActionMask = 8;
			files = (
			);
			inputPaths = (
			);
			name = "Run Script";
			outputPaths = (
			);
			runOnlyForDeploymentPostprocessing = 1;
			shellPath = /bin/sh;
			shellScript = "buildNumber=$(/usr/libexec/PlistBuddy -c \"Print CFBundleVersion\" \"${PROJECT_DIR}/${INFOPLIST_FILE}\")\nbuildNumber=$(($buildNumber + 1))\n/usr/libexec/PlistBuddy -c \"Set :CFBundleVersion $buildNumber\" \"${PROJECT_DIR}/${INFOPLIST_FILE}\"";
		};
		118DF8506CCDAFB475641EC6 /* [CP] Check Pods Manifest.lock */ = {
			isa = PBXShellScriptBuildPhase;
			buildActionMask = 2147483647;
			files = (
			);
			inputPaths = (
				"${PODS_PODFILE_DIR_PATH}/Podfile.lock",
				"${PODS_ROOT}/Manifest.lock",
			);
			name = "[CP] Check Pods Manifest.lock";
			outputPaths = (
				"$(DERIVED_FILE_DIR)/Pods-GymWorkoutManagerTests-checkManifestLockResult.txt",
			);
			runOnlyForDeploymentPostprocessing = 0;
			shellPath = /bin/sh;
			shellScript = "diff \"${PODS_PODFILE_DIR_PATH}/Podfile.lock\" \"${PODS_ROOT}/Manifest.lock\" > /dev/null\nif [ $? != 0 ] ; then\n    # print error to STDERR\n    echo \"error: The sandbox is not in sync with the Podfile.lock. Run 'pod install' or update your CocoaPods installation.\" >&2\n    exit 1\nfi\n# This output is used by Xcode 'outputs' to avoid re-running this script phase.\necho \"SUCCESS\" > \"${SCRIPT_OUTPUT_FILE_0}\"\n";
			showEnvVarsInLog = 0;
		};
		1548E492CDC567C94C95F7A9 /* [CP] Embed Pods Frameworks */ = {
			isa = PBXShellScriptBuildPhase;
			buildActionMask = 2147483647;
			files = (
			);
			inputPaths = (
				"${PODS_ROOT}/Target Support Files/Pods-GymWorkoutManager/Pods-GymWorkoutManager-frameworks.sh",
				"${BUILT_PRODUCTS_DIR}/AVOSCloud/AVOSCloud.framework",
				"${BUILT_PRODUCTS_DIR}/AVOSCloudIM/AVOSCloudIM.framework",
				"${BUILT_PRODUCTS_DIR}/CVCalendar/CVCalendar.framework",
				"${BUILT_PRODUCTS_DIR}/Charts/Charts.framework",
				"${BUILT_PRODUCTS_DIR}/ChartsRealm/ChartsRealm.framework",
				"${BUILT_PRODUCTS_DIR}/CircleMenu/CircleMenu.framework",
				"${BUILT_PRODUCTS_DIR}/JVFloatLabeledTextField/JVFloatLabeledTextField.framework",
				"${BUILT_PRODUCTS_DIR}/Realm/Realm.framework",
				"${BUILT_PRODUCTS_DIR}/RealmSwift/RealmSwift.framework",
				"${BUILT_PRODUCTS_DIR}/ScrollableGraphView/ScrollableGraphView.framework",
			);
			name = "[CP] Embed Pods Frameworks";
			outputPaths = (
				"${TARGET_BUILD_DIR}/${FRAMEWORKS_FOLDER_PATH}/AVOSCloud.framework",
				"${TARGET_BUILD_DIR}/${FRAMEWORKS_FOLDER_PATH}/AVOSCloudIM.framework",
				"${TARGET_BUILD_DIR}/${FRAMEWORKS_FOLDER_PATH}/CVCalendar.framework",
				"${TARGET_BUILD_DIR}/${FRAMEWORKS_FOLDER_PATH}/Charts.framework",
				"${TARGET_BUILD_DIR}/${FRAMEWORKS_FOLDER_PATH}/ChartsRealm.framework",
				"${TARGET_BUILD_DIR}/${FRAMEWORKS_FOLDER_PATH}/CircleMenu.framework",
				"${TARGET_BUILD_DIR}/${FRAMEWORKS_FOLDER_PATH}/JVFloatLabeledTextField.framework",
				"${TARGET_BUILD_DIR}/${FRAMEWORKS_FOLDER_PATH}/Realm.framework",
				"${TARGET_BUILD_DIR}/${FRAMEWORKS_FOLDER_PATH}/RealmSwift.framework",
				"${TARGET_BUILD_DIR}/${FRAMEWORKS_FOLDER_PATH}/ScrollableGraphView.framework",
			);
			runOnlyForDeploymentPostprocessing = 0;
			shellPath = /bin/sh;
			shellScript = "\"${PODS_ROOT}/Target Support Files/Pods-GymWorkoutManager/Pods-GymWorkoutManager-frameworks.sh\"\n";
			showEnvVarsInLog = 0;
		};
		26F69F2E5E3C92F6CED11832 /* [CP] Embed Pods Frameworks */ = {
			isa = PBXShellScriptBuildPhase;
			buildActionMask = 2147483647;
			files = (
			);
			inputPaths = (
				"${PODS_ROOT}/Target Support Files/Pods-GymWorkoutManagerTests/Pods-GymWorkoutManagerTests-frameworks.sh",
				"${BUILT_PRODUCTS_DIR}/AVOSCloud/AVOSCloud.framework",
				"${BUILT_PRODUCTS_DIR}/AVOSCloudIM/AVOSCloudIM.framework",
				"${BUILT_PRODUCTS_DIR}/CVCalendar/CVCalendar.framework",
				"${BUILT_PRODUCTS_DIR}/Charts/Charts.framework",
				"${BUILT_PRODUCTS_DIR}/ChartsRealm/ChartsRealm.framework",
				"${BUILT_PRODUCTS_DIR}/CircleMenu/CircleMenu.framework",
				"${BUILT_PRODUCTS_DIR}/JVFloatLabeledTextField/JVFloatLabeledTextField.framework",
				"${BUILT_PRODUCTS_DIR}/Realm/Realm.framework",
				"${BUILT_PRODUCTS_DIR}/RealmSwift/RealmSwift.framework",
				"${BUILT_PRODUCTS_DIR}/ScrollableGraphView/ScrollableGraphView.framework",
			);
			name = "[CP] Embed Pods Frameworks";
			outputPaths = (
				"${TARGET_BUILD_DIR}/${FRAMEWORKS_FOLDER_PATH}/AVOSCloud.framework",
				"${TARGET_BUILD_DIR}/${FRAMEWORKS_FOLDER_PATH}/AVOSCloudIM.framework",
				"${TARGET_BUILD_DIR}/${FRAMEWORKS_FOLDER_PATH}/CVCalendar.framework",
				"${TARGET_BUILD_DIR}/${FRAMEWORKS_FOLDER_PATH}/Charts.framework",
				"${TARGET_BUILD_DIR}/${FRAMEWORKS_FOLDER_PATH}/ChartsRealm.framework",
				"${TARGET_BUILD_DIR}/${FRAMEWORKS_FOLDER_PATH}/CircleMenu.framework",
				"${TARGET_BUILD_DIR}/${FRAMEWORKS_FOLDER_PATH}/JVFloatLabeledTextField.framework",
				"${TARGET_BUILD_DIR}/${FRAMEWORKS_FOLDER_PATH}/Realm.framework",
				"${TARGET_BUILD_DIR}/${FRAMEWORKS_FOLDER_PATH}/RealmSwift.framework",
				"${TARGET_BUILD_DIR}/${FRAMEWORKS_FOLDER_PATH}/ScrollableGraphView.framework",
			);
			runOnlyForDeploymentPostprocessing = 0;
			shellPath = /bin/sh;
			shellScript = "\"${PODS_ROOT}/Target Support Files/Pods-GymWorkoutManagerTests/Pods-GymWorkoutManagerTests-frameworks.sh\"\n";
			showEnvVarsInLog = 0;
		};
		BE70F2212978E2930734B3E3 /* [CP] Check Pods Manifest.lock */ = {
			isa = PBXShellScriptBuildPhase;
			buildActionMask = 2147483647;
			files = (
			);
			inputPaths = (
				"${PODS_PODFILE_DIR_PATH}/Podfile.lock",
				"${PODS_ROOT}/Manifest.lock",
			);
			name = "[CP] Check Pods Manifest.lock";
			outputPaths = (
				"$(DERIVED_FILE_DIR)/Pods-GymWorkoutManagerUITests-checkManifestLockResult.txt",
			);
			runOnlyForDeploymentPostprocessing = 0;
			shellPath = /bin/sh;
			shellScript = "diff \"${PODS_PODFILE_DIR_PATH}/Podfile.lock\" \"${PODS_ROOT}/Manifest.lock\" > /dev/null\nif [ $? != 0 ] ; then\n    # print error to STDERR\n    echo \"error: The sandbox is not in sync with the Podfile.lock. Run 'pod install' or update your CocoaPods installation.\" >&2\n    exit 1\nfi\n# This output is used by Xcode 'outputs' to avoid re-running this script phase.\necho \"SUCCESS\" > \"${SCRIPT_OUTPUT_FILE_0}\"\n";
			showEnvVarsInLog = 0;
		};
		C154C99D52CBABFFBFA1DB34 /* [CP] Check Pods Manifest.lock */ = {
			isa = PBXShellScriptBuildPhase;
			buildActionMask = 2147483647;
			files = (
			);
			inputPaths = (
				"${PODS_PODFILE_DIR_PATH}/Podfile.lock",
				"${PODS_ROOT}/Manifest.lock",
			);
			name = "[CP] Check Pods Manifest.lock";
			outputPaths = (
				"$(DERIVED_FILE_DIR)/Pods-GymWorkoutManager-checkManifestLockResult.txt",
			);
			runOnlyForDeploymentPostprocessing = 0;
			shellPath = /bin/sh;
			shellScript = "diff \"${PODS_PODFILE_DIR_PATH}/Podfile.lock\" \"${PODS_ROOT}/Manifest.lock\" > /dev/null\nif [ $? != 0 ] ; then\n    # print error to STDERR\n    echo \"error: The sandbox is not in sync with the Podfile.lock. Run 'pod install' or update your CocoaPods installation.\" >&2\n    exit 1\nfi\n# This output is used by Xcode 'outputs' to avoid re-running this script phase.\necho \"SUCCESS\" > \"${SCRIPT_OUTPUT_FILE_0}\"\n";
			showEnvVarsInLog = 0;
		};
		EF2A7FA04B4A6774E6302E65 /* [CP] Embed Pods Frameworks */ = {
			isa = PBXShellScriptBuildPhase;
			buildActionMask = 2147483647;
			files = (
			);
			inputPaths = (
				"${PODS_ROOT}/Target Support Files/Pods-GymWorkoutManagerUITests/Pods-GymWorkoutManagerUITests-frameworks.sh",
				"${BUILT_PRODUCTS_DIR}/AVOSCloud/AVOSCloud.framework",
				"${BUILT_PRODUCTS_DIR}/AVOSCloudIM/AVOSCloudIM.framework",
				"${BUILT_PRODUCTS_DIR}/CVCalendar/CVCalendar.framework",
				"${BUILT_PRODUCTS_DIR}/Charts/Charts.framework",
				"${BUILT_PRODUCTS_DIR}/ChartsRealm/ChartsRealm.framework",
				"${BUILT_PRODUCTS_DIR}/CircleMenu/CircleMenu.framework",
				"${BUILT_PRODUCTS_DIR}/JVFloatLabeledTextField/JVFloatLabeledTextField.framework",
				"${BUILT_PRODUCTS_DIR}/Realm/Realm.framework",
				"${BUILT_PRODUCTS_DIR}/RealmSwift/RealmSwift.framework",
				"${BUILT_PRODUCTS_DIR}/ScrollableGraphView/ScrollableGraphView.framework",
			);
			name = "[CP] Embed Pods Frameworks";
			outputPaths = (
				"${TARGET_BUILD_DIR}/${FRAMEWORKS_FOLDER_PATH}/AVOSCloud.framework",
				"${TARGET_BUILD_DIR}/${FRAMEWORKS_FOLDER_PATH}/AVOSCloudIM.framework",
				"${TARGET_BUILD_DIR}/${FRAMEWORKS_FOLDER_PATH}/CVCalendar.framework",
				"${TARGET_BUILD_DIR}/${FRAMEWORKS_FOLDER_PATH}/Charts.framework",
				"${TARGET_BUILD_DIR}/${FRAMEWORKS_FOLDER_PATH}/ChartsRealm.framework",
				"${TARGET_BUILD_DIR}/${FRAMEWORKS_FOLDER_PATH}/CircleMenu.framework",
				"${TARGET_BUILD_DIR}/${FRAMEWORKS_FOLDER_PATH}/JVFloatLabeledTextField.framework",
				"${TARGET_BUILD_DIR}/${FRAMEWORKS_FOLDER_PATH}/Realm.framework",
				"${TARGET_BUILD_DIR}/${FRAMEWORKS_FOLDER_PATH}/RealmSwift.framework",
				"${TARGET_BUILD_DIR}/${FRAMEWORKS_FOLDER_PATH}/ScrollableGraphView.framework",
			);
			runOnlyForDeploymentPostprocessing = 0;
			shellPath = /bin/sh;
			shellScript = "\"${PODS_ROOT}/Target Support Files/Pods-GymWorkoutManagerUITests/Pods-GymWorkoutManagerUITests-frameworks.sh\"\n";
			showEnvVarsInLog = 0;
		};
/* End PBXShellScriptBuildPhase section */

/* Begin PBXSourcesBuildPhase section */
		0541EBF81D8C2C4500B8B1AC /* Sources */ = {
			isa = PBXSourcesBuildPhase;
			buildActionMask = 2147483647;
			files = (
				0541EBFF1D8C2C4500B8B1AC /* GymWorkoutManagerUITests.swift in Sources */,
			);
			runOnlyForDeploymentPostprocessing = 0;
		};
		0541EC061D8C2C4B00B8B1AC /* Sources */ = {
			isa = PBXSourcesBuildPhase;
			buildActionMask = 2147483647;
			files = (
				0541EC0D1D8C2C4B00B8B1AC /* GymWorkoutManagerTests.swift in Sources */,
			);
			runOnlyForDeploymentPostprocessing = 0;
		};
		E6AD9D811C4C5F28004F6437 /* Sources */ = {
			isa = PBXSourcesBuildPhase;
			buildActionMask = 2147483647;
			files = (
				05CD293B1D34E93C00776B39 /* RecordInfoCell.swift in Sources */,
				05CD294C1D34E95200776B39 /* Plan.swift in Sources */,
				E6AD9D8D1C4C5F28004F6437 /* RecordViewController.swift in Sources */,
				E6AD9D891C4C5F28004F6437 /* AppDelegate.swift in Sources */,
				05CD29471D34E95200776B39 /* ColorCode.swift in Sources */,
				E62AB4901C55A55500EB15BC /* MainInterfaceViewController.swift in Sources */,
				E6AD9D8B1C4C5F28004F6437 /* TimerViewController.swift in Sources */,
				05083F9F1C4CE0A60008DD95 /* TimeSetupViewController.swift in Sources */,
				05CD293A1D34E93C00776B39 /* GraphViewCell.swift in Sources */,
				05CD294A1D34E95200776B39 /* Exercise.swift in Sources */,
				05CD294B1D34E95200776B39 /* Person.swift in Sources */,
				05CD29561D34EA2300776B39 /* SetPlanViewController.swift in Sources */,
				05CD29491D34E95200776B39 /* DatabaseHelper.swift in Sources */,
				054B910E1CE6244000851D0E /* AnalysisViewController.swift in Sources */,
				05CD29481D34E95200776B39 /* CommonUtils.swift in Sources */,
				05947C5A1E34C4DE0096379E /* CountingTimer.swift in Sources */,
				05CD293C1D34E93C00776B39 /* RoundButton.swift in Sources */,
				05CD293E1D34E93C00776B39 /* TableCell.swift in Sources */,
				05CD29541D34EA2300776B39 /* PlannerViewController.swift in Sources */,
				05CD29551D34EA2300776B39 /* ProfileViewController.swift in Sources */,
				059F9E011D8977A200586BFA /* AnalysisGraphViewController.swift in Sources */,
				05CD293D1D34E93C00776B39 /* RoundImage.swift in Sources */,
				05CD29531D34EA2300776B39 /* BMIBMR.swift in Sources */,
				E6294A371D36075B00EB88FC /* PedmeterViewCell.swift in Sources */,
			);
			runOnlyForDeploymentPostprocessing = 0;
		};
/* End PBXSourcesBuildPhase section */

/* Begin PBXTargetDependency section */
		0541EC021D8C2C4500B8B1AC /* PBXTargetDependency */ = {
			isa = PBXTargetDependency;
			target = E6AD9D841C4C5F28004F6437 /* GymWorkoutManager */;
			targetProxy = 0541EC011D8C2C4500B8B1AC /* PBXContainerItemProxy */;
		};
		0541EC101D8C2C4B00B8B1AC /* PBXTargetDependency */ = {
			isa = PBXTargetDependency;
			target = E6AD9D841C4C5F28004F6437 /* GymWorkoutManager */;
			targetProxy = 0541EC0F1D8C2C4B00B8B1AC /* PBXContainerItemProxy */;
		};
/* End PBXTargetDependency section */

/* Begin PBXVariantGroup section */
		E6AD9D8E1C4C5F28004F6437 /* Main.storyboard */ = {
			isa = PBXVariantGroup;
			children = (
				E6AD9D8F1C4C5F28004F6437 /* Base */,
			);
			name = Main.storyboard;
			sourceTree = "<group>";
		};
		E6AD9D931C4C5F28004F6437 /* LaunchScreen.storyboard */ = {
			isa = PBXVariantGroup;
			children = (
				E6AD9D941C4C5F28004F6437 /* Base */,
			);
			name = LaunchScreen.storyboard;
			sourceTree = "<group>";
		};
/* End PBXVariantGroup section */

/* Begin XCBuildConfiguration section */
		0541EC041D8C2C4500B8B1AC /* Debug */ = {
			isa = XCBuildConfiguration;
			baseConfigurationReference = FBD142EC11B7B24221B5DE4D /* Pods-GymWorkoutManagerUITests.debug.xcconfig */;
			buildSettings = {
				ALWAYS_EMBED_SWIFT_STANDARD_LIBRARIES = YES;
				CLANG_ANALYZER_NONNULL = YES;
				CLANG_WARN_DOCUMENTATION_COMMENTS = YES;
				CLANG_WARN_SUSPICIOUS_MOVES = YES;
				INFOPLIST_FILE = GymWorkoutManagerUITests/Info.plist;
				IPHONEOS_DEPLOYMENT_TARGET = 10.0;
				LD_RUNPATH_SEARCH_PATHS = "$(inherited) @executable_path/Frameworks @loader_path/Frameworks";
				PRODUCT_BUNDLE_IDENTIFIER = McKay.GymWorkoutManagerUITests;
				PRODUCT_NAME = "$(TARGET_NAME)";
				SWIFT_ACTIVE_COMPILATION_CONDITIONS = DEBUG;
				SWIFT_VERSION = 5.0;
				TEST_TARGET_NAME = GymWorkoutManager;
			};
			name = Debug;
		};
		0541EC051D8C2C4500B8B1AC /* Release */ = {
			isa = XCBuildConfiguration;
			baseConfigurationReference = 686DA16FC9C82D87905FD416 /* Pods-GymWorkoutManagerUITests.release.xcconfig */;
			buildSettings = {
				ALWAYS_EMBED_SWIFT_STANDARD_LIBRARIES = YES;
				CLANG_ANALYZER_NONNULL = YES;
				CLANG_WARN_DOCUMENTATION_COMMENTS = YES;
				CLANG_WARN_SUSPICIOUS_MOVES = YES;
				INFOPLIST_FILE = GymWorkoutManagerUITests/Info.plist;
				IPHONEOS_DEPLOYMENT_TARGET = 10.0;
				LD_RUNPATH_SEARCH_PATHS = "$(inherited) @executable_path/Frameworks @loader_path/Frameworks";
				PRODUCT_BUNDLE_IDENTIFIER = McKay.GymWorkoutManagerUITests;
				PRODUCT_NAME = "$(TARGET_NAME)";
				SWIFT_VERSION = 5.0;
				TEST_TARGET_NAME = GymWorkoutManager;
			};
			name = Release;
		};
		0541EC121D8C2C4B00B8B1AC /* Debug */ = {
			isa = XCBuildConfiguration;
			baseConfigurationReference = EE9905C3665D9FD903BBAFE4 /* Pods-GymWorkoutManagerTests.debug.xcconfig */;
			buildSettings = {
				ALWAYS_EMBED_SWIFT_STANDARD_LIBRARIES = YES;
				BUNDLE_LOADER = "$(TEST_HOST)";
				CLANG_ANALYZER_NONNULL = YES;
				CLANG_WARN_DOCUMENTATION_COMMENTS = YES;
				CLANG_WARN_SUSPICIOUS_MOVES = YES;
				INFOPLIST_FILE = GymWorkoutManagerTests/Info.plist;
				IPHONEOS_DEPLOYMENT_TARGET = 10.0;
				LD_RUNPATH_SEARCH_PATHS = "$(inherited) @executable_path/Frameworks @loader_path/Frameworks";
				PRODUCT_BUNDLE_IDENTIFIER = McKay.GymWorkoutManagerTests;
				PRODUCT_NAME = "$(TARGET_NAME)";
				SWIFT_ACTIVE_COMPILATION_CONDITIONS = DEBUG;
				SWIFT_VERSION = 5.0;
				TEST_HOST = "$(BUILT_PRODUCTS_DIR)/GymWorkoutManager.app/GymWorkoutManager";
			};
			name = Debug;
		};
		0541EC131D8C2C4B00B8B1AC /* Release */ = {
			isa = XCBuildConfiguration;
			baseConfigurationReference = CABCE037BAF667446A1F59FE /* Pods-GymWorkoutManagerTests.release.xcconfig */;
			buildSettings = {
				ALWAYS_EMBED_SWIFT_STANDARD_LIBRARIES = YES;
				BUNDLE_LOADER = "$(TEST_HOST)";
				CLANG_ANALYZER_NONNULL = YES;
				CLANG_WARN_DOCUMENTATION_COMMENTS = YES;
				CLANG_WARN_SUSPICIOUS_MOVES = YES;
				INFOPLIST_FILE = GymWorkoutManagerTests/Info.plist;
				IPHONEOS_DEPLOYMENT_TARGET = 10.0;
				LD_RUNPATH_SEARCH_PATHS = "$(inherited) @executable_path/Frameworks @loader_path/Frameworks";
				PRODUCT_BUNDLE_IDENTIFIER = McKay.GymWorkoutManagerTests;
				PRODUCT_NAME = "$(TARGET_NAME)";
				SWIFT_VERSION = 5.0;
				TEST_HOST = "$(BUILT_PRODUCTS_DIR)/GymWorkoutManager.app/GymWorkoutManager";
			};
			name = Release;
		};
		E6AD9DAD1C4C5F28004F6437 /* Debug */ = {
			isa = XCBuildConfiguration;
			buildSettings = {
				ALWAYS_SEARCH_USER_PATHS = NO;
				CLANG_CXX_LANGUAGE_STANDARD = "gnu++0x";
				CLANG_CXX_LIBRARY = "libc++";
				CLANG_ENABLE_MODULES = YES;
				CLANG_ENABLE_OBJC_ARC = YES;
				CLANG_WARN_BLOCK_CAPTURE_AUTORELEASING = YES;
				CLANG_WARN_BOOL_CONVERSION = YES;
				CLANG_WARN_COMMA = YES;
				CLANG_WARN_CONSTANT_CONVERSION = YES;
				CLANG_WARN_DEPRECATED_OBJC_IMPLEMENTATIONS = YES;
				CLANG_WARN_DIRECT_OBJC_ISA_USAGE = YES_ERROR;
				CLANG_WARN_EMPTY_BODY = YES;
				CLANG_WARN_ENUM_CONVERSION = YES;
				CLANG_WARN_INFINITE_RECURSION = YES;
				CLANG_WARN_INT_CONVERSION = YES;
				CLANG_WARN_NON_LITERAL_NULL_CONVERSION = YES;
				CLANG_WARN_OBJC_IMPLICIT_RETAIN_SELF = YES;
				CLANG_WARN_OBJC_LITERAL_CONVERSION = YES;
				CLANG_WARN_OBJC_ROOT_CLASS = YES_ERROR;
				CLANG_WARN_RANGE_LOOP_ANALYSIS = YES;
				CLANG_WARN_STRICT_PROTOTYPES = YES;
				CLANG_WARN_SUSPICIOUS_MOVE = YES;
				CLANG_WARN_UNREACHABLE_CODE = YES;
				CLANG_WARN__DUPLICATE_METHOD_MATCH = YES;
				CODE_SIGN_IDENTITY = "iPhone Distribution";
				"CODE_SIGN_IDENTITY[sdk=iphoneos*]" = "iPhone Developer";
				COPY_PHASE_STRIP = NO;
				DEBUG_INFORMATION_FORMAT = dwarf;
				ENABLE_BITCODE = NO;
				ENABLE_STRICT_OBJC_MSGSEND = YES;
				ENABLE_TESTABILITY = YES;
				GCC_C_LANGUAGE_STANDARD = gnu99;
				GCC_DYNAMIC_NO_PIC = NO;
				GCC_NO_COMMON_BLOCKS = YES;
				GCC_OPTIMIZATION_LEVEL = 0;
				GCC_PREPROCESSOR_DEFINITIONS = (
					"DEBUG=1",
					"$(inherited)",
				);
				GCC_WARN_64_TO_32_BIT_CONVERSION = YES;
				GCC_WARN_ABOUT_RETURN_TYPE = YES_ERROR;
				GCC_WARN_UNDECLARED_SELECTOR = YES;
				GCC_WARN_UNINITIALIZED_AUTOS = YES_AGGRESSIVE;
				GCC_WARN_UNUSED_FUNCTION = YES;
				GCC_WARN_UNUSED_VARIABLE = YES;
				IPHONEOS_DEPLOYMENT_TARGET = 9.2;
				MTL_ENABLE_DEBUG_INFO = YES;
				ONLY_ACTIVE_ARCH = YES;
				SDKROOT = iphoneos;
				SWIFT_OPTIMIZATION_LEVEL = "-Onone";
			};
			name = Debug;
		};
		E6AD9DAE1C4C5F28004F6437 /* Release */ = {
			isa = XCBuildConfiguration;
			buildSettings = {
				ALWAYS_SEARCH_USER_PATHS = NO;
				CLANG_CXX_LANGUAGE_STANDARD = "gnu++0x";
				CLANG_CXX_LIBRARY = "libc++";
				CLANG_ENABLE_MODULES = YES;
				CLANG_ENABLE_OBJC_ARC = YES;
				CLANG_WARN_BLOCK_CAPTURE_AUTORELEASING = YES;
				CLANG_WARN_BOOL_CONVERSION = YES;
				CLANG_WARN_COMMA = YES;
				CLANG_WARN_CONSTANT_CONVERSION = YES;
				CLANG_WARN_DEPRECATED_OBJC_IMPLEMENTATIONS = YES;
				CLANG_WARN_DIRECT_OBJC_ISA_USAGE = YES_ERROR;
				CLANG_WARN_EMPTY_BODY = YES;
				CLANG_WARN_ENUM_CONVERSION = YES;
				CLANG_WARN_INFINITE_RECURSION = YES;
				CLANG_WARN_INT_CONVERSION = YES;
				CLANG_WARN_NON_LITERAL_NULL_CONVERSION = YES;
				CLANG_WARN_OBJC_IMPLICIT_RETAIN_SELF = YES;
				CLANG_WARN_OBJC_LITERAL_CONVERSION = YES;
				CLANG_WARN_OBJC_ROOT_CLASS = YES_ERROR;
				CLANG_WARN_RANGE_LOOP_ANALYSIS = YES;
				CLANG_WARN_STRICT_PROTOTYPES = YES;
				CLANG_WARN_SUSPICIOUS_MOVE = YES;
				CLANG_WARN_UNREACHABLE_CODE = YES;
				CLANG_WARN__DUPLICATE_METHOD_MATCH = YES;
				CODE_SIGN_IDENTITY = "iPhone Distribution";
				"CODE_SIGN_IDENTITY[sdk=iphoneos*]" = "iPhone Developer";
				COPY_PHASE_STRIP = NO;
				DEBUG_INFORMATION_FORMAT = "dwarf-with-dsym";
				ENABLE_BITCODE = NO;
				ENABLE_NS_ASSERTIONS = NO;
				ENABLE_STRICT_OBJC_MSGSEND = YES;
				GCC_C_LANGUAGE_STANDARD = gnu99;
				GCC_NO_COMMON_BLOCKS = YES;
				GCC_WARN_64_TO_32_BIT_CONVERSION = YES;
				GCC_WARN_ABOUT_RETURN_TYPE = YES_ERROR;
				GCC_WARN_UNDECLARED_SELECTOR = YES;
				GCC_WARN_UNINITIALIZED_AUTOS = YES_AGGRESSIVE;
				GCC_WARN_UNUSED_FUNCTION = YES;
				GCC_WARN_UNUSED_VARIABLE = YES;
				IPHONEOS_DEPLOYMENT_TARGET = 9.2;
				MTL_ENABLE_DEBUG_INFO = NO;
				SDKROOT = iphoneos;
				SWIFT_OPTIMIZATION_LEVEL = "-Owholemodule";
				VALIDATE_PRODUCT = YES;
			};
			name = Release;
		};
		E6AD9DB01C4C5F28004F6437 /* Debug */ = {
			isa = XCBuildConfiguration;
			baseConfigurationReference = 151C6D5841126256237D54E1 /* Pods-GymWorkoutManager.debug.xcconfig */;
			buildSettings = {
				ALWAYS_EMBED_SWIFT_STANDARD_LIBRARIES = YES;
				ASSETCATALOG_COMPILER_APPICON_NAME = AppIcon;
				CLANG_ENABLE_MODULES = YES;
				CODE_SIGN_IDENTITY = "iPhone Developer";
				"CODE_SIGN_IDENTITY[sdk=iphoneos*]" = "iPhone Developer";
				DEVELOPMENT_TEAM = V7QHHUD2M5;
				EMBED_ASSET_PACKS_IN_PRODUCT_BUNDLE = YES;
				INFOPLIST_FILE = GymWorkoutManager/Info.plist;
				IPHONEOS_DEPLOYMENT_TARGET = 9.0;
				LD_RUNPATH_SEARCH_PATHS = "$(inherited) @executable_path/Frameworks";
				PRODUCT_BUNDLE_IDENTIFIER = liguojiao.gymworkoutmanager;
				PRODUCT_NAME = "$(TARGET_NAME)";
				PROVISIONING_PROFILE = "";
				PROVISIONING_PROFILE_SPECIFIER = "";
				SWIFT_OBJC_BRIDGING_HEADER = "GymWorkoutManager/GymWorkoutManager-Bridging-Header.h";
				SWIFT_OPTIMIZATION_LEVEL = "-Onone";
				SWIFT_VERSION = 5.0;
				TARGETED_DEVICE_FAMILY = 1;
			};
			name = Debug;
		};
		E6AD9DB11C4C5F28004F6437 /* Release */ = {
			isa = XCBuildConfiguration;
			baseConfigurationReference = 47700E3BFFE0AE7F135B2C4F /* Pods-GymWorkoutManager.release.xcconfig */;
			buildSettings = {
				ALWAYS_EMBED_SWIFT_STANDARD_LIBRARIES = YES;
				ASSETCATALOG_COMPILER_APPICON_NAME = AppIcon;
				CLANG_ENABLE_MODULES = YES;
				CODE_SIGN_IDENTITY = "iPhone Developer";
				"CODE_SIGN_IDENTITY[sdk=iphoneos*]" = "iPhone Developer";
				DEVELOPMENT_TEAM = V7QHHUD2M5;
				EMBED_ASSET_PACKS_IN_PRODUCT_BUNDLE = YES;
				INFOPLIST_FILE = GymWorkoutManager/Info.plist;
				IPHONEOS_DEPLOYMENT_TARGET = 9.0;
				LD_RUNPATH_SEARCH_PATHS = "$(inherited) @executable_path/Frameworks";
				PRODUCT_BUNDLE_IDENTIFIER = liguojiao.gymworkoutmanager;
				PRODUCT_NAME = "$(TARGET_NAME)";
				PROVISIONING_PROFILE = "";
				PROVISIONING_PROFILE_SPECIFIER = "";
				SWIFT_OBJC_BRIDGING_HEADER = "GymWorkoutManager/GymWorkoutManager-Bridging-Header.h";
				SWIFT_VERSION = 5.0;
				TARGETED_DEVICE_FAMILY = 1;
			};
			name = Release;
		};
/* End XCBuildConfiguration section */

/* Begin XCConfigurationList section */
		0541EC031D8C2C4500B8B1AC /* Build configuration list for PBXNativeTarget "GymWorkoutManagerUITests" */ = {
			isa = XCConfigurationList;
			buildConfigurations = (
				0541EC041D8C2C4500B8B1AC /* Debug */,
				0541EC051D8C2C4500B8B1AC /* Release */,
			);
			defaultConfigurationIsVisible = 0;
			defaultConfigurationName = Release;
		};
		0541EC111D8C2C4B00B8B1AC /* Build configuration list for PBXNativeTarget "GymWorkoutManagerTests" */ = {
			isa = XCConfigurationList;
			buildConfigurations = (
				0541EC121D8C2C4B00B8B1AC /* Debug */,
				0541EC131D8C2C4B00B8B1AC /* Release */,
			);
			defaultConfigurationIsVisible = 0;
			defaultConfigurationName = Release;
		};
		E6AD9D801C4C5F28004F6437 /* Build configuration list for PBXProject "GymWorkoutManager" */ = {
			isa = XCConfigurationList;
			buildConfigurations = (
				E6AD9DAD1C4C5F28004F6437 /* Debug */,
				E6AD9DAE1C4C5F28004F6437 /* Release */,
			);
			defaultConfigurationIsVisible = 0;
			defaultConfigurationName = Release;
		};
		E6AD9DAF1C4C5F28004F6437 /* Build configuration list for PBXNativeTarget "GymWorkoutManager" */ = {
			isa = XCConfigurationList;
			buildConfigurations = (
				E6AD9DB01C4C5F28004F6437 /* Debug */,
				E6AD9DB11C4C5F28004F6437 /* Release */,
			);
			defaultConfigurationIsVisible = 0;
			defaultConfigurationName = Release;
		};
/* End XCConfigurationList section */
	};
	rootObject = E6AD9D7D1C4C5F28004F6437 /* Project object */;
}
