// !$*UTF8*$!
{
	archiveVersion = 1;
	classes = {
	};
	objectVersion = 46;
	objects = {

/* Begin PBXBuildFile section */
		0505443C1CE873600034F3B2 /* Person.swift in Sources */ = {isa = PBXBuildFile; fileRef = 0505443B1CE873600034F3B2 /* Person.swift */; };
		05083F9F1C4CE0A60008DD95 /* TimeSetupViewController.swift in Sources */ = {isa = PBXBuildFile; fileRef = 05083F9E1C4CE0A60008DD95 /* TimeSetupViewController.swift */; };
		053D94291C9C2F94002ADA4E /* PersonalInformation.swift in Sources */ = {isa = PBXBuildFile; fileRef = 053D94281C9C2F94002ADA4E /* PersonalInformation.swift */; };
		054B910E1CE6244000851D0E /* AnalysisViewController.swift in Sources */ = {isa = PBXBuildFile; fileRef = 054B910D1CE6244000851D0E /* AnalysisViewController.swift */; };
		056C9FAE1CE6052300CFCDDA /* ScrollPager.swift in Sources */ = {isa = PBXBuildFile; fileRef = 056C9FAD1CE6052300CFCDDA /* ScrollPager.swift */; };
		056C9FB01CE6108A00CFCDDA /* 1463164731_scale.png in Resources */ = {isa = PBXBuildFile; fileRef = 056C9FAF1CE6108A00CFCDDA /* 1463164731_scale.png */; };
		056C9FB21CE610D500CFCDDA /* 1463164826_centimeter.png in Resources */ = {isa = PBXBuildFile; fileRef = 056C9FB11CE610D500CFCDDA /* 1463164826_centimeter.png */; };
		057946BB1CE6E9350051A501 /* ColorCode.swift in Sources */ = {isa = PBXBuildFile; fileRef = 057946BA1CE6E9350051A501 /* ColorCode.swift */; };
		057946BF1CE74E790051A501 /* profileHeader.png in Resources */ = {isa = PBXBuildFile; fileRef = 057946BE1CE74E790051A501 /* profileHeader.png */; };
		05C36D1F1CE615BC0035927C /* RoundImage.swift in Sources */ = {isa = PBXBuildFile; fileRef = 05C36D1E1CE615BC0035927C /* RoundImage.swift */; };
		05C36D211CE61A880035927C /* ProfileViewController.swift in Sources */ = {isa = PBXBuildFile; fileRef = 05C36D201CE61A880035927C /* ProfileViewController.swift */; };
		05D07F071CD41D9700449341 /* Exercise.swift in Sources */ = {isa = PBXBuildFile; fileRef = 05D07F061CD41D9700449341 /* Exercise.swift */; };
		4F41F0D14FD0B49AF7D0984C /* Pods.framework in Frameworks */ = {isa = PBXBuildFile; fileRef = 5EF9819A6B2B4D25EAAD9811 /* Pods.framework */; };
		6B982C4B1CE85BCA00DC7499 /* DatabaseHelper.swift in Sources */ = {isa = PBXBuildFile; fileRef = 6B982C4A1CE85BCA00DC7499 /* DatabaseHelper.swift */; };
		E62583491CE2FBB6007C6323 /* Podfile in Resources */ = {isa = PBXBuildFile; fileRef = E62583481CE2FBB6007C6323 /* Podfile */; };
		E62AB4901C55A55500EB15BC /* MainInterfaceViewController.swift in Sources */ = {isa = PBXBuildFile; fileRef = E62AB48F1C55A55500EB15BC /* MainInterfaceViewController.swift */; };
		E6A1694C1CE448D400A79E20 /* RecordInfoCell.swift in Sources */ = {isa = PBXBuildFile; fileRef = E6A1694B1CE448D400A79E20 /* RecordInfoCell.swift */; };
		E6A169501CE448E400A79E20 /* RoundButton.swift in Sources */ = {isa = PBXBuildFile; fileRef = E6A1694E1CE448E400A79E20 /* RoundButton.swift */; };
		E6A169521CE448F700A79E20 /* TableCell.swift in Sources */ = {isa = PBXBuildFile; fileRef = E6A169511CE448F700A79E20 /* TableCell.swift */; };
		E6A9C9711CE58DF200B2A231 /* background.mov in Resources */ = {isa = PBXBuildFile; fileRef = E6A9C9701CE58DF200B2A231 /* background.mov */; };
		E6A9C9921CE58E0A00B2A231 /* 1463130943_heart.png in Resources */ = {isa = PBXBuildFile; fileRef = E6A9C9721CE58E0A00B2A231 /* 1463130943_heart.png */; };
		E6A9C9931CE58E0A00B2A231 /* 1463131024_notes.png in Resources */ = {isa = PBXBuildFile; fileRef = E6A9C9731CE58E0A00B2A231 /* 1463131024_notes.png */; };
		E6A9C9941CE58E0A00B2A231 /* 1463131047_organizer.png in Resources */ = {isa = PBXBuildFile; fileRef = E6A9C9741CE58E0A00B2A231 /* 1463131047_organizer.png */; };
		E6A9C9951CE58E0A00B2A231 /* 1463131048_dumbbell.png in Resources */ = {isa = PBXBuildFile; fileRef = E6A9C9751CE58E0A00B2A231 /* 1463131048_dumbbell.png */; };
		E6A9C9961CE58E0A00B2A231 /* 1463131051_date.png in Resources */ = {isa = PBXBuildFile; fileRef = E6A9C9761CE58E0A00B2A231 /* 1463131051_date.png */; };
		E6A9C9971CE58E0A00B2A231 /* 1463131052_scale.png in Resources */ = {isa = PBXBuildFile; fileRef = E6A9C9771CE58E0A00B2A231 /* 1463131052_scale.png */; };
		E6A9C9981CE58E0A00B2A231 /* 1463131053_capsules.png in Resources */ = {isa = PBXBuildFile; fileRef = E6A9C9781CE58E0A00B2A231 /* 1463131053_capsules.png */; };
		E6A9C9991CE58E0A00B2A231 /* 1463131058_headphones.png in Resources */ = {isa = PBXBuildFile; fileRef = E6A9C9791CE58E0A00B2A231 /* 1463131058_headphones.png */; };
		E6A9C99A1CE58E0A00B2A231 /* 1463131060_medicine.png in Resources */ = {isa = PBXBuildFile; fileRef = E6A9C97A1CE58E0A00B2A231 /* 1463131060_medicine.png */; };
		E6A9C99B1CE58E0A00B2A231 /* 1463131060_pages.png in Resources */ = {isa = PBXBuildFile; fileRef = E6A9C97B1CE58E0A00B2A231 /* 1463131060_pages.png */; };
		E6A9C99C1CE58E0A00B2A231 /* 1463131061_plastic.png in Resources */ = {isa = PBXBuildFile; fileRef = E6A9C97C1CE58E0A00B2A231 /* 1463131061_plastic.png */; };
		E6A9C99D1CE58E0A00B2A231 /* 1463131063_stopwatch.png in Resources */ = {isa = PBXBuildFile; fileRef = E6A9C97D1CE58E0A00B2A231 /* 1463131063_stopwatch.png */; };
		E6A9C99E1CE58E0A00B2A231 /* 1463131064_medal.png in Resources */ = {isa = PBXBuildFile; fileRef = E6A9C97E1CE58E0A00B2A231 /* 1463131064_medal.png */; };
		E6A9C99F1CE58E0A00B2A231 /* 1463131065_weight.png in Resources */ = {isa = PBXBuildFile; fileRef = E6A9C97F1CE58E0A00B2A231 /* 1463131065_weight.png */; };
		E6A9C9A01CE58E0A00B2A231 /* 1463131068_basketball.png in Resources */ = {isa = PBXBuildFile; fileRef = E6A9C9801CE58E0A00B2A231 /* 1463131068_basketball.png */; };
		E6A9C9A11CE58E0A00B2A231 /* 1463131070_bottle.png in Resources */ = {isa = PBXBuildFile; fileRef = E6A9C9811CE58E0A00B2A231 /* 1463131070_bottle.png */; };
		E6A9C9A21CE58E0A00B2A231 /* 1463131071_muscle.png in Resources */ = {isa = PBXBuildFile; fileRef = E6A9C9821CE58E0A00B2A231 /* 1463131071_muscle.png */; };
		E6A9C9A31CE58E0A00B2A231 /* 1463131074_stopwatch.png in Resources */ = {isa = PBXBuildFile; fileRef = E6A9C9831CE58E0A00B2A231 /* 1463131074_stopwatch.png */; };
		E6A9C9A41CE58E0A00B2A231 /* 1463131075_plastic.png in Resources */ = {isa = PBXBuildFile; fileRef = E6A9C9841CE58E0A00B2A231 /* 1463131075_plastic.png */; };
		E6A9C9A51CE58E0A00B2A231 /* 1463131076_calendar.png in Resources */ = {isa = PBXBuildFile; fileRef = E6A9C9851CE58E0A00B2A231 /* 1463131076_calendar.png */; };
		E6A9C9A61CE58E0A00B2A231 /* 1463131077_applewatch.png in Resources */ = {isa = PBXBuildFile; fileRef = E6A9C9861CE58E0A00B2A231 /* 1463131077_applewatch.png */; };
		E6A9C9A71CE58E0A00B2A231 /* 1463131078_centimeter.png in Resources */ = {isa = PBXBuildFile; fileRef = E6A9C9871CE58E0A00B2A231 /* 1463131078_centimeter.png */; };
		E6A9C9A81CE58E0A00B2A231 /* 1463131078_shake.png in Resources */ = {isa = PBXBuildFile; fileRef = E6A9C9881CE58E0A00B2A231 /* 1463131078_shake.png */; };
		E6A9C9A91CE58E0A00B2A231 /* 1463131081_pages.png in Resources */ = {isa = PBXBuildFile; fileRef = E6A9C9891CE58E0A00B2A231 /* 1463131081_pages.png */; };
		E6A9C9AA1CE58E0A00B2A231 /* 1463131084_headphones.png in Resources */ = {isa = PBXBuildFile; fileRef = E6A9C98A1CE58E0A00B2A231 /* 1463131084_headphones.png */; };
		E6A9C9AB1CE58E0A00B2A231 /* 1463131085_medicine.png in Resources */ = {isa = PBXBuildFile; fileRef = E6A9C98B1CE58E0A00B2A231 /* 1463131085_medicine.png */; };
		E6A9C9AC1CE58E0A00B2A231 /* 1463131086_dumbbells.png in Resources */ = {isa = PBXBuildFile; fileRef = E6A9C98C1CE58E0A00B2A231 /* 1463131086_dumbbells.png */; };
		E6A9C9AD1CE58E0A00B2A231 /* 1463131087_whistle.png in Resources */ = {isa = PBXBuildFile; fileRef = E6A9C98D1CE58E0A00B2A231 /* 1463131087_whistle.png */; };
		E6A9C9AE1CE58E0A00B2A231 /* 1463131088_ipod.png in Resources */ = {isa = PBXBuildFile; fileRef = E6A9C98E1CE58E0A00B2A231 /* 1463131088_ipod.png */; };
		E6A9C9AF1CE58E0A00B2A231 /* 1463131089_whatch.png in Resources */ = {isa = PBXBuildFile; fileRef = E6A9C98F1CE58E0A00B2A231 /* 1463131089_whatch.png */; };
		E6A9C9B01CE58E0A00B2A231 /* 1463131091_iwatch.png in Resources */ = {isa = PBXBuildFile; fileRef = E6A9C9901CE58E0A00B2A231 /* 1463131091_iwatch.png */; };
		E6A9C9B11CE58E0A00B2A231 /* 1463131092_mixer.png in Resources */ = {isa = PBXBuildFile; fileRef = E6A9C9911CE58E0A00B2A231 /* 1463131092_mixer.png */; };
		E6AD9D891C4C5F28004F6437 /* AppDelegate.swift in Sources */ = {isa = PBXBuildFile; fileRef = E6AD9D881C4C5F28004F6437 /* AppDelegate.swift */; };
		E6AD9D8B1C4C5F28004F6437 /* TimerViewController.swift in Sources */ = {isa = PBXBuildFile; fileRef = E6AD9D8A1C4C5F28004F6437 /* TimerViewController.swift */; };
		E6AD9D8D1C4C5F28004F6437 /* RecordViewController.swift in Sources */ = {isa = PBXBuildFile; fileRef = E6AD9D8C1C4C5F28004F6437 /* RecordViewController.swift */; };
		E6AD9D901C4C5F28004F6437 /* Main.storyboard in Resources */ = {isa = PBXBuildFile; fileRef = E6AD9D8E1C4C5F28004F6437 /* Main.storyboard */; };
		E6AD9D921C4C5F28004F6437 /* Assets.xcassets in Resources */ = {isa = PBXBuildFile; fileRef = E6AD9D911C4C5F28004F6437 /* Assets.xcassets */; };
		E6AD9D951C4C5F28004F6437 /* LaunchScreen.storyboard in Resources */ = {isa = PBXBuildFile; fileRef = E6AD9D931C4C5F28004F6437 /* LaunchScreen.storyboard */; };
		E6AD9DA01C4C5F28004F6437 /* GymWorkoutManagerTests.swift in Sources */ = {isa = PBXBuildFile; fileRef = E6AD9D9F1C4C5F28004F6437 /* GymWorkoutManagerTests.swift */; };
		E6AD9DAB1C4C5F28004F6437 /* GymWorkoutManagerUITests.swift in Sources */ = {isa = PBXBuildFile; fileRef = E6AD9DAA1C4C5F28004F6437 /* GymWorkoutManagerUITests.swift */; };
		E6DCF9A61C9B8D1100C3668E /* Icon-40@2x.png in Resources */ = {isa = PBXBuildFile; fileRef = E6DCF9A21C9B8D1100C3668E /* Icon-40@2x.png */; };
		E6DCF9A71C9B8D1100C3668E /* Icon-40@3x.png in Resources */ = {isa = PBXBuildFile; fileRef = E6DCF9A31C9B8D1100C3668E /* Icon-40@3x.png */; };
		E6DCF9A81C9B8D1100C3668E /* Icon-60@2x.png in Resources */ = {isa = PBXBuildFile; fileRef = E6DCF9A41C9B8D1100C3668E /* Icon-60@2x.png */; };
		E6DCF9A91C9B8D1100C3668E /* Icon-60@3x.png in Resources */ = {isa = PBXBuildFile; fileRef = E6DCF9A51C9B8D1100C3668E /* Icon-60@3x.png */; };
		E6DCF9AC1C9B8D1B00C3668E /* Icon-Small@2x.png in Resources */ = {isa = PBXBuildFile; fileRef = E6DCF9AA1C9B8D1B00C3668E /* Icon-Small@2x.png */; };
		E6DCF9AD1C9B8D1B00C3668E /* Icon-Small@3x.png in Resources */ = {isa = PBXBuildFile; fileRef = E6DCF9AB1C9B8D1B00C3668E /* Icon-Small@3x.png */; };
		E6DCF9B61C9B8D4800C3668E /* Icon-24@2x.png in Resources */ = {isa = PBXBuildFile; fileRef = E6DCF9AE1C9B8D4800C3668E /* Icon-24@2x.png */; };
		E6DCF9B71C9B8D4800C3668E /* Icon-27.5@2x.png in Resources */ = {isa = PBXBuildFile; fileRef = E6DCF9AF1C9B8D4800C3668E /* Icon-27.5@2x.png */; };
		E6DCF9B81C9B8D4800C3668E /* Icon-29@2x.png in Resources */ = {isa = PBXBuildFile; fileRef = E6DCF9B01C9B8D4800C3668E /* Icon-29@2x.png */; };
		E6DCF9B91C9B8D4800C3668E /* Icon-29@3x.png in Resources */ = {isa = PBXBuildFile; fileRef = E6DCF9B11C9B8D4800C3668E /* Icon-29@3x.png */; };
		E6DCF9BA1C9B8D4800C3668E /* Icon-40@2x.png in Resources */ = {isa = PBXBuildFile; fileRef = E6DCF9B21C9B8D4800C3668E /* Icon-40@2x.png */; };
		E6DCF9BB1C9B8D4800C3668E /* Icon-44@2x.png in Resources */ = {isa = PBXBuildFile; fileRef = E6DCF9B31C9B8D4800C3668E /* Icon-44@2x.png */; };
		E6DCF9BC1C9B8D4800C3668E /* Icon-86@2x.png in Resources */ = {isa = PBXBuildFile; fileRef = E6DCF9B41C9B8D4800C3668E /* Icon-86@2x.png */; };
		E6DCF9BD1C9B8D4800C3668E /* Icon-98@2x.png in Resources */ = {isa = PBXBuildFile; fileRef = E6DCF9B51C9B8D4800C3668E /* Icon-98@2x.png */; };
		E6DCF9C11C9B8D5B00C3668E /* Icon-76.png in Resources */ = {isa = PBXBuildFile; fileRef = E6DCF9BE1C9B8D5B00C3668E /* Icon-76.png */; };
		E6DCF9C21C9B8D5B00C3668E /* Icon-76@2x.png in Resources */ = {isa = PBXBuildFile; fileRef = E6DCF9BF1C9B8D5B00C3668E /* Icon-76@2x.png */; };
		E6DCF9C31C9B8D5B00C3668E /* Icon-83.5@2x.png in Resources */ = {isa = PBXBuildFile; fileRef = E6DCF9C01C9B8D5B00C3668E /* Icon-83.5@2x.png */; };
		E6FD27C01CBDB3A400DA4D66 /* Done_total_set.mp3 in Resources */ = {isa = PBXBuildFile; fileRef = E6FD27BE1CBDB3A400DA4D66 /* Done_total_set.mp3 */; };
		E6FD27C11CBDB3A400DA4D66 /* Done.mp3 in Resources */ = {isa = PBXBuildFile; fileRef = E6FD27BF1CBDB3A400DA4D66 /* Done.mp3 */; };
/* End PBXBuildFile section */

/* Begin PBXContainerItemProxy section */
		E6AD9D9C1C4C5F28004F6437 /* PBXContainerItemProxy */ = {
			isa = PBXContainerItemProxy;
			containerPortal = E6AD9D7D1C4C5F28004F6437 /* Project object */;
			proxyType = 1;
			remoteGlobalIDString = E6AD9D841C4C5F28004F6437;
			remoteInfo = GymWorkoutManager;
		};
		E6AD9DA71C4C5F28004F6437 /* PBXContainerItemProxy */ = {
			isa = PBXContainerItemProxy;
			containerPortal = E6AD9D7D1C4C5F28004F6437 /* Project object */;
			proxyType = 1;
			remoteGlobalIDString = E6AD9D841C4C5F28004F6437;
			remoteInfo = GymWorkoutManager;
		};
/* End PBXContainerItemProxy section */

/* Begin PBXFileReference section */
		0505443B1CE873600034F3B2 /* Person.swift */ = {isa = PBXFileReference; fileEncoding = 4; lastKnownFileType = sourcecode.swift; path = Person.swift; sourceTree = "<group>"; };
		05083F9E1C4CE0A60008DD95 /* TimeSetupViewController.swift */ = {isa = PBXFileReference; fileEncoding = 4; lastKnownFileType = sourcecode.swift; path = TimeSetupViewController.swift; sourceTree = "<group>"; };
		053D94281C9C2F94002ADA4E /* PersonalInformation.swift */ = {isa = PBXFileReference; fileEncoding = 4; lastKnownFileType = sourcecode.swift; path = PersonalInformation.swift; sourceTree = "<group>"; };
		054B910D1CE6244000851D0E /* AnalysisViewController.swift */ = {isa = PBXFileReference; fileEncoding = 4; lastKnownFileType = sourcecode.swift; path = AnalysisViewController.swift; sourceTree = "<group>"; };
		056C9FAD1CE6052300CFCDDA /* ScrollPager.swift */ = {isa = PBXFileReference; fileEncoding = 4; lastKnownFileType = sourcecode.swift; path = ScrollPager.swift; sourceTree = "<group>"; };
		056C9FAF1CE6108A00CFCDDA /* 1463164731_scale.png */ = {isa = PBXFileReference; lastKnownFileType = image.png; path = 1463164731_scale.png; sourceTree = "<group>"; };
		056C9FB11CE610D500CFCDDA /* 1463164826_centimeter.png */ = {isa = PBXFileReference; lastKnownFileType = image.png; path = 1463164826_centimeter.png; sourceTree = "<group>"; };
		057946BA1CE6E9350051A501 /* ColorCode.swift */ = {isa = PBXFileReference; fileEncoding = 4; lastKnownFileType = sourcecode.swift; path = ColorCode.swift; sourceTree = "<group>"; };
		057946BE1CE74E790051A501 /* profileHeader.png */ = {isa = PBXFileReference; lastKnownFileType = image.png; path = profileHeader.png; sourceTree = "<group>"; };
		05C36D1E1CE615BC0035927C /* RoundImage.swift */ = {isa = PBXFileReference; fileEncoding = 4; lastKnownFileType = sourcecode.swift; path = RoundImage.swift; sourceTree = "<group>"; };
		05C36D201CE61A880035927C /* ProfileViewController.swift */ = {isa = PBXFileReference; fileEncoding = 4; lastKnownFileType = sourcecode.swift; path = ProfileViewController.swift; sourceTree = "<group>"; };
		05D07F061CD41D9700449341 /* Exercise.swift */ = {isa = PBXFileReference; fileEncoding = 4; lastKnownFileType = sourcecode.swift; name = Exercise.swift; path = Model/Exercise.swift; sourceTree = SOURCE_ROOT; };
		1C1FE039C8DF3A2B0CC8777C /* Pods.debug.xcconfig */ = {isa = PBXFileReference; includeInIndex = 1; lastKnownFileType = text.xcconfig; name = Pods.debug.xcconfig; path = "Pods/Target Support Files/Pods/Pods.debug.xcconfig"; sourceTree = "<group>"; };
		5EF9819A6B2B4D25EAAD9811 /* Pods.framework */ = {isa = PBXFileReference; explicitFileType = wrapper.framework; includeInIndex = 0; path = Pods.framework; sourceTree = BUILT_PRODUCTS_DIR; };
		6B982C4A1CE85BCA00DC7499 /* DatabaseHelper.swift */ = {isa = PBXFileReference; fileEncoding = 4; lastKnownFileType = sourcecode.swift; name = DatabaseHelper.swift; path = helper/DatabaseHelper.swift; sourceTree = "<group>"; };
		BDD20A506A8263EBEB7D8078 /* Pods.release.xcconfig */ = {isa = PBXFileReference; includeInIndex = 1; lastKnownFileType = text.xcconfig; name = Pods.release.xcconfig; path = "Pods/Target Support Files/Pods/Pods.release.xcconfig"; sourceTree = "<group>"; };
		E62583481CE2FBB6007C6323 /* Podfile */ = {isa = PBXFileReference; fileEncoding = 4; lastKnownFileType = text; path = Podfile; sourceTree = "<group>"; };
		E62AB48F1C55A55500EB15BC /* MainInterfaceViewController.swift */ = {isa = PBXFileReference; fileEncoding = 4; lastKnownFileType = sourcecode.swift; path = MainInterfaceViewController.swift; sourceTree = "<group>"; };
		E6A1694B1CE448D400A79E20 /* RecordInfoCell.swift */ = {isa = PBXFileReference; fileEncoding = 4; lastKnownFileType = sourcecode.swift; name = RecordInfoCell.swift; path = View/RecordInfoCell.swift; sourceTree = "<group>"; };
		E6A1694E1CE448E400A79E20 /* RoundButton.swift */ = {isa = PBXFileReference; fileEncoding = 4; lastKnownFileType = sourcecode.swift; name = RoundButton.swift; path = ../View/RoundButton.swift; sourceTree = "<group>"; };
		E6A169511CE448F700A79E20 /* TableCell.swift */ = {isa = PBXFileReference; fileEncoding = 4; lastKnownFileType = sourcecode.swift; name = TableCell.swift; path = View/TableCell.swift; sourceTree = "<group>"; };
		E6A9C9701CE58DF200B2A231 /* background.mov */ = {isa = PBXFileReference; lastKnownFileType = video.quicktime; path = background.mov; sourceTree = "<group>"; };
		E6A9C9721CE58E0A00B2A231 /* 1463130943_heart.png */ = {isa = PBXFileReference; lastKnownFileType = image.png; path = 1463130943_heart.png; sourceTree = "<group>"; };
		E6A9C9731CE58E0A00B2A231 /* 1463131024_notes.png */ = {isa = PBXFileReference; lastKnownFileType = image.png; path = 1463131024_notes.png; sourceTree = "<group>"; };
		E6A9C9741CE58E0A00B2A231 /* 1463131047_organizer.png */ = {isa = PBXFileReference; lastKnownFileType = image.png; path = 1463131047_organizer.png; sourceTree = "<group>"; };
		E6A9C9751CE58E0A00B2A231 /* 1463131048_dumbbell.png */ = {isa = PBXFileReference; lastKnownFileType = image.png; path = 1463131048_dumbbell.png; sourceTree = "<group>"; };
		E6A9C9761CE58E0A00B2A231 /* 1463131051_date.png */ = {isa = PBXFileReference; lastKnownFileType = image.png; path = 1463131051_date.png; sourceTree = "<group>"; };
		E6A9C9771CE58E0A00B2A231 /* 1463131052_scale.png */ = {isa = PBXFileReference; lastKnownFileType = image.png; path = 1463131052_scale.png; sourceTree = "<group>"; };
		E6A9C9781CE58E0A00B2A231 /* 1463131053_capsules.png */ = {isa = PBXFileReference; lastKnownFileType = image.png; path = 1463131053_capsules.png; sourceTree = "<group>"; };
		E6A9C9791CE58E0A00B2A231 /* 1463131058_headphones.png */ = {isa = PBXFileReference; lastKnownFileType = image.png; path = 1463131058_headphones.png; sourceTree = "<group>"; };
		E6A9C97A1CE58E0A00B2A231 /* 1463131060_medicine.png */ = {isa = PBXFileReference; lastKnownFileType = image.png; path = 1463131060_medicine.png; sourceTree = "<group>"; };
		E6A9C97B1CE58E0A00B2A231 /* 1463131060_pages.png */ = {isa = PBXFileReference; lastKnownFileType = image.png; path = 1463131060_pages.png; sourceTree = "<group>"; };
		E6A9C97C1CE58E0A00B2A231 /* 1463131061_plastic.png */ = {isa = PBXFileReference; lastKnownFileType = image.png; path = 1463131061_plastic.png; sourceTree = "<group>"; };
		E6A9C97D1CE58E0A00B2A231 /* 1463131063_stopwatch.png */ = {isa = PBXFileReference; lastKnownFileType = image.png; path = 1463131063_stopwatch.png; sourceTree = "<group>"; };
		E6A9C97E1CE58E0A00B2A231 /* 1463131064_medal.png */ = {isa = PBXFileReference; lastKnownFileType = image.png; path = 1463131064_medal.png; sourceTree = "<group>"; };
		E6A9C97F1CE58E0A00B2A231 /* 1463131065_weight.png */ = {isa = PBXFileReference; lastKnownFileType = image.png; path = 1463131065_weight.png; sourceTree = "<group>"; };
		E6A9C9801CE58E0A00B2A231 /* 1463131068_basketball.png */ = {isa = PBXFileReference; lastKnownFileType = image.png; path = 1463131068_basketball.png; sourceTree = "<group>"; };
		E6A9C9811CE58E0A00B2A231 /* 1463131070_bottle.png */ = {isa = PBXFileReference; lastKnownFileType = image.png; path = 1463131070_bottle.png; sourceTree = "<group>"; };
		E6A9C9821CE58E0A00B2A231 /* 1463131071_muscle.png */ = {isa = PBXFileReference; lastKnownFileType = image.png; path = 1463131071_muscle.png; sourceTree = "<group>"; };
		E6A9C9831CE58E0A00B2A231 /* 1463131074_stopwatch.png */ = {isa = PBXFileReference; lastKnownFileType = image.png; path = 1463131074_stopwatch.png; sourceTree = "<group>"; };
		E6A9C9841CE58E0A00B2A231 /* 1463131075_plastic.png */ = {isa = PBXFileReference; lastKnownFileType = image.png; path = 1463131075_plastic.png; sourceTree = "<group>"; };
		E6A9C9851CE58E0A00B2A231 /* 1463131076_calendar.png */ = {isa = PBXFileReference; lastKnownFileType = image.png; path = 1463131076_calendar.png; sourceTree = "<group>"; };
		E6A9C9861CE58E0A00B2A231 /* 1463131077_applewatch.png */ = {isa = PBXFileReference; lastKnownFileType = image.png; path = 1463131077_applewatch.png; sourceTree = "<group>"; };
		E6A9C9871CE58E0A00B2A231 /* 1463131078_centimeter.png */ = {isa = PBXFileReference; lastKnownFileType = image.png; path = 1463131078_centimeter.png; sourceTree = "<group>"; };
		E6A9C9881CE58E0A00B2A231 /* 1463131078_shake.png */ = {isa = PBXFileReference; lastKnownFileType = image.png; path = 1463131078_shake.png; sourceTree = "<group>"; };
		E6A9C9891CE58E0A00B2A231 /* 1463131081_pages.png */ = {isa = PBXFileReference; lastKnownFileType = image.png; path = 1463131081_pages.png; sourceTree = "<group>"; };
		E6A9C98A1CE58E0A00B2A231 /* 1463131084_headphones.png */ = {isa = PBXFileReference; lastKnownFileType = image.png; path = 1463131084_headphones.png; sourceTree = "<group>"; };
		E6A9C98B1CE58E0A00B2A231 /* 1463131085_medicine.png */ = {isa = PBXFileReference; lastKnownFileType = image.png; path = 1463131085_medicine.png; sourceTree = "<group>"; };
		E6A9C98C1CE58E0A00B2A231 /* 1463131086_dumbbells.png */ = {isa = PBXFileReference; lastKnownFileType = image.png; path = 1463131086_dumbbells.png; sourceTree = "<group>"; };
		E6A9C98D1CE58E0A00B2A231 /* 1463131087_whistle.png */ = {isa = PBXFileReference; lastKnownFileType = image.png; path = 1463131087_whistle.png; sourceTree = "<group>"; };
		E6A9C98E1CE58E0A00B2A231 /* 1463131088_ipod.png */ = {isa = PBXFileReference; lastKnownFileType = image.png; path = 1463131088_ipod.png; sourceTree = "<group>"; };
		E6A9C98F1CE58E0A00B2A231 /* 1463131089_whatch.png */ = {isa = PBXFileReference; lastKnownFileType = image.png; path = 1463131089_whatch.png; sourceTree = "<group>"; };
		E6A9C9901CE58E0A00B2A231 /* 1463131091_iwatch.png */ = {isa = PBXFileReference; lastKnownFileType = image.png; path = 1463131091_iwatch.png; sourceTree = "<group>"; };
		E6A9C9911CE58E0A00B2A231 /* 1463131092_mixer.png */ = {isa = PBXFileReference; lastKnownFileType = image.png; path = 1463131092_mixer.png; sourceTree = "<group>"; };
		E6AD9D851C4C5F28004F6437 /* GymWorkoutManager.app */ = {isa = PBXFileReference; explicitFileType = wrapper.application; includeInIndex = 0; path = GymWorkoutManager.app; sourceTree = BUILT_PRODUCTS_DIR; };
		E6AD9D881C4C5F28004F6437 /* AppDelegate.swift */ = {isa = PBXFileReference; lastKnownFileType = sourcecode.swift; path = AppDelegate.swift; sourceTree = "<group>"; };
		E6AD9D8A1C4C5F28004F6437 /* TimerViewController.swift */ = {isa = PBXFileReference; lastKnownFileType = sourcecode.swift; path = TimerViewController.swift; sourceTree = "<group>"; };
		E6AD9D8C1C4C5F28004F6437 /* RecordViewController.swift */ = {isa = PBXFileReference; lastKnownFileType = sourcecode.swift; path = RecordViewController.swift; sourceTree = "<group>"; };
		E6AD9D8F1C4C5F28004F6437 /* Base */ = {isa = PBXFileReference; lastKnownFileType = file.storyboard; name = Base; path = Base.lproj/Main.storyboard; sourceTree = "<group>"; };
		E6AD9D911C4C5F28004F6437 /* Assets.xcassets */ = {isa = PBXFileReference; lastKnownFileType = folder.assetcatalog; path = Assets.xcassets; sourceTree = "<group>"; };
		E6AD9D941C4C5F28004F6437 /* Base */ = {isa = PBXFileReference; lastKnownFileType = file.storyboard; name = Base; path = Base.lproj/LaunchScreen.storyboard; sourceTree = "<group>"; };
		E6AD9D961C4C5F28004F6437 /* Info.plist */ = {isa = PBXFileReference; lastKnownFileType = text.plist.xml; path = Info.plist; sourceTree = "<group>"; };
		E6AD9D9B1C4C5F28004F6437 /* GymWorkoutManagerTests.xctest */ = {isa = PBXFileReference; explicitFileType = wrapper.cfbundle; includeInIndex = 0; path = GymWorkoutManagerTests.xctest; sourceTree = BUILT_PRODUCTS_DIR; };
		E6AD9D9F1C4C5F28004F6437 /* GymWorkoutManagerTests.swift */ = {isa = PBXFileReference; lastKnownFileType = sourcecode.swift; path = GymWorkoutManagerTests.swift; sourceTree = "<group>"; };
		E6AD9DA11C4C5F28004F6437 /* Info.plist */ = {isa = PBXFileReference; lastKnownFileType = text.plist.xml; path = Info.plist; sourceTree = "<group>"; };
		E6AD9DA61C4C5F28004F6437 /* GymWorkoutManagerUITests.xctest */ = {isa = PBXFileReference; explicitFileType = wrapper.cfbundle; includeInIndex = 0; path = GymWorkoutManagerUITests.xctest; sourceTree = BUILT_PRODUCTS_DIR; };
		E6AD9DAA1C4C5F28004F6437 /* GymWorkoutManagerUITests.swift */ = {isa = PBXFileReference; lastKnownFileType = sourcecode.swift; path = GymWorkoutManagerUITests.swift; sourceTree = "<group>"; };
		E6AD9DAC1C4C5F28004F6437 /* Info.plist */ = {isa = PBXFileReference; lastKnownFileType = text.plist.xml; path = Info.plist; sourceTree = "<group>"; };
		E6DCF9A21C9B8D1100C3668E /* Icon-40@2x.png */ = {isa = PBXFileReference; lastKnownFileType = image.png; path = "Icon-40@2x.png"; sourceTree = "<group>"; };
		E6DCF9A31C9B8D1100C3668E /* Icon-40@3x.png */ = {isa = PBXFileReference; lastKnownFileType = image.png; path = "Icon-40@3x.png"; sourceTree = "<group>"; };
		E6DCF9A41C9B8D1100C3668E /* Icon-60@2x.png */ = {isa = PBXFileReference; lastKnownFileType = image.png; path = "Icon-60@2x.png"; sourceTree = "<group>"; };
		E6DCF9A51C9B8D1100C3668E /* Icon-60@3x.png */ = {isa = PBXFileReference; lastKnownFileType = image.png; path = "Icon-60@3x.png"; sourceTree = "<group>"; };
		E6DCF9AA1C9B8D1B00C3668E /* Icon-Small@2x.png */ = {isa = PBXFileReference; lastKnownFileType = image.png; path = "Icon-Small@2x.png"; sourceTree = "<group>"; };
		E6DCF9AB1C9B8D1B00C3668E /* Icon-Small@3x.png */ = {isa = PBXFileReference; lastKnownFileType = image.png; path = "Icon-Small@3x.png"; sourceTree = "<group>"; };
		E6DCF9AE1C9B8D4800C3668E /* Icon-24@2x.png */ = {isa = PBXFileReference; lastKnownFileType = image.png; path = "Icon-24@2x.png"; sourceTree = "<group>"; };
		E6DCF9AF1C9B8D4800C3668E /* Icon-27.5@2x.png */ = {isa = PBXFileReference; lastKnownFileType = image.png; path = "Icon-27.5@2x.png"; sourceTree = "<group>"; };
		E6DCF9B01C9B8D4800C3668E /* Icon-29@2x.png */ = {isa = PBXFileReference; lastKnownFileType = image.png; path = "Icon-29@2x.png"; sourceTree = "<group>"; };
		E6DCF9B11C9B8D4800C3668E /* Icon-29@3x.png */ = {isa = PBXFileReference; lastKnownFileType = image.png; path = "Icon-29@3x.png"; sourceTree = "<group>"; };
		E6DCF9B21C9B8D4800C3668E /* Icon-40@2x.png */ = {isa = PBXFileReference; lastKnownFileType = image.png; path = "Icon-40@2x.png"; sourceTree = "<group>"; };
		E6DCF9B31C9B8D4800C3668E /* Icon-44@2x.png */ = {isa = PBXFileReference; lastKnownFileType = image.png; path = "Icon-44@2x.png"; sourceTree = "<group>"; };
		E6DCF9B41C9B8D4800C3668E /* Icon-86@2x.png */ = {isa = PBXFileReference; lastKnownFileType = image.png; path = "Icon-86@2x.png"; sourceTree = "<group>"; };
		E6DCF9B51C9B8D4800C3668E /* Icon-98@2x.png */ = {isa = PBXFileReference; lastKnownFileType = image.png; path = "Icon-98@2x.png"; sourceTree = "<group>"; };
		E6DCF9BE1C9B8D5B00C3668E /* Icon-76.png */ = {isa = PBXFileReference; lastKnownFileType = image.png; path = "Icon-76.png"; sourceTree = "<group>"; };
		E6DCF9BF1C9B8D5B00C3668E /* Icon-76@2x.png */ = {isa = PBXFileReference; lastKnownFileType = image.png; path = "Icon-76@2x.png"; sourceTree = "<group>"; };
		E6DCF9C01C9B8D5B00C3668E /* Icon-83.5@2x.png */ = {isa = PBXFileReference; lastKnownFileType = image.png; path = "Icon-83.5@2x.png"; sourceTree = "<group>"; };
		E6FD27BE1CBDB3A400DA4D66 /* Done_total_set.mp3 */ = {isa = PBXFileReference; lastKnownFileType = audio.mp3; name = Done_total_set.mp3; path = SoundEffects/Done_total_set.mp3; sourceTree = "<group>"; };
		E6FD27BF1CBDB3A400DA4D66 /* Done.mp3 */ = {isa = PBXFileReference; lastKnownFileType = audio.mp3; name = Done.mp3; path = SoundEffects/Done.mp3; sourceTree = "<group>"; };
/* End PBXFileReference section */

/* Begin PBXFrameworksBuildPhase section */
		E6AD9D821C4C5F28004F6437 /* Frameworks */ = {
			isa = PBXFrameworksBuildPhase;
			buildActionMask = 2147483647;
			files = (
				4F41F0D14FD0B49AF7D0984C /* Pods.framework in Frameworks */,
			);
			runOnlyForDeploymentPostprocessing = 0;
		};
		E6AD9D981C4C5F28004F6437 /* Frameworks */ = {
			isa = PBXFrameworksBuildPhase;
			buildActionMask = 2147483647;
			files = (
			);
			runOnlyForDeploymentPostprocessing = 0;
		};
		E6AD9DA31C4C5F28004F6437 /* Frameworks */ = {
			isa = PBXFrameworksBuildPhase;
			buildActionMask = 2147483647;
			files = (
			);
			runOnlyForDeploymentPostprocessing = 0;
		};
/* End PBXFrameworksBuildPhase section */

/* Begin PBXGroup section */
		051F4C3B1C9C008A004EA632 /* ViewControllers */ = {
			isa = PBXGroup;
			children = (
				E6AD9D8A1C4C5F28004F6437 /* TimerViewController.swift */,
				E6AD9D8C1C4C5F28004F6437 /* RecordViewController.swift */,
				05083F9E1C4CE0A60008DD95 /* TimeSetupViewController.swift */,
				E62AB48F1C55A55500EB15BC /* MainInterfaceViewController.swift */,
				053D94281C9C2F94002ADA4E /* PersonalInformation.swift */,
				05C36D201CE61A880035927C /* ProfileViewController.swift */,
				054B910D1CE6244000851D0E /* AnalysisViewController.swift */,
			);
			name = ViewControllers;
			sourceTree = "<group>";
		};
		056D64541CB4FBA20057DC49 /* SoundEffects */ = {
			isa = PBXGroup;
			children = (
				E6FD27BE1CBDB3A400DA4D66 /* Done_total_set.mp3 */,
				E6FD27BF1CBDB3A400DA4D66 /* Done.mp3 */,
			);
			name = SoundEffects;
			sourceTree = "<group>";
		};
		05D07F051CD41D6600449341 /* Model */ = {
			isa = PBXGroup;
			children = (
				6B982C4A1CE85BCA00DC7499 /* DatabaseHelper.swift */,
				056C9FAD1CE6052300CFCDDA /* ScrollPager.swift */,
				05D07F061CD41D9700449341 /* Exercise.swift */,
				E6A1694E1CE448E400A79E20 /* RoundButton.swift */,
				05C36D1E1CE615BC0035927C /* RoundImage.swift */,
				057946BA1CE6E9350051A501 /* ColorCode.swift */,
				0505443B1CE873600034F3B2 /* Person.swift */,
			);
			name = Model;
			sourceTree = "<group>";
		};
		9362B02994748E37E71F65CE /* Frameworks */ = {
			isa = PBXGroup;
			children = (
				5EF9819A6B2B4D25EAAD9811 /* Pods.framework */,
			);
			name = Frameworks;
			sourceTree = "<group>";
		};
		9B921BC1281139B845A38F52 /* Pods */ = {
			isa = PBXGroup;
			children = (
				1C1FE039C8DF3A2B0CC8777C /* Pods.debug.xcconfig */,
				BDD20A506A8263EBEB7D8078 /* Pods.release.xcconfig */,
			);
			name = Pods;
			sourceTree = "<group>";
		};
		E63130F01C9BA51200C8E5AC /* View */ = {
			isa = PBXGroup;
			children = (
				E6A169511CE448F700A79E20 /* TableCell.swift */,
				E6A1694B1CE448D400A79E20 /* RecordInfoCell.swift */,
			);
			name = View;
			path = ..;
			sourceTree = "<group>";
		};
		E6A9C96F1CE58DF200B2A231 /* Video */ = {
			isa = PBXGroup;
			children = (
				E6A9C9701CE58DF200B2A231 /* background.mov */,
			);
			path = Video;
			sourceTree = "<group>";
		};
		E6AD9D7C1C4C5F28004F6437 = {
			isa = PBXGroup;
			children = (
				056D64541CB4FBA20057DC49 /* SoundEffects */,
				E6D0A0DA1C4C6B2200F43DB5 /* Icon */,
				E6D0A0D71C4C687900F43DB5 /* Images */,
				E6AD9D871C4C5F28004F6437 /* GymWorkoutManager */,
				E6AD9D9E1C4C5F28004F6437 /* GymWorkoutManagerTests */,
				E6AD9DA91C4C5F28004F6437 /* GymWorkoutManagerUITests */,
				E6AD9D861C4C5F28004F6437 /* Products */,
				9B921BC1281139B845A38F52 /* Pods */,
				9362B02994748E37E71F65CE /* Frameworks */,
			);
			sourceTree = "<group>";
		};
		E6AD9D861C4C5F28004F6437 /* Products */ = {
			isa = PBXGroup;
			children = (
				E6AD9D851C4C5F28004F6437 /* GymWorkoutManager.app */,
				E6AD9D9B1C4C5F28004F6437 /* GymWorkoutManagerTests.xctest */,
				E6AD9DA61C4C5F28004F6437 /* GymWorkoutManagerUITests.xctest */,
			);
			name = Products;
			sourceTree = "<group>";
		};
		E6AD9D871C4C5F28004F6437 /* GymWorkoutManager */ = {
			isa = PBXGroup;
			children = (
				05D07F051CD41D6600449341 /* Model */,
				E63130F01C9BA51200C8E5AC /* View */,
				051F4C3B1C9C008A004EA632 /* ViewControllers */,
				E6AD9D8E1C4C5F28004F6437 /* Main.storyboard */,
				E6AD9D881C4C5F28004F6437 /* AppDelegate.swift */,
				E6AD9D911C4C5F28004F6437 /* Assets.xcassets */,
				E6AD9D931C4C5F28004F6437 /* LaunchScreen.storyboard */,
				E62583481CE2FBB6007C6323 /* Podfile */,
				E6AD9D961C4C5F28004F6437 /* Info.plist */,
			);
			path = GymWorkoutManager;
			sourceTree = "<group>";
		};
		E6AD9D9E1C4C5F28004F6437 /* GymWorkoutManagerTests */ = {
			isa = PBXGroup;
			children = (
				E6AD9D9F1C4C5F28004F6437 /* GymWorkoutManagerTests.swift */,
				E6AD9DA11C4C5F28004F6437 /* Info.plist */,
			);
			path = GymWorkoutManagerTests;
			sourceTree = "<group>";
		};
		E6AD9DA91C4C5F28004F6437 /* GymWorkoutManagerUITests */ = {
			isa = PBXGroup;
			children = (
				E6AD9DAA1C4C5F28004F6437 /* GymWorkoutManagerUITests.swift */,
				E6AD9DAC1C4C5F28004F6437 /* Info.plist */,
			);
			path = GymWorkoutManagerUITests;
			sourceTree = "<group>";
		};
		E6D0A0D71C4C687900F43DB5 /* Images */ = {
			isa = PBXGroup;
			children = (
				057946BE1CE74E790051A501 /* profileHeader.png */,
				E6A9C9721CE58E0A00B2A231 /* 1463130943_heart.png */,
				E6A9C9731CE58E0A00B2A231 /* 1463131024_notes.png */,
				E6A9C9741CE58E0A00B2A231 /* 1463131047_organizer.png */,
				E6A9C9751CE58E0A00B2A231 /* 1463131048_dumbbell.png */,
				E6A9C9761CE58E0A00B2A231 /* 1463131051_date.png */,
				E6A9C9771CE58E0A00B2A231 /* 1463131052_scale.png */,
				E6A9C9781CE58E0A00B2A231 /* 1463131053_capsules.png */,
				E6A9C9791CE58E0A00B2A231 /* 1463131058_headphones.png */,
				E6A9C97A1CE58E0A00B2A231 /* 1463131060_medicine.png */,
				E6A9C97B1CE58E0A00B2A231 /* 1463131060_pages.png */,
				E6A9C97C1CE58E0A00B2A231 /* 1463131061_plastic.png */,
				E6A9C97D1CE58E0A00B2A231 /* 1463131063_stopwatch.png */,
				E6A9C97E1CE58E0A00B2A231 /* 1463131064_medal.png */,
				E6A9C97F1CE58E0A00B2A231 /* 1463131065_weight.png */,
				E6A9C9801CE58E0A00B2A231 /* 1463131068_basketball.png */,
				E6A9C9811CE58E0A00B2A231 /* 1463131070_bottle.png */,
				E6A9C9821CE58E0A00B2A231 /* 1463131071_muscle.png */,
				E6A9C9831CE58E0A00B2A231 /* 1463131074_stopwatch.png */,
				E6A9C9841CE58E0A00B2A231 /* 1463131075_plastic.png */,
				E6A9C9851CE58E0A00B2A231 /* 1463131076_calendar.png */,
				E6A9C9861CE58E0A00B2A231 /* 1463131077_applewatch.png */,
				E6A9C9871CE58E0A00B2A231 /* 1463131078_centimeter.png */,
				E6A9C9881CE58E0A00B2A231 /* 1463131078_shake.png */,
				E6A9C9891CE58E0A00B2A231 /* 1463131081_pages.png */,
				E6A9C98A1CE58E0A00B2A231 /* 1463131084_headphones.png */,
				E6A9C98B1CE58E0A00B2A231 /* 1463131085_medicine.png */,
				E6A9C98C1CE58E0A00B2A231 /* 1463131086_dumbbells.png */,
				E6A9C98D1CE58E0A00B2A231 /* 1463131087_whistle.png */,
				E6A9C98E1CE58E0A00B2A231 /* 1463131088_ipod.png */,
				E6A9C98F1CE58E0A00B2A231 /* 1463131089_whatch.png */,
				E6A9C9901CE58E0A00B2A231 /* 1463131091_iwatch.png */,
				E6A9C9911CE58E0A00B2A231 /* 1463131092_mixer.png */,
				E6A9C96F1CE58DF200B2A231 /* Video */,
			);
			path = Images;
			sourceTree = "<group>";
		};
		E6D0A0DA1C4C6B2200F43DB5 /* Icon */ = {
			isa = PBXGroup;
			children = (
				056C9FB11CE610D500CFCDDA /* 1463164826_centimeter.png */,
				056C9FAF1CE6108A00CFCDDA /* 1463164731_scale.png */,
				E6D0A0E71C4C6B2200F43DB5 /* iPhone */,
				E6D0A0F11C4C6B2200F43DB5 /* iWatch */,
			);
			path = Icon;
			sourceTree = "<group>";
		};
		E6D0A0E71C4C6B2200F43DB5 /* iPhone */ = {
			isa = PBXGroup;
			children = (
				E6DCF9AA1C9B8D1B00C3668E /* Icon-Small@2x.png */,
				E6DCF9AB1C9B8D1B00C3668E /* Icon-Small@3x.png */,
				E6DCF9A21C9B8D1100C3668E /* Icon-40@2x.png */,
				E6DCF9A31C9B8D1100C3668E /* Icon-40@3x.png */,
				E6DCF9A41C9B8D1100C3668E /* Icon-60@2x.png */,
				E6DCF9A51C9B8D1100C3668E /* Icon-60@3x.png */,
				E6DCF9BE1C9B8D5B00C3668E /* Icon-76.png */,
				E6DCF9BF1C9B8D5B00C3668E /* Icon-76@2x.png */,
				E6DCF9C01C9B8D5B00C3668E /* Icon-83.5@2x.png */,
			);
			path = iPhone;
			sourceTree = "<group>";
		};
		E6D0A0F11C4C6B2200F43DB5 /* iWatch */ = {
			isa = PBXGroup;
			children = (
				E6DCF9AE1C9B8D4800C3668E /* Icon-24@2x.png */,
				E6DCF9AF1C9B8D4800C3668E /* Icon-27.5@2x.png */,
				E6DCF9B01C9B8D4800C3668E /* Icon-29@2x.png */,
				E6DCF9B11C9B8D4800C3668E /* Icon-29@3x.png */,
				E6DCF9B21C9B8D4800C3668E /* Icon-40@2x.png */,
				E6DCF9B31C9B8D4800C3668E /* Icon-44@2x.png */,
				E6DCF9B41C9B8D4800C3668E /* Icon-86@2x.png */,
				E6DCF9B51C9B8D4800C3668E /* Icon-98@2x.png */,
			);
			path = iWatch;
			sourceTree = "<group>";
		};
/* End PBXGroup section */

/* Begin PBXNativeTarget section */
		E6AD9D841C4C5F28004F6437 /* GymWorkoutManager */ = {
			isa = PBXNativeTarget;
			buildConfigurationList = E6AD9DAF1C4C5F28004F6437 /* Build configuration list for PBXNativeTarget "GymWorkoutManager" */;
			buildPhases = (
				CC42F73BF56CE0EFD0D07C0B /* Check Pods Manifest.lock */,
				E6AD9D811C4C5F28004F6437 /* Sources */,
				E6AD9D821C4C5F28004F6437 /* Frameworks */,
				E6AD9D831C4C5F28004F6437 /* Resources */,
				B8ED3253B87A7228B9205783 /* Embed Pods Frameworks */,
				B3F3A52207839CBA4F9BE153 /* Copy Pods Resources */,
			);
			buildRules = (
			);
			dependencies = (
			);
			name = GymWorkoutManager;
			productName = GymWorkoutManager;
			productReference = E6AD9D851C4C5F28004F6437 /* GymWorkoutManager.app */;
			productType = "com.apple.product-type.application";
		};
		E6AD9D9A1C4C5F28004F6437 /* GymWorkoutManagerTests */ = {
			isa = PBXNativeTarget;
			buildConfigurationList = E6AD9DB21C4C5F28004F6437 /* Build configuration list for PBXNativeTarget "GymWorkoutManagerTests" */;
			buildPhases = (
				E6AD9D971C4C5F28004F6437 /* Sources */,
				E6AD9D981C4C5F28004F6437 /* Frameworks */,
				E6AD9D991C4C5F28004F6437 /* Resources */,
			);
			buildRules = (
			);
			dependencies = (
				E6AD9D9D1C4C5F28004F6437 /* PBXTargetDependency */,
			);
			name = GymWorkoutManagerTests;
			productName = GymWorkoutManagerTests;
			productReference = E6AD9D9B1C4C5F28004F6437 /* GymWorkoutManagerTests.xctest */;
			productType = "com.apple.product-type.bundle.unit-test";
		};
		E6AD9DA51C4C5F28004F6437 /* GymWorkoutManagerUITests */ = {
			isa = PBXNativeTarget;
			buildConfigurationList = E6AD9DB51C4C5F28004F6437 /* Build configuration list for PBXNativeTarget "GymWorkoutManagerUITests" */;
			buildPhases = (
				E6AD9DA21C4C5F28004F6437 /* Sources */,
				E6AD9DA31C4C5F28004F6437 /* Frameworks */,
				E6AD9DA41C4C5F28004F6437 /* Resources */,
			);
			buildRules = (
			);
			dependencies = (
				E6AD9DA81C4C5F28004F6437 /* PBXTargetDependency */,
			);
			name = GymWorkoutManagerUITests;
			productName = GymWorkoutManagerUITests;
			productReference = E6AD9DA61C4C5F28004F6437 /* GymWorkoutManagerUITests.xctest */;
			productType = "com.apple.product-type.bundle.ui-testing";
		};
/* End PBXNativeTarget section */

/* Begin PBXProject section */
		E6AD9D7D1C4C5F28004F6437 /* Project object */ = {
			isa = PBXProject;
			attributes = {
				LastSwiftUpdateCheck = 0720;
				LastUpgradeCheck = 0720;
				ORGANIZATIONNAME = McKay;
				TargetAttributes = {
					E6AD9D841C4C5F28004F6437 = {
						CreatedOnToolsVersion = 7.2;
						DevelopmentTeam = 8436A3G9R2;
					};
					E6AD9D9A1C4C5F28004F6437 = {
						CreatedOnToolsVersion = 7.2;
						TestTargetID = E6AD9D841C4C5F28004F6437;
					};
					E6AD9DA51C4C5F28004F6437 = {
						CreatedOnToolsVersion = 7.2;
						TestTargetID = E6AD9D841C4C5F28004F6437;
					};
				};
			};
			buildConfigurationList = E6AD9D801C4C5F28004F6437 /* Build configuration list for PBXProject "GymWorkoutManager" */;
			compatibilityVersion = "Xcode 3.2";
			developmentRegion = English;
			hasScannedForEncodings = 0;
			knownRegions = (
				en,
				Base,
			);
			mainGroup = E6AD9D7C1C4C5F28004F6437;
			productRefGroup = E6AD9D861C4C5F28004F6437 /* Products */;
			projectDirPath = "";
			projectRoot = "";
			targets = (
				E6AD9D841C4C5F28004F6437 /* GymWorkoutManager */,
				E6AD9D9A1C4C5F28004F6437 /* GymWorkoutManagerTests */,
				E6AD9DA51C4C5F28004F6437 /* GymWorkoutManagerUITests */,
			);
		};
/* End PBXProject section */

/* Begin PBXResourcesBuildPhase section */
		E6AD9D831C4C5F28004F6437 /* Resources */ = {
			isa = PBXResourcesBuildPhase;
			buildActionMask = 2147483647;
			files = (
				E6A9C9961CE58E0A00B2A231 /* 1463131051_date.png in Resources */,
				E6A9C9941CE58E0A00B2A231 /* 1463131047_organizer.png in Resources */,
				056C9FB21CE610D500CFCDDA /* 1463164826_centimeter.png in Resources */,
				E6AD9D951C4C5F28004F6437 /* LaunchScreen.storyboard in Resources */,
				E6A9C9A81CE58E0A00B2A231 /* 1463131078_shake.png in Resources */,
				E6DCF9C31C9B8D5B00C3668E /* Icon-83.5@2x.png in Resources */,
				E6DCF9A61C9B8D1100C3668E /* Icon-40@2x.png in Resources */,
				E6A9C9A31CE58E0A00B2A231 /* 1463131074_stopwatch.png in Resources */,
				E6A9C9921CE58E0A00B2A231 /* 1463130943_heart.png in Resources */,
				E6A9C9AA1CE58E0A00B2A231 /* 1463131084_headphones.png in Resources */,
				E6DCF9C21C9B8D5B00C3668E /* Icon-76@2x.png in Resources */,
				E6A9C9A21CE58E0A00B2A231 /* 1463131071_muscle.png in Resources */,
				E6DCF9B71C9B8D4800C3668E /* Icon-27.5@2x.png in Resources */,
				E6AD9D921C4C5F28004F6437 /* Assets.xcassets in Resources */,
				E6A9C9AE1CE58E0A00B2A231 /* 1463131088_ipod.png in Resources */,
				E6A9C9A51CE58E0A00B2A231 /* 1463131076_calendar.png in Resources */,
				E6A9C9AD1CE58E0A00B2A231 /* 1463131087_whistle.png in Resources */,
				E6A9C9A61CE58E0A00B2A231 /* 1463131077_applewatch.png in Resources */,
				E6A9C9B11CE58E0A00B2A231 /* 1463131092_mixer.png in Resources */,
				E6DCF9B81C9B8D4800C3668E /* Icon-29@2x.png in Resources */,
				E6A9C9991CE58E0A00B2A231 /* 1463131058_headphones.png in Resources */,
				E6A9C9A11CE58E0A00B2A231 /* 1463131070_bottle.png in Resources */,
				E6A9C9A41CE58E0A00B2A231 /* 1463131075_plastic.png in Resources */,
				E6DCF9BB1C9B8D4800C3668E /* Icon-44@2x.png in Resources */,
				E6DCF9B61C9B8D4800C3668E /* Icon-24@2x.png in Resources */,
				E6A9C99A1CE58E0A00B2A231 /* 1463131060_medicine.png in Resources */,
				E6A9C9A01CE58E0A00B2A231 /* 1463131068_basketball.png in Resources */,
				E6A9C9931CE58E0A00B2A231 /* 1463131024_notes.png in Resources */,
				E6A9C9B01CE58E0A00B2A231 /* 1463131091_iwatch.png in Resources */,
				E6DCF9BD1C9B8D4800C3668E /* Icon-98@2x.png in Resources */,
				E6DCF9B91C9B8D4800C3668E /* Icon-29@3x.png in Resources */,
				E6A9C99F1CE58E0A00B2A231 /* 1463131065_weight.png in Resources */,
				E6A9C99E1CE58E0A00B2A231 /* 1463131064_medal.png in Resources */,
				E6A9C99B1CE58E0A00B2A231 /* 1463131060_pages.png in Resources */,
				E6DCF9AD1C9B8D1B00C3668E /* Icon-Small@3x.png in Resources */,
				E6A9C99D1CE58E0A00B2A231 /* 1463131063_stopwatch.png in Resources */,
				E6FD27C11CBDB3A400DA4D66 /* Done.mp3 in Resources */,
				E6FD27C01CBDB3A400DA4D66 /* Done_total_set.mp3 in Resources */,
				057946BF1CE74E790051A501 /* profileHeader.png in Resources */,
				E6A9C99C1CE58E0A00B2A231 /* 1463131061_plastic.png in Resources */,
				E6A9C9971CE58E0A00B2A231 /* 1463131052_scale.png in Resources */,
				E6A9C9A91CE58E0A00B2A231 /* 1463131081_pages.png in Resources */,
				E6A9C9AC1CE58E0A00B2A231 /* 1463131086_dumbbells.png in Resources */,
				E6A9C9711CE58DF200B2A231 /* background.mov in Resources */,
				E6AD9D901C4C5F28004F6437 /* Main.storyboard in Resources */,
				E6A9C9981CE58E0A00B2A231 /* 1463131053_capsules.png in Resources */,
				E6DCF9A91C9B8D1100C3668E /* Icon-60@3x.png in Resources */,
				E6DCF9AC1C9B8D1B00C3668E /* Icon-Small@2x.png in Resources */,
				E62583491CE2FBB6007C6323 /* Podfile in Resources */,
				056C9FB01CE6108A00CFCDDA /* 1463164731_scale.png in Resources */,
				E6DCF9BA1C9B8D4800C3668E /* Icon-40@2x.png in Resources */,
				E6DCF9A71C9B8D1100C3668E /* Icon-40@3x.png in Resources */,
				E6DCF9A81C9B8D1100C3668E /* Icon-60@2x.png in Resources */,
				E6A9C9AB1CE58E0A00B2A231 /* 1463131085_medicine.png in Resources */,
				E6DCF9BC1C9B8D4800C3668E /* Icon-86@2x.png in Resources */,
				E6A9C9AF1CE58E0A00B2A231 /* 1463131089_whatch.png in Resources */,
				E6DCF9C11C9B8D5B00C3668E /* Icon-76.png in Resources */,
				E6A9C9951CE58E0A00B2A231 /* 1463131048_dumbbell.png in Resources */,
				E6A9C9A71CE58E0A00B2A231 /* 1463131078_centimeter.png in Resources */,
			);
			runOnlyForDeploymentPostprocessing = 0;
		};
		E6AD9D991C4C5F28004F6437 /* Resources */ = {
			isa = PBXResourcesBuildPhase;
			buildActionMask = 2147483647;
			files = (
			);
			runOnlyForDeploymentPostprocessing = 0;
		};
		E6AD9DA41C4C5F28004F6437 /* Resources */ = {
			isa = PBXResourcesBuildPhase;
			buildActionMask = 2147483647;
			files = (
			);
			runOnlyForDeploymentPostprocessing = 0;
		};
/* End PBXResourcesBuildPhase section */

/* Begin PBXShellScriptBuildPhase section */
		B3F3A52207839CBA4F9BE153 /* Copy Pods Resources */ = {
			isa = PBXShellScriptBuildPhase;
			buildActionMask = 2147483647;
			files = (
			);
			inputPaths = (
			);
			name = "Copy Pods Resources";
			outputPaths = (
			);
			runOnlyForDeploymentPostprocessing = 0;
			shellPath = /bin/sh;
			shellScript = "\"${SRCROOT}/Pods/Target Support Files/Pods/Pods-resources.sh\"\n";
			showEnvVarsInLog = 0;
		};
		B8ED3253B87A7228B9205783 /* Embed Pods Frameworks */ = {
			isa = PBXShellScriptBuildPhase;
			buildActionMask = 2147483647;
			files = (
			);
			inputPaths = (
			);
			name = "Embed Pods Frameworks";
			outputPaths = (
			);
			runOnlyForDeploymentPostprocessing = 0;
			shellPath = /bin/sh;
			shellScript = "\"${SRCROOT}/Pods/Target Support Files/Pods/Pods-frameworks.sh\"\n";
			showEnvVarsInLog = 0;
		};
		CC42F73BF56CE0EFD0D07C0B /* Check Pods Manifest.lock */ = {
			isa = PBXShellScriptBuildPhase;
			buildActionMask = 2147483647;
			files = (
			);
			inputPaths = (
			);
			name = "Check Pods Manifest.lock";
			outputPaths = (
			);
			runOnlyForDeploymentPostprocessing = 0;
			shellPath = /bin/sh;
			shellScript = "diff \"${PODS_ROOT}/../Podfile.lock\" \"${PODS_ROOT}/Manifest.lock\" > /dev/null\nif [[ $? != 0 ]] ; then\n    cat << EOM\nerror: The sandbox is not in sync with the Podfile.lock. Run 'pod install' or update your CocoaPods installation.\nEOM\n    exit 1\nfi\n";
			showEnvVarsInLog = 0;
		};
/* End PBXShellScriptBuildPhase section */

/* Begin PBXSourcesBuildPhase section */
		E6AD9D811C4C5F28004F6437 /* Sources */ = {
			isa = PBXSourcesBuildPhase;
			buildActionMask = 2147483647;
			files = (
				E6A169501CE448E400A79E20 /* RoundButton.swift in Sources */,
				E6A1694C1CE448D400A79E20 /* RecordInfoCell.swift in Sources */,
				E6AD9D8D1C4C5F28004F6437 /* RecordViewController.swift in Sources */,
				E6AD9D891C4C5F28004F6437 /* AppDelegate.swift in Sources */,
				E62AB4901C55A55500EB15BC /* MainInterfaceViewController.swift in Sources */,
				E6AD9D8B1C4C5F28004F6437 /* TimerViewController.swift in Sources */,
				0505443C1CE873600034F3B2 /* Person.swift in Sources */,
				056C9FAE1CE6052300CFCDDA /* ScrollPager.swift in Sources */,
				E6A169521CE448F700A79E20 /* TableCell.swift in Sources */,
				05083F9F1C4CE0A60008DD95 /* TimeSetupViewController.swift in Sources */,
				05D07F071CD41D9700449341 /* Exercise.swift in Sources */,
				057946BB1CE6E9350051A501 /* ColorCode.swift in Sources */,
				054B910E1CE6244000851D0E /* AnalysisViewController.swift in Sources */,
				05C36D211CE61A880035927C /* ProfileViewController.swift in Sources */,
				05C36D1F1CE615BC0035927C /* RoundImage.swift in Sources */,
				053D94291C9C2F94002ADA4E /* PersonalInformation.swift in Sources */,
				6B982C4B1CE85BCA00DC7499 /* DatabaseHelper.swift in Sources */,
			);
			runOnlyForDeploymentPostprocessing = 0;
		};
		E6AD9D971C4C5F28004F6437 /* Sources */ = {
			isa = PBXSourcesBuildPhase;
			buildActionMask = 2147483647;
			files = (
				E6AD9DA01C4C5F28004F6437 /* GymWorkoutManagerTests.swift in Sources */,
			);
			runOnlyForDeploymentPostprocessing = 0;
		};
		E6AD9DA21C4C5F28004F6437 /* Sources */ = {
			isa = PBXSourcesBuildPhase;
			buildActionMask = 2147483647;
			files = (
				E6AD9DAB1C4C5F28004F6437 /* GymWorkoutManagerUITests.swift in Sources */,
			);
			runOnlyForDeploymentPostprocessing = 0;
		};
/* End PBXSourcesBuildPhase section */

/* Begin PBXTargetDependency section */
		E6AD9D9D1C4C5F28004F6437 /* PBXTargetDependency */ = {
			isa = PBXTargetDependency;
			target = E6AD9D841C4C5F28004F6437 /* GymWorkoutManager */;
			targetProxy = E6AD9D9C1C4C5F28004F6437 /* PBXContainerItemProxy */;
		};
		E6AD9DA81C4C5F28004F6437 /* PBXTargetDependency */ = {
			isa = PBXTargetDependency;
			target = E6AD9D841C4C5F28004F6437 /* GymWorkoutManager */;
			targetProxy = E6AD9DA71C4C5F28004F6437 /* PBXContainerItemProxy */;
		};
/* End PBXTargetDependency section */

/* Begin PBXVariantGroup section */
		E6AD9D8E1C4C5F28004F6437 /* Main.storyboard */ = {
			isa = PBXVariantGroup;
			children = (
				E6AD9D8F1C4C5F28004F6437 /* Base */,
			);
			name = Main.storyboard;
			sourceTree = "<group>";
		};
		E6AD9D931C4C5F28004F6437 /* LaunchScreen.storyboard */ = {
			isa = PBXVariantGroup;
			children = (
				E6AD9D941C4C5F28004F6437 /* Base */,
			);
			name = LaunchScreen.storyboard;
			sourceTree = "<group>";
		};
/* End PBXVariantGroup section */

/* Begin XCBuildConfiguration section */
		E6AD9DAD1C4C5F28004F6437 /* Debug */ = {
			isa = XCBuildConfiguration;
			buildSettings = {
				ALWAYS_SEARCH_USER_PATHS = NO;
				CLANG_CXX_LANGUAGE_STANDARD = "gnu++0x";
				CLANG_CXX_LIBRARY = "libc++";
				CLANG_ENABLE_MODULES = YES;
				CLANG_ENABLE_OBJC_ARC = YES;
				CLANG_WARN_BOOL_CONVERSION = YES;
				CLANG_WARN_CONSTANT_CONVERSION = YES;
				CLANG_WARN_DIRECT_OBJC_ISA_USAGE = YES_ERROR;
				CLANG_WARN_EMPTY_BODY = YES;
				CLANG_WARN_ENUM_CONVERSION = YES;
				CLANG_WARN_INT_CONVERSION = YES;
				CLANG_WARN_OBJC_ROOT_CLASS = YES_ERROR;
				CLANG_WARN_UNREACHABLE_CODE = YES;
				CLANG_WARN__DUPLICATE_METHOD_MATCH = YES;
				"CODE_SIGN_IDENTITY[sdk=iphoneos*]" = "iPhone Developer";
				COPY_PHASE_STRIP = NO;
				DEBUG_INFORMATION_FORMAT = dwarf;
				ENABLE_BITCODE = NO;
				ENABLE_STRICT_OBJC_MSGSEND = YES;
				ENABLE_TESTABILITY = YES;
				GCC_C_LANGUAGE_STANDARD = gnu99;
				GCC_DYNAMIC_NO_PIC = NO;
				GCC_NO_COMMON_BLOCKS = YES;
				GCC_OPTIMIZATION_LEVEL = 0;
				GCC_PREPROCESSOR_DEFINITIONS = (
					"DEBUG=1",
					"$(inherited)",
				);
				GCC_WARN_64_TO_32_BIT_CONVERSION = YES;
				GCC_WARN_ABOUT_RETURN_TYPE = YES_ERROR;
				GCC_WARN_UNDECLARED_SELECTOR = YES;
				GCC_WARN_UNINITIALIZED_AUTOS = YES_AGGRESSIVE;
				GCC_WARN_UNUSED_FUNCTION = YES;
				GCC_WARN_UNUSED_VARIABLE = YES;
				IPHONEOS_DEPLOYMENT_TARGET = 9.2;
				MTL_ENABLE_DEBUG_INFO = YES;
				ONLY_ACTIVE_ARCH = YES;
				SDKROOT = iphoneos;
				SWIFT_OPTIMIZATION_LEVEL = "-Onone";
			};
			name = Debug;
		};
		E6AD9DAE1C4C5F28004F6437 /* Release */ = {
			isa = XCBuildConfiguration;
			buildSettings = {
				ALWAYS_SEARCH_USER_PATHS = NO;
				CLANG_CXX_LANGUAGE_STANDARD = "gnu++0x";
				CLANG_CXX_LIBRARY = "libc++";
				CLANG_ENABLE_MODULES = YES;
				CLANG_ENABLE_OBJC_ARC = YES;
				CLANG_WARN_BOOL_CONVERSION = YES;
				CLANG_WARN_CONSTANT_CONVERSION = YES;
				CLANG_WARN_DIRECT_OBJC_ISA_USAGE = YES_ERROR;
				CLANG_WARN_EMPTY_BODY = YES;
				CLANG_WARN_ENUM_CONVERSION = YES;
				CLANG_WARN_INT_CONVERSION = YES;
				CLANG_WARN_OBJC_ROOT_CLASS = YES_ERROR;
				CLANG_WARN_UNREACHABLE_CODE = YES;
				CLANG_WARN__DUPLICATE_METHOD_MATCH = YES;
				"CODE_SIGN_IDENTITY[sdk=iphoneos*]" = "iPhone Developer";
				COPY_PHASE_STRIP = NO;
				DEBUG_INFORMATION_FORMAT = "dwarf-with-dsym";
				ENABLE_BITCODE = NO;
				ENABLE_NS_ASSERTIONS = NO;
				ENABLE_STRICT_OBJC_MSGSEND = YES;
				GCC_C_LANGUAGE_STANDARD = gnu99;
				GCC_NO_COMMON_BLOCKS = YES;
				GCC_WARN_64_TO_32_BIT_CONVERSION = YES;
				GCC_WARN_ABOUT_RETURN_TYPE = YES_ERROR;
				GCC_WARN_UNDECLARED_SELECTOR = YES;
				GCC_WARN_UNINITIALIZED_AUTOS = YES_AGGRESSIVE;
				GCC_WARN_UNUSED_FUNCTION = YES;
				GCC_WARN_UNUSED_VARIABLE = YES;
				IPHONEOS_DEPLOYMENT_TARGET = 9.2;
				MTL_ENABLE_DEBUG_INFO = NO;
				SDKROOT = iphoneos;
				VALIDATE_PRODUCT = YES;
			};
			name = Release;
		};
		E6AD9DB01C4C5F28004F6437 /* Debug */ = {
			isa = XCBuildConfiguration;
			baseConfigurationReference = 1C1FE039C8DF3A2B0CC8777C /* Pods.debug.xcconfig */;
			buildSettings = {
				ASSETCATALOG_COMPILER_APPICON_NAME = AppIcon;
				CODE_SIGN_IDENTITY = "iPhone Developer";
				EMBED_ASSET_PACKS_IN_PRODUCT_BUNDLE = YES;
				INFOPLIST_FILE = GymWorkoutManager/Info.plist;
				IPHONEOS_DEPLOYMENT_TARGET = 8.1;
				LD_RUNPATH_SEARCH_PATHS = "$(inherited) @executable_path/Frameworks";
				PRODUCT_BUNDLE_IDENTIFIER = "Liguo-Jiao.GymWorkoutManager";
				PRODUCT_NAME = "$(TARGET_NAME)";
				TARGETED_DEVICE_FAMILY = 1;
			};
			name = Debug;
		};
		E6AD9DB11C4C5F28004F6437 /* Release */ = {
			isa = XCBuildConfiguration;
			baseConfigurationReference = BDD20A506A8263EBEB7D8078 /* Pods.release.xcconfig */;
			buildSettings = {
				ASSETCATALOG_COMPILER_APPICON_NAME = AppIcon;
				CODE_SIGN_IDENTITY = "iPhone Developer";
				EMBED_ASSET_PACKS_IN_PRODUCT_BUNDLE = YES;
				INFOPLIST_FILE = GymWorkoutManager/Info.plist;
				IPHONEOS_DEPLOYMENT_TARGET = 8.1;
				LD_RUNPATH_SEARCH_PATHS = "$(inherited) @executable_path/Frameworks";
				PRODUCT_BUNDLE_IDENTIFIER = "Liguo-Jiao.GymWorkoutManager";
				PRODUCT_NAME = "$(TARGET_NAME)";
				TARGETED_DEVICE_FAMILY = 1;
			};
			name = Release;
		};
		E6AD9DB31C4C5F28004F6437 /* Debug */ = {
			isa = XCBuildConfiguration;
			buildSettings = {
				BUNDLE_LOADER = "$(TEST_HOST)";
				INFOPLIST_FILE = GymWorkoutManagerTests/Info.plist;
				LD_RUNPATH_SEARCH_PATHS = "$(inherited) @executable_path/Frameworks @loader_path/Frameworks";
				PRODUCT_BUNDLE_IDENTIFIER = "Liguo-Jiao.GymWorkoutManagerTests";
				PRODUCT_NAME = "$(TARGET_NAME)";
				TEST_HOST = "$(BUILT_PRODUCTS_DIR)/GymWorkoutManager.app/GymWorkoutManager";
			};
			name = Debug;
		};
		E6AD9DB41C4C5F28004F6437 /* Release */ = {
			isa = XCBuildConfiguration;
			buildSettings = {
				BUNDLE_LOADER = "$(TEST_HOST)";
				INFOPLIST_FILE = GymWorkoutManagerTests/Info.plist;
				LD_RUNPATH_SEARCH_PATHS = "$(inherited) @executable_path/Frameworks @loader_path/Frameworks";
				PRODUCT_BUNDLE_IDENTIFIER = "Liguo-Jiao.GymWorkoutManagerTests";
				PRODUCT_NAME = "$(TARGET_NAME)";
				TEST_HOST = "$(BUILT_PRODUCTS_DIR)/GymWorkoutManager.app/GymWorkoutManager";
			};
			name = Release;
		};
		E6AD9DB61C4C5F28004F6437 /* Debug */ = {
			isa = XCBuildConfiguration;
			buildSettings = {
				INFOPLIST_FILE = GymWorkoutManagerUITests/Info.plist;
				LD_RUNPATH_SEARCH_PATHS = "$(inherited) @executable_path/Frameworks @loader_path/Frameworks";
				PRODUCT_BUNDLE_IDENTIFIER = "Liguo-Jiao.GymWorkoutManagerUITests";
				PRODUCT_NAME = "$(TARGET_NAME)";
				TEST_TARGET_NAME = GymWorkoutManager;
				USES_XCTRUNNER = YES;
			};
			name = Debug;
		};
		E6AD9DB71C4C5F28004F6437 /* Release */ = {
			isa = XCBuildConfiguration;
			buildSettings = {
				INFOPLIST_FILE = GymWorkoutManagerUITests/Info.plist;
				LD_RUNPATH_SEARCH_PATHS = "$(inherited) @executable_path/Frameworks @loader_path/Frameworks";
				PRODUCT_BUNDLE_IDENTIFIER = "Liguo-Jiao.GymWorkoutManagerUITests";
				PRODUCT_NAME = "$(TARGET_NAME)";
				TEST_TARGET_NAME = GymWorkoutManager;
				USES_XCTRUNNER = YES;
			};
			name = Release;
		};
/* End XCBuildConfiguration section */

/* Begin XCConfigurationList section */
		E6AD9D801C4C5F28004F6437 /* Build configuration list for PBXProject "GymWorkoutManager" */ = {
			isa = XCConfigurationList;
			buildConfigurations = (
				E6AD9DAD1C4C5F28004F6437 /* Debug */,
				E6AD9DAE1C4C5F28004F6437 /* Release */,
			);
			defaultConfigurationIsVisible = 0;
			defaultConfigurationName = Release;
		};
		E6AD9DAF1C4C5F28004F6437 /* Build configuration list for PBXNativeTarget "GymWorkoutManager" */ = {
			isa = XCConfigurationList;
			buildConfigurations = (
				E6AD9DB01C4C5F28004F6437 /* Debug */,
				E6AD9DB11C4C5F28004F6437 /* Release */,
			);
			defaultConfigurationIsVisible = 0;
			defaultConfigurationName = Release;
		};
		E6AD9DB21C4C5F28004F6437 /* Build configuration list for PBXNativeTarget "GymWorkoutManagerTests" */ = {
			isa = XCConfigurationList;
			buildConfigurations = (
				E6AD9DB31C4C5F28004F6437 /* Debug */,
				E6AD9DB41C4C5F28004F6437 /* Release */,
			);
			defaultConfigurationIsVisible = 0;
			defaultConfigurationName = Release;
		};
		E6AD9DB51C4C5F28004F6437 /* Build configuration list for PBXNativeTarget "GymWorkoutManagerUITests" */ = {
			isa = XCConfigurationList;
			buildConfigurations = (
				E6AD9DB61C4C5F28004F6437 /* Debug */,
				E6AD9DB71C4C5F28004F6437 /* Release */,
			);
			defaultConfigurationIsVisible = 0;
			defaultConfigurationName = Release;
		};
/* End XCConfigurationList section */
	};
	rootObject = E6AD9D7D1C4C5F28004F6437 /* Project object */;
}
